{
  "version": 4,
  "terraform_version": "0.13.4",
  "serial": 369,
  "lineage": "eca6cef0-e411-d6c5-58ee-2245ee3a9f12",
  "outputs": {},
  "resources": [
    {
      "mode": "data",
      "type": "aws_ami",
      "name": "acqa-test-instance1-ami",
      "provider": "provider[\"registry.terraform.io/hashicorp/aws\"]",
      "instances": [
        {
          "schema_version": 0,
          "attributes": {
            "architecture": "x86_64",
            "arn": "arn:aws:ec2:ca-central-1::image/ami-0a20346326d3d1853",
            "block_device_mappings": [
              {
                "device_name": "/dev/sda1",
                "ebs": {
                  "delete_on_termination": "true",
                  "encrypted": "false",
                  "iops": "0",
                  "snapshot_id": "snap-0678077ab62564836",
                  "volume_size": "8",
                  "volume_type": "gp2"
                },
                "no_device": "",
                "virtual_name": ""
              },
              {
                "device_name": "/dev/sdb",
                "ebs": {},
                "no_device": "",
                "virtual_name": "ephemeral0"
              },
              {
                "device_name": "/dev/sdc",
                "ebs": {},
                "no_device": "",
                "virtual_name": "ephemeral1"
              }
            ],
            "creation_date": "2021-01-09T01:45:46.000Z",
            "description": "Canonical, Ubuntu, 20.04 LTS, amd64 focal image build on 2021-01-08",
            "executable_users": null,
            "filter": [
              {
                "name": "name",
                "values": [
                  "ubuntu/images/hvm-ssd/ubuntu-focal-20.04-amd64-server-*"
                ]
              },
              {
                "name": "virtualization-type",
                "values": [
                  "hvm"
                ]
              }
            ],
            "hypervisor": "xen",
            "id": "ami-0a20346326d3d1853",
            "image_id": "ami-0a20346326d3d1853",
            "image_location": "099720109477/ubuntu/images/hvm-ssd/ubuntu-focal-20.04-amd64-server-20210108",
            "image_owner_alias": null,
            "image_type": "machine",
            "kernel_id": null,
            "most_recent": true,
            "name": "ubuntu/images/hvm-ssd/ubuntu-focal-20.04-amd64-server-20210108",
            "name_regex": null,
            "owner_id": "099720109477",
            "owners": [
              "099720109477"
            ],
            "platform": null,
            "product_codes": [],
            "public": true,
            "ramdisk_id": null,
            "root_device_name": "/dev/sda1",
            "root_device_type": "ebs",
            "root_snapshot_id": "snap-0678077ab62564836",
            "sriov_net_support": "simple",
            "state": "available",
            "state_reason": {
              "code": "UNSET",
              "message": "UNSET"
            },
            "tags": {},
            "virtualization_type": "hvm"
          }
        }
      ]
    },
    {
      "mode": "data",
      "type": "aws_canonical_user_id",
      "name": "current_user",
      "provider": "provider[\"registry.terraform.io/hashicorp/aws\"]",
      "instances": [
        {
          "schema_version": 0,
          "attributes": {
            "display_name": "",
            "id": "c95c4facea6981c89948fa05426ece3b7f3d6bf2e02aaeebca36acb3fda02870"
          }
        }
      ]
    },
    {
      "mode": "managed",
      "type": "aws_accessanalyzer_analyzer",
      "name": "acqa-test-iamaccessanalyzer1",
      "provider": "provider[\"registry.terraform.io/hashicorp/aws\"]",
      "instances": [
        {
          "schema_version": 0,
          "attributes": {
            "analyzer_name": "acqa-test-iamaccessanalyzer1",
            "arn": "arn:aws:access-analyzer:ca-central-1:641885301384:analyzer/acqa-test-iamaccessanalyzer1",
            "id": "acqa-test-iamaccessanalyzer1",
            "tags": {
              "ACQAResource": "true",
              "Name": "acqa-test-iamaccessanalyzer1"
            },
            "type": "ACCOUNT"
          },
          "private": "bnVsbA=="
        }
      ]
    },
    {
      "mode": "managed",
      "type": "aws_autoscaling_group",
      "name": "acqa-test-asg1",
      "provider": "provider[\"registry.terraform.io/hashicorp/aws\"]",
      "instances": [
        {
          "schema_version": 0,
          "attributes": {
            "arn": "arn:aws:autoscaling:ca-central-1:641885301384:autoScalingGroup:2622684d-038c-4ba2-b228-3276183a4c89:autoScalingGroupName/acqa-test-asg1",
            "availability_zones": [
              "ca-central-1b",
              "ca-central-1d"
            ],
            "capacity_rebalance": false,
            "default_cooldown": 300,
            "desired_capacity": 1,
            "enabled_metrics": [],
            "force_delete": true,
            "health_check_grace_period": 300,
            "health_check_type": "EC2",
            "id": "acqa-test-asg1",
            "initial_lifecycle_hook": [
              {
                "default_result": "CONTINUE",
                "heartbeat_timeout": 2000,
                "lifecycle_transition": "autoscaling:EC2_INSTANCE_LAUNCHING",
                "name": "aqa-test-asg1-lifecyclehook1",
                "notification_metadata": "{\n  \"foo\": \"bar\"\n}\n",
                "notification_target_arn": "",
                "role_arn": ""
              }
            ],
            "instance_refresh": [],
            "launch_configuration": "acqa-test-launchconfig1",
            "launch_template": [],
            "load_balancers": [],
            "max_instance_lifetime": 0,
            "max_size": 1,
            "metrics_granularity": "1Minute",
            "min_elb_capacity": null,
            "min_size": 1,
            "mixed_instances_policy": [],
            "name": "acqa-test-asg1",
            "name_prefix": null,
            "placement_group": "acqa-test-placementgroup1",
            "protect_from_scale_in": false,
            "service_linked_role_arn": "arn:aws:iam::641885301384:role/aws-service-role/autoscaling.amazonaws.com/AWSServiceRoleForAutoScaling",
            "suspended_processes": [],
            "tag": [
              {
                "key": "ACQAResource",
                "propagate_at_launch": false,
                "value": "true"
              },
              {
                "key": "Name",
                "propagate_at_launch": false,
                "value": "acqa-test-asg1"
              }
            ],
            "tags": null,
            "target_group_arns": [],
            "termination_policies": [],
            "timeouts": {
              "delete": "15m"
            },
            "vpc_zone_identifier": [
              "subnet-01daa2ca4691815de",
              "subnet-0ce523eecbb7f8469"
            ],
            "wait_for_capacity_timeout": "0",
            "wait_for_elb_capacity": null
          },
          "private": "eyJlMmJmYjczMC1lY2FhLTExZTYtOGY4OC0zNDM2M2JjN2M0YzAiOnsiZGVsZXRlIjo5MDAwMDAwMDAwMDB9fQ==",
          "dependencies": [
            "aws_launch_configuration.acqa-test-launchconfig1",
            "aws_placement_group.acqa-test-placementgroup1",
            "aws_subnet.acqa-test-albsubnet1",
            "aws_subnet.acqa-test-albsubnet2"
          ]
        }
      ]
    },
    {
      "mode": "managed",
      "type": "aws_cloudfront_distribution",
      "name": "acqa-test-cloudfront1",
      "provider": "provider[\"registry.terraform.io/hashicorp/aws\"]",
      "instances": [
        {
          "schema_version": 1,
          "attributes": {
            "aliases": [],
            "arn": "arn:aws:cloudfront::641885301384:distribution/E2B1UEUR3FBLEO",
            "caller_reference": "terraform-20201026133043891500000001",
            "comment": "acqa-test-cloudfront1",
            "custom_error_response": [],
            "default_cache_behavior": [
              {
                "allowed_methods": [
                  "DELETE",
                  "GET",
                  "HEAD",
                  "OPTIONS",
                  "PATCH",
                  "POST",
                  "PUT"
                ],
                "cached_methods": [
                  "GET",
                  "HEAD"
                ],
                "compress": false,
                "default_ttl": 3600,
                "field_level_encryption_id": "",
                "forwarded_values": [
                  {
                    "cookies": [
                      {
                        "forward": "none",
                        "whitelisted_names": []
                      }
                    ],
                    "headers": [],
                    "query_string": false,
                    "query_string_cache_keys": []
                  }
                ],
                "lambda_function_association": [],
                "max_ttl": 86400,
                "min_ttl": 0,
                "smooth_streaming": false,
                "target_origin_id": "origin-access-identity/cloudfront/E3JBARJXGVTJIW",
                "trusted_signers": [],
                "viewer_protocol_policy": "allow-all"
              }
            ],
            "default_root_object": "index.html",
            "domain_name": "d1sy8n6f6yfkts.cloudfront.net",
            "enabled": false,
            "etag": "E209A41YUU34NK",
            "hosted_zone_id": "Z2FDTNDATAQYW2",
            "http_version": "http2",
            "id": "E2B1UEUR3FBLEO",
            "in_progress_validation_batches": 0,
            "is_ipv6_enabled": false,
            "last_modified_time": "2021-01-16 13:08:30.77 +0000 UTC",
            "logging_config": [],
            "ordered_cache_behavior": [
              {
                "allowed_methods": [
                  "GET",
                  "HEAD",
                  "OPTIONS"
                ],
                "cached_methods": [
                  "GET",
                  "HEAD",
                  "OPTIONS"
                ],
                "compress": false,
                "default_ttl": 86400,
                "field_level_encryption_id": "",
                "forwarded_values": [
                  {
                    "cookies": [
                      {
                        "forward": "none",
                        "whitelisted_names": []
                      }
                    ],
                    "headers": [
                      "Origin"
                    ],
                    "query_string": false,
                    "query_string_cache_keys": []
                  }
                ],
                "lambda_function_association": [],
                "max_ttl": 31536000,
                "min_ttl": 0,
                "path_pattern": "/content/immutable/*",
                "smooth_streaming": false,
                "target_origin_id": "origin-access-identity/cloudfront/E3JBARJXGVTJIW",
                "trusted_signers": [],
                "viewer_protocol_policy": "redirect-to-https"
              },
              {
                "allowed_methods": [
                  "GET",
                  "HEAD",
                  "OPTIONS"
                ],
                "cached_methods": [
                  "GET",
                  "HEAD"
                ],
                "compress": true,
                "default_ttl": 3600,
                "field_level_encryption_id": "",
                "forwarded_values": [
                  {
                    "cookies": [
                      {
                        "forward": "none",
                        "whitelisted_names": []
                      }
                    ],
                    "headers": [],
                    "query_string": false,
                    "query_string_cache_keys": []
                  }
                ],
                "lambda_function_association": [],
                "max_ttl": 86400,
                "min_ttl": 0,
                "path_pattern": "/content/*",
                "smooth_streaming": false,
                "target_origin_id": "origin-access-identity/cloudfront/E3JBARJXGVTJIW",
                "trusted_signers": [],
                "viewer_protocol_policy": "redirect-to-https"
              }
            ],
            "origin": [
              {
                "custom_header": [],
                "custom_origin_config": [],
                "domain_name": "acqa-test-s3bucket1.s3.ca-central-1.amazonaws.com",
                "origin_id": "origin-access-identity/cloudfront/E3JBARJXGVTJIW",
                "origin_path": "",
                "s3_origin_config": [
                  {
                    "origin_access_identity": "origin-access-identity/cloudfront/E3JBARJXGVTJIW"
                  }
                ]
              }
            ],
            "origin_group": [],
            "price_class": "PriceClass_200",
            "restrictions": [
              {
                "geo_restriction": [
                  {
                    "locations": [
                      "CA",
                      "DE",
                      "GB",
                      "US"
                    ],
                    "restriction_type": "whitelist"
                  }
                ]
              }
            ],
            "retain_on_delete": false,
            "status": "Deployed",
            "tags": {
              "ACQAResource": "true",
              "Name": "acqa-test-cloudfront1",
              "Owner": "AC-QA"
            },
            "trusted_signers": [
              {
                "enabled": false,
                "items": []
              }
            ],
            "viewer_certificate": [
              {
                "acm_certificate_arn": "arn:aws:acm:us-east-1:641885301384:certificate/b5b12158-c4cd-4662-bc04-ecfe18a1bdc3",
                "cloudfront_default_certificate": false,
                "iam_certificate_id": "",
                "minimum_protocol_version": "TLSv1",
                "ssl_support_method": "sni-only"
              }
            ],
            "wait_for_deployment": true,
            "web_acl_id": ""
          },
          "private": "eyJzY2hlbWFfdmVyc2lvbiI6IjEifQ==",
          "dependencies": [
            "aws_cloudfront_origin_access_identity.acqa-test-oai1",
            "aws_s3_bucket.acqa-test-s3bucket1",
            "data.aws_canonical_user_id.current_user"
          ]
        }
      ]
    },
    {
      "mode": "managed",
      "type": "aws_cloudfront_origin_access_identity",
      "name": "acqa-test-oai1",
      "provider": "provider[\"registry.terraform.io/hashicorp/aws\"]",
      "instances": [
        {
          "schema_version": 0,
          "attributes": {
            "caller_reference": "terraform-20201026125618463600000001",
            "cloudfront_access_identity_path": "origin-access-identity/cloudfront/E3JBARJXGVTJIW",
            "comment": "acqa-test-oai1",
            "etag": "E2EZPJ0SB3DWDW",
            "iam_arn": "arn:aws:iam::cloudfront:user/CloudFront Origin Access Identity E3JBARJXGVTJIW",
            "id": "E3JBARJXGVTJIW",
            "s3_canonical_user_id": "71883d039bf2130da51dd37f791f6573a89ff20dad10bb2d736f57227d75dd3303b533a230cb2fe499e5c583342fd3c4"
          },
          "private": "bnVsbA=="
        }
      ]
    },
    {
      "mode": "managed",
      "type": "aws_cloudwatch_log_group",
      "name": "acqa-test-cwlg1",
      "provider": "provider[\"registry.terraform.io/hashicorp/aws\"]",
      "instances": [
        {
          "schema_version": 0,
          "attributes": {
            "arn": "arn:aws:logs:ca-central-1:641885301384:log-group:acqa-test-cwlg1",
            "id": "acqa-test-cwlg1",
            "kms_key_id": "",
            "name": "acqa-test-cwlg1",
            "name_prefix": null,
            "retention_in_days": 0,
            "tags": {
              "ACQAResource": "true",
              "Name": "acqa-test-cwlg1",
              "Owner": "AC-QA"
            }
          },
          "private": "bnVsbA=="
        }
      ]
    },
    {
      "mode": "managed",
      "type": "aws_cloudwatch_log_group",
      "name": "acqa-test-cwlg2",
      "provider": "provider[\"registry.terraform.io/hashicorp/aws\"]",
      "instances": [
        {
          "schema_version": 0,
          "attributes": {
            "arn": "arn:aws:logs:ca-central-1:641885301384:log-group:acqa-test-cwlg2",
            "id": "acqa-test-cwlg2",
            "kms_key_id": "",
            "name": "acqa-test-cwlg2",
            "name_prefix": null,
            "retention_in_days": 0,
            "tags": {
              "ACQAResource": "true",
              "Name": "acqa-test-cwlg2",
              "Owner": "AC-QA"
            }
          },
          "private": "bnVsbA=="
        }
      ]
    },
    {
      "mode": "managed",
      "type": "aws_cloudwatch_log_stream",
      "name": "acqa-test-cwstream1",
      "provider": "provider[\"registry.terraform.io/hashicorp/aws\"]",
      "instances": [
        {
          "schema_version": 0,
          "attributes": {
            "arn": "arn:aws:logs:ca-central-1:641885301384:log-group:acqa-test-cwlg1:log-stream:acqa-test-cwstream1",
            "id": "acqa-test-cwstream1",
            "log_group_name": "acqa-test-cwlg1",
            "name": "acqa-test-cwstream1"
          },
          "private": "bnVsbA==",
          "dependencies": [
            "aws_cloudwatch_log_group.acqa-test-cwlg1"
          ]
        }
      ]
    },
    {
      "mode": "managed",
      "type": "aws_codecommit_repository",
      "name": "acqa-test-ccrepo1",
      "provider": "provider[\"registry.terraform.io/hashicorp/aws\"]",
      "instances": [
        {
          "schema_version": 0,
          "attributes": {
            "arn": "arn:aws:codecommit:ca-central-1:641885301384:acqa-test-ccrepo1",
            "clone_url_http": "https://git-codecommit.ca-central-1.amazonaws.com/v1/repos/acqa-test-ccrepo1",
            "clone_url_ssh": "ssh://git-codecommit.ca-central-1.amazonaws.com/v1/repos/acqa-test-ccrepo1",
            "default_branch": null,
            "description": "acqa-test-ccrepo1",
            "id": "acqa-test-ccrepo1",
            "repository_id": "8c06e4b1-8d35-4f62-9240-4be9696d78b6",
            "repository_name": "acqa-test-ccrepo1",
            "tags": {
              "ACQAResource": "true",
              "Name": "acqa-test-cloudfront1",
              "Owner": "AC-QA"
            }
          },
          "private": "bnVsbA=="
        }
      ]
    },
    {
      "mode": "managed",
      "type": "aws_dynamodb_table",
      "name": "acqa-test-dynamodbtable1",
      "provider": "provider[\"registry.terraform.io/hashicorp/aws\"]",
      "instances": [
        {
          "schema_version": 1,
          "attributes": {
            "arn": "arn:aws:dynamodb:ca-central-1:641885301384:table/acqa-test-dynamodbtable1",
            "attribute": [
              {
                "name": "TestTableHashKey",
                "type": "S"
              }
            ],
            "billing_mode": "PAY_PER_REQUEST",
            "global_secondary_index": [],
            "hash_key": "TestTableHashKey",
            "id": "acqa-test-dynamodbtable1",
            "local_secondary_index": [],
            "name": "acqa-test-dynamodbtable1",
            "point_in_time_recovery": [
              {
                "enabled": false
              }
            ],
            "range_key": null,
            "read_capacity": 0,
            "replica": [],
            "server_side_encryption": [],
            "stream_arn": "arn:aws:dynamodb:ca-central-1:641885301384:table/acqa-test-dynamodbtable1/stream/2020-10-26T12:56:19.757",
            "stream_enabled": true,
            "stream_label": "2020-10-26T12:56:19.757",
            "stream_view_type": "NEW_AND_OLD_IMAGES",
            "tags": {
              "ACQAResource": "true",
              "Name": "acqa-test-dynamodbtable1",
              "Owner": "AC-QA"
            },
            "timeouts": null,
            "ttl": [
              {
                "attribute_name": "",
                "enabled": false
              }
            ],
            "write_capacity": 0
          },
          "private": "eyJlMmJmYjczMC1lY2FhLTExZTYtOGY4OC0zNDM2M2JjN2M0YzAiOnsiY3JlYXRlIjo2MDAwMDAwMDAwMDAsImRlbGV0ZSI6NjAwMDAwMDAwMDAwLCJ1cGRhdGUiOjM2MDAwMDAwMDAwMDB9LCJzY2hlbWFfdmVyc2lvbiI6IjEifQ=="
        }
      ]
    },
    {
      "mode": "managed",
      "type": "aws_ebs_volume",
      "name": "acqa-test-ebsvolume1",
      "provider": "provider[\"registry.terraform.io/hashicorp/aws\"]",
      "instances": [
        {
          "schema_version": 0,
          "attributes": {
            "arn": "arn:aws:ec2:ca-central-1:641885301384:volume/vol-0a468383b69e4bec9",
            "availability_zone": "ca-central-1a",
            "encrypted": false,
            "id": "vol-0a468383b69e4bec9",
            "iops": 100,
            "kms_key_id": "",
            "multi_attach_enabled": false,
            "outpost_arn": "",
            "size": 25,
            "snapshot_id": "",
            "tags": {
              "ACQAResource": "true",
              "Name": "acqa-test-ebsvolume1",
              "Owner": "AC-QA"
            },
            "type": "gp2"
          },
          "private": "bnVsbA=="
        }
      ]
    },
    {
      "mode": "managed",
      "type": "aws_ecr_repository",
      "name": "acqa-test-ecr1",
      "provider": "provider[\"registry.terraform.io/hashicorp/aws\"]",
      "instances": [
        {
          "schema_version": 0,
          "attributes": {
            "arn": "arn:aws:ecr:ca-central-1:641885301384:repository/acqa-test-ecr1",
            "encryption_configuration": [
              {
                "encryption_type": "AES256",
                "kms_key": ""
              }
            ],
            "id": "acqa-test-ecr1",
            "image_scanning_configuration": [
              {
                "scan_on_push": false
              }
            ],
            "image_tag_mutability": "IMMUTABLE",
            "name": "acqa-test-ecr1",
            "registry_id": "641885301384",
            "repository_url": "641885301384.dkr.ecr.ca-central-1.amazonaws.com/acqa-test-ecr1",
            "tags": {
              "ACQAResource": "true",
              "Name": "acqa-test-ecr1",
              "Owner": "AC-QA"
            },
            "timeouts": null
          },
          "private": "eyJlMmJmYjczMC1lY2FhLTExZTYtOGY4OC0zNDM2M2JjN2M0YzAiOnsiZGVsZXRlIjoxMjAwMDAwMDAwMDAwfX0="
        }
      ]
    },
    {
      "mode": "managed",
      "type": "aws_ecs_cluster",
      "name": "acqa-test-ecs1",
      "provider": "provider[\"registry.terraform.io/hashicorp/aws\"]",
      "instances": [
        {
          "schema_version": 0,
          "attributes": {
            "arn": "arn:aws:ecs:ca-central-1:641885301384:cluster/acqa-test-ecs1",
            "capacity_providers": [],
            "default_capacity_provider_strategy": [],
            "id": "arn:aws:ecs:ca-central-1:641885301384:cluster/acqa-test-ecs1",
            "name": "acqa-test-ecs1",
            "setting": [
              {
                "name": "containerInsights",
                "value": "disabled"
              }
            ],
            "tags": {
              "ACQAResource": "true",
              "Name": "acqa-test-ecs1",
              "Owner": "AC-QA"
            }
          },
          "private": "bnVsbA=="
        }
      ]
    },
    {
      "mode": "managed",
      "type": "aws_eip",
      "name": "acqa-test-eip1",
      "provider": "provider[\"registry.terraform.io/hashicorp/aws\"]",
      "instances": [
        {
          "schema_version": 0,
          "attributes": {
            "allocation_id": null,
            "associate_with_private_ip": "10.0.0.50",
            "association_id": "eipassoc-005cfe3738da19d08",
            "carrier_ip": "",
            "customer_owned_ip": "",
            "customer_owned_ipv4_pool": "",
            "domain": "vpc",
            "id": "eipalloc-00d9fad2e1d0a3c9e",
            "instance": "i-0ab565ec00719d99e",
            "network_border_group": "ca-central-1",
            "network_interface": "eni-0986c1d760cfa96ec",
            "private_dns": "ip-10-0-0-50.ca-central-1.compute.internal",
            "private_ip": "10.0.0.50",
            "public_dns": "ec2-3-97-56-30.ca-central-1.compute.amazonaws.com",
            "public_ip": "3.97.56.30",
            "public_ipv4_pool": "amazon",
            "tags": {
              "ACQAResource": "true",
              "Name": "acqa-test-eip1",
              "Owner": "AC-QA"
            },
            "timeouts": null,
            "vpc": true
          },
          "private": "eyJlMmJmYjczMC1lY2FhLTExZTYtOGY4OC0zNDM2M2JjN2M0YzAiOnsiZGVsZXRlIjoxODAwMDAwMDAwMDAsInJlYWQiOjkwMDAwMDAwMDAwMCwidXBkYXRlIjozMDAwMDAwMDAwMDB9fQ==",
          "dependencies": [
            "aws_network_interface.acqa-test-networkinterface1",
            "aws_security_group.acqa-test-securitygroup1",
            "aws_subnet.acqa-test-subnet1",
            "aws_vpc.acqa-test-vpc1"
          ]
        }
      ]
    },
    {
      "mode": "managed",
      "type": "aws_eks_cluster",
      "name": "acqa-test-eksclstr1",
      "provider": "provider[\"registry.terraform.io/hashicorp/aws\"]",
      "instances": [
        {
          "schema_version": 0,
          "attributes": {
            "arn": "arn:aws:eks:ca-central-1:641885301384:cluster/acqa-test-eksclstr1",
            "certificate_authority": [
              {
                "data": "LS0tLS1CRUdJTiBDRVJUSUZJQ0FURS0tLS0tCk1JSUN5RENDQWJDZ0F3SUJBZ0lCQURBTkJna3Foa2lHOXcwQkFRc0ZBREFWTVJNd0VRWURWUVFERXdwcmRXSmwKY201bGRHVnpNQjRYRFRJd01UQXlPVEE1TURVME5Gb1hEVE13TVRBeU56QTVNRFUwTkZvd0ZURVRNQkVHQTFVRQpBeE1LYTNWaVpYSnVaWFJsY3pDQ0FTSXdEUVlKS29aSWh2Y05BUUVCQlFBRGdnRVBBRENDQVFvQ2dnRUJBTVFqCkQ4RndtVXUxK01LNHRhVGg4bVgwQmVjbzlIK0s4eWNYOXVwYlk5N3NUbjc1K0V3OHhxNVFjQ1ErMkNyYWVXOWMKaVJ0SnZVN1p1ZFpOc3RLL3AzbzBMT01FbVl3RU9rb0t2ajBHWUhwK1UwWHozc2hLL2JBbTEvY2JxL2YxMWFzawpSTlhROEYwVCtSdnR0RmR3YWQvZ3ZBSW5mMCs1dytiNXJRRlVFVWhpbHMvWVp2ODhaVXlmY0N2WVZ3UjF3UWx4CjMvVm9MUkQ3UXZTNmFOZlVJQ3hwN1RvR1Jzb2VMd0d5NWsyZmN0MUtlM1ljSnd2eEJmZzg3dXh3aGQ1ZFA1U08KbW1keW5EM3F1T284YlNmUm14VjVpYkZOa0xhWUFKZWkzcFE3cUF2c1FzVHQyYVZJQUVWeUt3dWQzK1YwaXp1ZQpVV1d0NTY4aFZtQkUycEZWR2JNQ0F3RUFBYU1qTUNFd0RnWURWUjBQQVFIL0JBUURBZ0trTUE4R0ExVWRFd0VCCi93UUZNQU1CQWY4d0RRWUpLb1pJaHZjTkFRRUxCUUFEZ2dFQkFNTmVQR2tmYXhWU2xhUDlpT2dHNEtJUnVOTmUKK0ZrbzNyUGE1a0VIMVltUmowU0Fxemh0VUNRakNseWxReGhIWU4zMHcvRXZhNFA3amtHUW03ZklXa2xTdW83QQpnREg5SUNDcnhDNDEreFJrTWo3T0tDT0w5Tm4xS0VHZG40SGlVREhFL1B5VzNnMUFPVU9OazA2VDZBT25sa0szCis5N096c1ZyaEUyRllnS0xDV2E2OEFwNjBienVqMGVjeFRoU3h3c3E3dFZ4YWUycnhSNkVCNEVxZFFLOXdib3AKdW1QbjA3QTluQVNsUTF1c2tuTmhyZmVJL2dIV1pOWEN2YW9URktOajNCZkpTaVNPNm5pV0l0RjFrZ3lCUHk3eApxbWFVblErMGtTS3k5akY2Z3o3cWdVSkpsZ3dNOHhEdWkyaVdLME9kWWkyS3RaSmxyVlZTYUl6UmVqZz0KLS0tLS1FTkQgQ0VSVElGSUNBVEUtLS0tLQo="
              }
            ],
            "created_at": "2020-10-29 08:58:56.526 +0000 UTC",
            "enabled_cluster_log_types": [],
            "encryption_config": [],
            "endpoint": "https://5F7B8582D579C01F2652E9DEDC4E96F6.gr7.ca-central-1.eks.amazonaws.com",
            "id": "acqa-test-eksclstr1",
            "identity": [
              {
                "oidc": [
                  {
                    "issuer": "https://oidc.eks.ca-central-1.amazonaws.com/id/5F7B8582D579C01F2652E9DEDC4E96F6"
                  }
                ]
              }
            ],
            "kubernetes_network_config": [
              {
                "service_ipv4_cidr": "172.20.0.0/16"
              }
            ],
            "name": "acqa-test-eksclstr1",
            "platform_version": "eks.4",
            "role_arn": "arn:aws:iam::641885301384:role/AccuricsEKSMgmtRole",
            "status": "ACTIVE",
            "tags": {
              "ACQAResource": "true",
              "Name": "acqa-test-eksclstr1"
            },
            "timeouts": null,
            "version": "1.17",
            "vpc_config": [
              {
                "cluster_security_group_id": "sg-0000894bc6bf58f6d",
                "endpoint_private_access": true,
                "endpoint_public_access": false,
                "public_access_cidrs": [],
                "security_group_ids": [
                  "sg-07a5cbd17c240d06d"
                ],
                "subnet_ids": [
                  "subnet-01daa2ca4691815de",
                  "subnet-090cd5c2681d64be8"
                ],
                "vpc_id": "vpc-050686ece794dd50b"
              }
            ]
          },
          "private": "eyJlMmJmYjczMC1lY2FhLTExZTYtOGY4OC0zNDM2M2JjN2M0YzAiOnsiY3JlYXRlIjoxODAwMDAwMDAwMDAwLCJkZWxldGUiOjkwMDAwMDAwMDAwMCwidXBkYXRlIjozNjAwMDAwMDAwMDAwfX0=",
          "dependencies": [
            "aws_security_group.acqa-test-securitygroup1",
            "aws_subnet.acqa-test-albsubnet2",
            "aws_subnet.acqa-test-subnet1",
            "aws_vpc.acqa-test-vpc1"
          ]
        }
      ]
    },
    {
      "mode": "managed",
      "type": "aws_elastic_beanstalk_application",
      "name": "acqa-test-elasticbeanstalkapp1",
      "provider": "provider[\"registry.terraform.io/hashicorp/aws\"]",
      "instances": [
        {
          "schema_version": 0,
          "attributes": {
            "appversion_lifecycle": [
              {
                "delete_source_from_s3": true,
                "max_age_in_days": 0,
                "max_count": 128,
                "service_role": "arn:aws:iam::641885301384:role/acqa-test-iamrole1"
              }
            ],
            "arn": "arn:aws:elasticbeanstalk:ca-central-1:641885301384:application/acqa-test-elasticbeanstalkapp1",
            "description": "acqa-test-elasticbeanstalkapp1",
            "id": "acqa-test-elasticbeanstalkapp1",
            "name": "acqa-test-elasticbeanstalkapp1",
            "tags": {
              "ACQAResource": "true",
              "Owner": "AC-QA"
            }
          },
          "private": "bnVsbA==",
          "dependencies": [
            "aws_iam_role.acqa-test-iamrole1"
          ]
        }
      ]
    },
    {
      "mode": "managed",
      "type": "aws_elasticache_cluster",
      "name": "acqa-test-elasticcachecluster1",
      "provider": "provider[\"registry.terraform.io/hashicorp/aws\"]",
      "instances": [
        {
          "schema_version": 0,
          "attributes": {
            "apply_immediately": null,
            "arn": "arn:aws:elasticache:ca-central-1:641885301384:cluster:acqa-test-elasticcachecluster1",
            "availability_zone": "ca-central-1b",
            "az_mode": "single-az",
            "cache_nodes": [
              {
                "address": "acqa-test-elasticcachecluster1.wcajmf.0001.cac1.cache.amazonaws.com",
                "availability_zone": "ca-central-1b",
                "id": "0001",
                "port": 11211
              },
              {
                "address": "acqa-test-elasticcachecluster1.wcajmf.0002.cac1.cache.amazonaws.com",
                "availability_zone": "ca-central-1b",
                "id": "0002",
                "port": 11211
              }
            ],
            "cluster_address": "acqa-test-elasticcachecluster1.wcajmf.cfg.cac1.cache.amazonaws.com",
            "cluster_id": "acqa-test-elasticcachecluster1",
            "configuration_endpoint": "acqa-test-elasticcachecluster1.wcajmf.cfg.cac1.cache.amazonaws.com:11211",
            "engine": "memcached",
            "engine_version": "1.5.16",
            "id": "acqa-test-elasticcachecluster1",
            "maintenance_window": "wed:00:00-wed:01:00",
            "node_type": "cache.m4.large",
            "notification_topic_arn": null,
            "num_cache_nodes": 2,
            "parameter_group_name": "default.memcached1.5",
            "port": 11211,
            "preferred_availability_zones": null,
            "replication_group_id": null,
            "security_group_ids": [],
            "security_group_names": [],
            "snapshot_arns": null,
            "snapshot_name": null,
            "snapshot_retention_limit": 0,
            "snapshot_window": "",
            "subnet_group_name": "default",
            "tags": {
              "ACQAResource": "true",
              "Name": "acqa-test-elasticcachecluster1",
              "Owner": "AC-QA"
            }
          },
          "private": "bnVsbA=="
        }
      ]
    },
    {
      "mode": "managed",
      "type": "aws_flow_log",
      "name": "acqa-test-vpc1-flowlog1",
      "provider": "provider[\"registry.terraform.io/hashicorp/aws\"]",
      "instances": [
        {
          "schema_version": 0,
          "attributes": {
            "arn": "arn:aws:ec2:ca-central-1:641885301384:vpc-flow-log/fl-07452a78555d91b29",
            "eni_id": null,
            "iam_role_arn": "arn:aws:iam::641885301384:role/acqa-test-flowlog-role1",
            "id": "fl-07452a78555d91b29",
            "log_destination": "arn:aws:logs:ca-central-1:641885301384:log-group:acqa-test-cwlg2",
            "log_destination_type": "cloud-watch-logs",
            "log_format": "${version} ${account-id} ${interface-id} ${srcaddr} ${dstaddr} ${srcport} ${dstport} ${protocol} ${packets} ${bytes} ${start} ${end} ${action} ${log-status}",
            "log_group_name": "acqa-test-cwlg2",
            "max_aggregation_interval": 600,
            "subnet_id": null,
            "tags": {
              "ACQAResource": "true",
              "Name": "acqa-test-vpc1-flowlog1",
              "Owner": "AC-QA"
            },
            "traffic_type": "ALL",
            "vpc_id": "vpc-050686ece794dd50b"
          },
          "private": "bnVsbA==",
          "dependencies": [
            "aws_cloudwatch_log_group.acqa-test-cwlg2",
            "aws_iam_role.acqa-test-flowlog-role1",
            "aws_vpc.acqa-test-vpc1"
          ]
        }
      ]
    },
    {
      "mode": "managed",
      "type": "aws_iam_role",
      "name": "acqa-test-flowlog-role1",
      "provider": "provider[\"registry.terraform.io/hashicorp/aws\"]",
      "instances": [
        {
          "schema_version": 0,
          "attributes": {
            "arn": "arn:aws:iam::641885301384:role/acqa-test-flowlog-role1",
            "assume_role_policy": "{\"Version\":\"2012-10-17\",\"Statement\":[{\"Sid\":\"\",\"Effect\":\"Allow\",\"Principal\":{\"Service\":\"vpc-flow-logs.amazonaws.com\"},\"Action\":\"sts:AssumeRole\"}]}",
            "create_date": "2021-01-16T13:33:45Z",
            "description": "",
            "force_detach_policies": false,
            "id": "acqa-test-flowlog-role1",
            "max_session_duration": 3600,
            "name": "acqa-test-flowlog-role1",
            "name_prefix": null,
            "path": "/",
            "permissions_boundary": null,
            "tags": {
              "ACQAResource": "true",
              "Name": "acqa-test-flowlog-role1",
              "Owner": "AC-QA"
            },
            "unique_id": "AROAZK42YNKEGZWHWKPLR"
          },
          "private": "bnVsbA=="
        }
      ]
    },
    {
      "mode": "managed",
      "type": "aws_iam_role",
      "name": "acqa-test-iamrole1",
      "provider": "provider[\"registry.terraform.io/hashicorp/aws\"]",
      "instances": [
        {
          "schema_version": 0,
          "attributes": {
            "arn": "arn:aws:iam::641885301384:role/acqa-test-iamrole1",
            "assume_role_policy": "{\"Version\":\"2012-10-17\",\"Statement\":[{\"Sid\":\"\",\"Effect\":\"Allow\",\"Principal\":{\"Service\":\"lambda.amazonaws.com\"},\"Action\":\"sts:AssumeRole\"}]}",
            "create_date": "2020-10-25T17:57:42Z",
            "description": "",
            "force_detach_policies": false,
            "id": "acqa-test-iamrole1",
            "max_session_duration": 3600,
            "name": "acqa-test-iamrole1",
            "name_prefix": null,
            "path": "/",
            "permissions_boundary": null,
            "tags": {
              "ACQAResource": "true",
              "Name": "acqa-test-iamrole1",
              "Owner": "AC-QA"
            },
            "unique_id": "AROAZK42YNKEJXHXW5NWZ"
          },
          "private": "bnVsbA=="
        }
      ]
    },
    {
      "mode": "managed",
      "type": "aws_iam_role_policy",
      "name": "acqa-test-flowlog-rolepolicy1",
      "provider": "provider[\"registry.terraform.io/hashicorp/aws\"]",
      "instances": [
        {
          "schema_version": 0,
          "attributes": {
            "id": "acqa-test-flowlog-role1:acqa-test-flowlog-rolepolicy1",
            "name": "acqa-test-flowlog-rolepolicy1",
            "name_prefix": null,
            "policy": "{\n    \"Statement\": [\n        {\n            \"Action\": [\n                \"logs:CreateLogGroup\",\n                \"logs:CreateLogStream\",\n                \"logs:DescribeLogGroups\",\n                \"logs:DescribeLogStreams\",\n                \"logs:PutLogEvents\"\n            ],\n            \"Effect\": \"Allow\",\n            \"Resource\": \"*\"\n        }\n    ]\n}\n",
            "role": "acqa-test-flowlog-role1"
          },
          "private": "bnVsbA==",
          "dependencies": [
            "aws_iam_role.acqa-test-flowlog-role1"
          ]
        }
      ]
    },
    {
      "mode": "managed",
      "type": "aws_instance",
      "name": "acqa-test-instance1",
      "provider": "provider[\"registry.terraform.io/hashicorp/aws\"]",
      "instances": [
        {
          "schema_version": 1,
          "attributes": {
            "ami": "ami-0a20346326d3d1853",
            "arn": "arn:aws:ec2:ca-central-1:641885301384:instance/i-0ab565ec00719d99e",
            "associate_public_ip_address": true,
            "availability_zone": "ca-central-1b",
            "cpu_core_count": 1,
            "cpu_threads_per_core": 1,
            "credit_specification": [
              {
                "cpu_credits": "standard"
              }
            ],
            "disable_api_termination": false,
            "ebs_block_device": [],
            "ebs_optimized": false,
            "enclave_options": [
              {
                "enabled": false
              }
            ],
            "ephemeral_block_device": [],
            "get_password_data": false,
            "hibernation": false,
            "host_id": null,
            "iam_instance_profile": "",
            "id": "i-0ab565ec00719d99e",
            "instance_initiated_shutdown_behavior": null,
            "instance_state": "running",
            "instance_type": "t2.micro",
            "ipv6_address_count": 0,
            "ipv6_addresses": [],
            "key_name": "",
            "metadata_options": [
              {
                "http_endpoint": "enabled",
                "http_put_response_hop_limit": 1,
                "http_tokens": "optional"
              }
            ],
            "monitoring": false,
            "network_interface": [
              {
                "delete_on_termination": false,
                "device_index": 0,
                "network_interface_id": "eni-0986c1d760cfa96ec"
              }
            ],
            "outpost_arn": "",
            "password_data": "",
            "placement_group": "",
            "primary_network_interface_id": "eni-0986c1d760cfa96ec",
            "private_dns": "ip-10-0-0-50.ca-central-1.compute.internal",
            "private_ip": "10.0.0.50",
            "public_dns": "",
            "public_ip": "3.97.56.30",
            "root_block_device": [
              {
                "delete_on_termination": true,
                "device_name": "/dev/sda1",
                "encrypted": false,
                "iops": 100,
                "kms_key_id": "",
                "throughput": 0,
                "volume_id": "vol-03a4647c173885fd3",
                "volume_size": 8,
                "volume_type": "gp2"
              }
            ],
            "secondary_private_ips": [],
            "security_groups": [],
            "source_dest_check": true,
            "subnet_id": "subnet-090cd5c2681d64be8",
            "tags": {
              "ACQAResource": "true",
              "Name": "acqa-test-instance1",
              "Owner": "AC-QA"
            },
            "tenancy": "default",
            "timeouts": null,
            "user_data": null,
            "user_data_base64": null,
            "volume_tags": {},
            "vpc_security_group_ids": [
              "sg-07a5cbd17c240d06d"
            ]
          },
          "private": "eyJlMmJmYjczMC1lY2FhLTExZTYtOGY4OC0zNDM2M2JjN2M0YzAiOnsiY3JlYXRlIjo2MDAwMDAwMDAwMDAsImRlbGV0ZSI6MTIwMDAwMDAwMDAwMCwidXBkYXRlIjo2MDAwMDAwMDAwMDB9LCJzY2hlbWFfdmVyc2lvbiI6IjEifQ==",
          "dependencies": [
            "aws_network_interface.acqa-test-networkinterface1",
            "aws_security_group.acqa-test-securitygroup1",
            "aws_subnet.acqa-test-subnet1",
            "aws_vpc.acqa-test-vpc1",
            "data.aws_ami.acqa-test-instance1-ami"
          ]
        }
      ]
    },
    {
      "mode": "managed",
      "type": "aws_internet_gateway",
      "name": "acqa-test-gateway1",
      "provider": "provider[\"registry.terraform.io/hashicorp/aws\"]",
      "instances": [
        {
          "schema_version": 0,
          "attributes": {
            "arn": "arn:aws:ec2:ca-central-1:641885301384:internet-gateway/igw-05946b73a76c038cb",
            "id": "igw-05946b73a76c038cb",
            "owner_id": "641885301384",
            "tags": {
              "ACQAResource": "true",
              "Name": "acqa-test-gateway1",
              "Owner": "AC-QA"
            },
            "vpc_id": "vpc-050686ece794dd50b"
          },
          "private": "bnVsbA==",
          "dependencies": [
            "aws_vpc.acqa-test-vpc1"
          ]
        }
      ]
    },
    {
      "mode": "managed",
      "type": "aws_kinesis_firehose_delivery_stream",
      "name": "acqa-test-kinesisfirehoseds1",
      "provider": "provider[\"registry.terraform.io/hashicorp/aws\"]",
      "instances": [
        {
          "schema_version": 1,
          "attributes": {
            "arn": "arn:aws:firehose:ca-central-1:641885301384:deliverystream/acqa-test-kinesisfirehoseds1",
            "destination": "extended_s3",
            "destination_id": "destinationId-000000000001",
            "elasticsearch_configuration": [],
            "extended_s3_configuration": [
              {
                "bucket_arn": "arn:aws:s3:::acqa-test-s3bucket1",
                "buffer_interval": 900,
                "buffer_size": 5,
                "cloudwatch_logging_options": [
                  {
                    "enabled": true,
                    "log_group_name": "/aws/kinesisfirehose/acqa-test-kinesisfirehoseds1",
                    "log_stream_name": "S3Delivery"
                  }
                ],
                "compression_format": "UNCOMPRESSED",
                "data_format_conversion_configuration": [],
                "error_output_prefix": "",
                "kms_key_arn": "",
                "prefix": "",
                "processing_configuration": [
                  {
                    "enabled": false,
                    "processors": []
                  }
                ],
                "role_arn": "arn:aws:iam::641885301384:role/service-role/KinesisFirehoseServiceRole-acqa-test--ca-central-1-1603971996403",
                "s3_backup_configuration": [],
                "s3_backup_mode": "Disabled"
              }
            ],
            "http_endpoint_configuration": [],
            "id": "arn:aws:firehose:ca-central-1:641885301384:deliverystream/acqa-test-kinesisfirehoseds1",
            "kinesis_source_configuration": [],
            "name": "acqa-test-kinesisfirehoseds1",
            "redshift_configuration": [],
            "s3_configuration": [],
            "server_side_encryption": [
              {
                "enabled": false,
                "key_arn": "",
                "key_type": "AWS_OWNED_CMK"
              }
            ],
            "splunk_configuration": [],
            "tags": {
              "ACQAResource": "true",
              "Name": "acqa-test-kinesisfirehoseds1",
              "Owner": "AC-QA"
            },
            "version_id": "3"
          },
          "private": "eyJzY2hlbWFfdmVyc2lvbiI6IjEifQ=="
        }
      ]
    },
    {
      "mode": "managed",
      "type": "aws_kinesis_stream",
      "name": "acqa-test-kinessisds1",
      "provider": "provider[\"registry.terraform.io/hashicorp/aws\"]",
      "instances": [
        {
          "schema_version": 1,
          "attributes": {
            "arn": "arn:aws:kinesis:ca-central-1:641885301384:stream/acqa-test-kinessisds1",
            "encryption_type": "NONE",
            "enforce_consumer_deletion": false,
            "id": "arn:aws:kinesis:ca-central-1:641885301384:stream/acqa-test-kinessisds1",
            "kms_key_id": "",
            "name": "acqa-test-kinessisds1",
            "retention_period": 24,
            "shard_count": 1,
            "shard_level_metrics": null,
            "tags": {},
            "timeouts": null
          },
          "private": "eyJlMmJmYjczMC1lY2FhLTExZTYtOGY4OC0zNDM2M2JjN2M0YzAiOnsiY3JlYXRlIjozMDAwMDAwMDAwMDAsImRlbGV0ZSI6NzIwMDAwMDAwMDAwMCwidXBkYXRlIjo3MjAwMDAwMDAwMDAwfSwic2NoZW1hX3ZlcnNpb24iOiIxIn0="
        }
      ]
    },
    {
      "mode": "managed",
      "type": "aws_kms_key",
      "name": "acqa-test-kmskey1",
      "provider": "provider[\"registry.terraform.io/hashicorp/aws\"]",
      "instances": [
        {
          "schema_version": 0,
          "attributes": {
            "arn": "arn:aws:kms:ca-central-1:641885301384:key/96acb010-1172-4dde-a986-97eacfa732ed",
            "customer_master_key_spec": "SYMMETRIC_DEFAULT",
            "deletion_window_in_days": 30,
            "description": "acqa-test-kmskey1",
            "enable_key_rotation": false,
            "id": "96acb010-1172-4dde-a986-97eacfa732ed",
            "is_enabled": true,
            "key_id": "96acb010-1172-4dde-a986-97eacfa732ed",
            "key_usage": "ENCRYPT_DECRYPT",
            "policy": "{\"Id\":\"key-default-1\",\"Statement\":[{\"Action\":\"kms:*\",\"Effect\":\"Allow\",\"Principal\":{\"AWS\":\"arn:aws:iam::641885301384:root\"},\"Resource\":\"*\",\"Sid\":\"Enable IAM User Permissions\"}],\"Version\":\"2012-10-17\"}",
            "tags": {
              "ACQAResource": "true",
              "Name": "acqa-test-kmskey1",
              "Owner": "AC-QA"
            }
          },
          "private": "bnVsbA=="
        }
      ]
    },
    {
      "mode": "managed",
      "type": "aws_lambda_function",
      "name": "acqa-test-lambda1",
      "provider": "provider[\"registry.terraform.io/hashicorp/aws\"]",
      "instances": [
        {
          "schema_version": 0,
          "attributes": {
            "arn": "arn:aws:lambda:ca-central-1:641885301384:function:acqa-test-lambda1",
            "code_signing_config_arn": "",
            "dead_letter_config": [],
            "description": "",
            "environment": [
              {
                "variables": {
                  "foo": "bar"
                }
              }
            ],
            "file_system_config": [],
            "filename": "acqa-test-lambda1.zip",
            "function_name": "acqa-test-lambda1",
            "handler": "exports.test",
            "id": "acqa-test-lambda1",
            "image_config": [],
            "image_uri": "",
            "invoke_arn": "arn:aws:apigateway:ca-central-1:lambda:path/2015-03-31/functions/arn:aws:lambda:ca-central-1:641885301384:function:acqa-test-lambda1/invocations",
            "kms_key_arn": "",
            "last_modified": "2020-10-25T17:57:51.652+0000",
            "layers": [],
            "memory_size": 128,
            "package_type": "Zip",
            "publish": false,
            "qualified_arn": "arn:aws:lambda:ca-central-1:641885301384:function:acqa-test-lambda1:$LATEST",
            "reserved_concurrent_executions": -1,
            "role": "arn:aws:iam::641885301384:role/acqa-test-iamrole1",
            "runtime": "nodejs12.x",
            "s3_bucket": null,
            "s3_key": null,
            "s3_object_version": null,
            "signing_job_arn": "",
            "signing_profile_version_arn": "",
            "source_code_hash": "18tLf00/YOCMKzwH0khGKLJSkUjy+w7i+ufjteusgfA=",
            "source_code_size": 536,
            "tags": {
              "ACQAResource": "true",
              "Name": "acqa-test-lamda1",
              "Owner": "AC-QA"
            },
            "timeout": 3,
            "timeouts": null,
            "tracing_config": [
              {
                "mode": "PassThrough"
              }
            ],
            "version": "$LATEST",
            "vpc_config": []
          },
          "private": "eyJlMmJmYjczMC1lY2FhLTExZTYtOGY4OC0zNDM2M2JjN2M0YzAiOnsiY3JlYXRlIjo2MDAwMDAwMDAwMDB9fQ==",
          "dependencies": [
            "aws_iam_role.acqa-test-iamrole1"
          ]
        }
      ]
    },
    {
      "mode": "managed",
      "type": "aws_launch_configuration",
      "name": "acqa-test-launchconfig1",
      "provider": "provider[\"registry.terraform.io/hashicorp/aws\"]",
      "instances": [
        {
          "schema_version": 0,
          "attributes": {
            "arn": "arn:aws:autoscaling:ca-central-1:641885301384:launchConfiguration:042bbf76-073d-44d8-a140-844282d023c1:launchConfigurationName/acqa-test-launchconfig1",
            "associate_public_ip_address": false,
            "ebs_block_device": [],
            "ebs_optimized": false,
            "enable_monitoring": true,
            "ephemeral_block_device": [],
            "iam_instance_profile": "",
            "id": "acqa-test-launchconfig1",
            "image_id": "ami-0ad340a3355388c70",
            "instance_type": "t2.micro",
            "key_name": "",
            "metadata_options": [],
            "name": "acqa-test-launchconfig1",
            "name_prefix": null,
            "placement_tenancy": null,
            "root_block_device": [],
            "security_groups": [],
            "spot_price": "",
            "user_data": null,
            "user_data_base64": null,
            "vpc_classic_link_id": "",
            "vpc_classic_link_security_groups": []
          }
        }
      ]
    },
    {
      "mode": "managed",
      "type": "aws_lb",
      "name": "acqa-test-alb1",
      "provider": "provider[\"registry.terraform.io/hashicorp/aws\"]",
      "instances": [
        {
          "schema_version": 0,
          "attributes": {
            "access_logs": [
              {
                "bucket": "",
                "enabled": false,
                "prefix": ""
              }
            ],
            "arn": "arn:aws:elasticloadbalancing:ca-central-1:641885301384:loadbalancer/app/acqa-test-alb1/58897943597deb45",
            "arn_suffix": "app/acqa-test-alb1/58897943597deb45",
            "customer_owned_ipv4_pool": "",
            "dns_name": "acqa-test-alb1-474038219.ca-central-1.elb.amazonaws.com",
            "drop_invalid_header_fields": false,
            "enable_cross_zone_load_balancing": null,
            "enable_deletion_protection": false,
            "enable_http2": true,
            "id": "arn:aws:elasticloadbalancing:ca-central-1:641885301384:loadbalancer/app/acqa-test-alb1/58897943597deb45",
            "idle_timeout": 60,
            "internal": false,
            "ip_address_type": "ipv4",
            "load_balancer_type": "application",
            "name": "acqa-test-alb1",
            "name_prefix": null,
            "security_groups": [
              "sg-07a5cbd17c240d06d"
            ],
            "subnet_mapping": [
              {
                "allocation_id": "",
                "outpost_id": "",
                "private_ipv4_address": "",
                "subnet_id": "subnet-01daa2ca4691815de"
              },
              {
                "allocation_id": "",
                "outpost_id": "",
                "private_ipv4_address": "",
                "subnet_id": "subnet-0ce523eecbb7f8469"
              }
            ],
            "subnets": [
              "subnet-01daa2ca4691815de",
              "subnet-0ce523eecbb7f8469"
            ],
            "tags": {
              "ACQAResource": "true",
              "Name": "acqa-test-alb1",
              "Owner": "AC-QA"
            },
            "timeouts": null,
            "vpc_id": "vpc-050686ece794dd50b",
            "zone_id": "ZQSVJUPU6J1EY"
          },
          "private": "eyJlMmJmYjczMC1lY2FhLTExZTYtOGY4OC0zNDM2M2JjN2M0YzAiOnsiY3JlYXRlIjo2MDAwMDAwMDAwMDAsImRlbGV0ZSI6NjAwMDAwMDAwMDAwLCJ1cGRhdGUiOjYwMDAwMDAwMDAwMH19",
          "dependencies": [
            "aws_security_group.acqa-test-securitygroup1",
            "aws_subnet.acqa-test-albsubnet1",
            "aws_subnet.acqa-test-albsubnet2",
            "aws_vpc.acqa-test-vpc1"
          ]
        }
      ]
    },
    {
      "mode": "managed",
      "type": "aws_network_acl",
      "name": "acqa-test-nacl1",
      "provider": "provider[\"registry.terraform.io/hashicorp/aws\"]",
      "instances": [
        {
          "schema_version": 0,
          "attributes": {
            "arn": "arn:aws:ec2:ca-central-1:641885301384:network-acl/acl-09ecdd28a3c331ef3",
            "egress": [
              {
                "action": "allow",
                "cidr_block": "10.3.0.0/18",
                "from_port": 443,
                "icmp_code": 0,
                "icmp_type": 0,
                "ipv6_cidr_block": "",
                "protocol": "6",
                "rule_no": 200,
                "to_port": 443
              }
            ],
            "id": "acl-09ecdd28a3c331ef3",
            "ingress": [
              {
                "action": "allow",
                "cidr_block": "10.3.0.0/18",
                "from_port": 80,
                "icmp_code": 0,
                "icmp_type": 0,
                "ipv6_cidr_block": "",
                "protocol": "6",
                "rule_no": 100,
                "to_port": 80
              }
            ],
            "owner_id": "641885301384",
            "subnet_ids": [],
            "tags": {
              "ACQAResource": "true",
              "Name": "acqa-test-nacl1",
              "Owner": "AC-QA"
            },
            "vpc_id": "vpc-050686ece794dd50b"
          },
          "private": "bnVsbA==",
          "dependencies": [
            "aws_vpc.acqa-test-vpc1"
          ]
        }
      ]
    },
    {
      "mode": "managed",
      "type": "aws_network_interface",
      "name": "acqa-test-networkinterface1",
      "provider": "provider[\"registry.terraform.io/hashicorp/aws\"]",
      "instances": [
        {
          "schema_version": 0,
          "attributes": {
            "attachment": [
              {
                "attachment_id": "eni-attach-0c93cfd0334f24705",
                "device_index": 0,
                "instance": "i-0ab565ec00719d99e"
              }
            ],
            "description": "",
            "id": "eni-0986c1d760cfa96ec",
            "ipv6_address_count": 0,
            "ipv6_addresses": [],
            "mac_address": "06:0f:2f:31:14:1c",
            "outpost_arn": "",
            "private_dns_name": "",
            "private_ip": "10.0.0.50",
            "private_ips": [
              "10.0.0.50"
            ],
            "private_ips_count": 0,
            "security_groups": [
              "sg-07a5cbd17c240d06d"
            ],
            "source_dest_check": true,
            "subnet_id": "subnet-090cd5c2681d64be8",
            "tags": {
              "ACQAResource": "true",
              "Name": "acqa-test-networkinterface1",
              "Owner": "AC-QA"
            }
          },
          "private": "bnVsbA==",
          "dependencies": [
            "aws_security_group.acqa-test-securitygroup1",
            "aws_subnet.acqa-test-subnet1",
            "aws_vpc.acqa-test-vpc1"
          ]
        }
      ]
    },
    {
      "mode": "managed",
      "type": "aws_placement_group",
      "name": "acqa-test-placementgroup1",
      "provider": "provider[\"registry.terraform.io/hashicorp/aws\"]",
      "instances": [
        {
          "schema_version": 0,
          "attributes": {
            "arn": "arn:aws:ec2:ca-central-1:641885301384:placement-group/acqa-test-placementgroup1",
            "id": "acqa-test-placementgroup1",
            "name": "acqa-test-placementgroup1",
            "placement_group_id": "pg-00f3a6ea30caa00d0",
            "strategy": "partition",
            "tags": {
              "ACQAResource": "true",
              "Name": "acqa-test-placementgroup1",
              "Owner": "AC-QA"
            }
          },
          "private": "bnVsbA=="
        }
      ]
    },
    {
      "mode": "managed",
      "type": "aws_route_table",
      "name": "acqa-test-routetable1",
      "provider": "provider[\"registry.terraform.io/hashicorp/aws\"]",
      "instances": [
        {
          "schema_version": 0,
          "attributes": {
            "id": "rtb-042da927edbe1397a",
            "owner_id": "641885301384",
            "propagating_vgws": [],
            "route": [
              {
                "cidr_block": "0.0.0.0/0",
                "egress_only_gateway_id": "",
                "gateway_id": "igw-05946b73a76c038cb",
                "instance_id": "",
                "ipv6_cidr_block": "",
                "local_gateway_id": "",
                "nat_gateway_id": "",
                "network_interface_id": "",
                "transit_gateway_id": "",
                "vpc_endpoint_id": "",
                "vpc_peering_connection_id": ""
              }
            ],
            "tags": {
              "ACQAResource": "true",
              "Name": "acqa-test-routetable1",
              "Owner": "AC-QA"
            },
            "vpc_id": "vpc-050686ece794dd50b"
          },
          "private": "bnVsbA==",
          "dependencies": [
            "aws_internet_gateway.acqa-test-gateway1",
            "aws_vpc.acqa-test-vpc1"
          ]
        }
      ]
    },
    {
      "mode": "managed",
      "type": "aws_s3_bucket",
      "name": "acqa-test-s3bucket1",
      "provider": "provider[\"registry.terraform.io/hashicorp/aws\"]",
      "instances": [
        {
          "schema_version": 0,
          "attributes": {
            "acceleration_status": "",
            "acl": "private",
            "arn": "arn:aws:s3:::acqa-test-s3bucket1",
            "bucket": "acqa-test-s3bucket1",
            "bucket_domain_name": "acqa-test-s3bucket1.s3.amazonaws.com",
            "bucket_prefix": null,
            "bucket_regional_domain_name": "acqa-test-s3bucket1.s3.ca-central-1.amazonaws.com",
            "cors_rule": [],
            "force_destroy": false,
            "grant": [
              {
                "id": "",
                "permissions": [
                  "READ",
                  "WRITE"
                ],
                "type": "Group",
                "uri": "http://acs.amazonaws.com/groups/s3/LogDelivery"
              },
              {
                "id": "c95c4facea6981c89948fa05426ece3b7f3d6bf2e02aaeebca36acb3fda02870",
                "permissions": [
                  "FULL_CONTROL"
                ],
                "type": "CanonicalUser",
                "uri": ""
              }
            ],
            "hosted_zone_id": "Z1QDHH18159H29",
            "id": "acqa-test-s3bucket1",
            "lifecycle_rule": [],
            "logging": [],
            "object_lock_configuration": [],
            "policy": null,
            "region": "ca-central-1",
            "replication_configuration": [],
            "request_payer": "BucketOwner",
            "server_side_encryption_configuration": [],
            "tags": {
              "ACQAResource": "true",
              "Name": "acqa-test-s3bucket1",
              "Owner": "AC-QA"
            },
            "versioning": [
              {
                "enabled": false,
                "mfa_delete": false
              }
            ],
            "website": [],
            "website_domain": null,
            "website_endpoint": null
          },
          "private": "bnVsbA==",
          "dependencies": [
            "data.aws_canonical_user_id.current_user"
          ]
        }
      ]
    },
    {
      "mode": "managed",
      "type": "aws_security_group",
      "name": "acqa-test-securitygroup1",
      "provider": "provider[\"registry.terraform.io/hashicorp/aws\"]",
      "instances": [
        {
          "schema_version": 1,
          "attributes": {
            "arn": "arn:aws:ec2:ca-central-1:641885301384:security-group/sg-07a5cbd17c240d06d",
            "description": "This security group is for API test automation",
            "egress": [
              {
                "cidr_blocks": [
                  "0.0.0.0/24"
                ],
                "description": "",
                "from_port": 0,
                "ipv6_cidr_blocks": [],
                "prefix_list_ids": [],
                "protocol": "-1",
                "security_groups": [],
                "self": false,
                "to_port": 0
              }
            ],
            "id": "sg-07a5cbd17c240d06d",
            "ingress": [
              {
                "cidr_blocks": [
                  "0.0.0.0/24"
                ],
                "description": "",
                "from_port": 22,
                "ipv6_cidr_blocks": [],
                "prefix_list_ids": [],
                "protocol": "tcp",
                "security_groups": [],
                "self": false,
                "to_port": 22
              },
              {
                "cidr_blocks": [
                  "0.0.0.0/24"
                ],
                "description": "",
                "from_port": 3306,
                "ipv6_cidr_blocks": [],
                "prefix_list_ids": [],
                "protocol": "tcp",
                "security_groups": [],
                "self": false,
                "to_port": 3306
              },
              {
                "cidr_blocks": [
                  "0.0.0.0/24"
                ],
                "description": "",
                "from_port": 3333,
                "ipv6_cidr_blocks": [],
                "prefix_list_ids": [],
                "protocol": "tcp",
                "security_groups": [],
                "self": false,
                "to_port": 3333
              },
              {
                "cidr_blocks": [
                  "0.0.0.0/24"
                ],
                "description": "",
                "from_port": 80,
                "ipv6_cidr_blocks": [],
                "prefix_list_ids": [],
                "protocol": "tcp",
                "security_groups": [],
                "self": false,
                "to_port": 80
              }
            ],
            "name": "acqa-test-securitygroup1",
            "name_prefix": "",
            "owner_id": "641885301384",
            "revoke_rules_on_delete": false,
            "tags": {
              "ACQAResource": "true",
              "Name": "acqa-test-securitygroup1",
              "Owner": "AC-QA"
            },
            "timeouts": null,
            "vpc_id": "vpc-050686ece794dd50b"
          },
          "private": "eyJlMmJmYjczMC1lY2FhLTExZTYtOGY4OC0zNDM2M2JjN2M0YzAiOnsiY3JlYXRlIjo2MDAwMDAwMDAwMDAsImRlbGV0ZSI6NjAwMDAwMDAwMDAwfSwic2NoZW1hX3ZlcnNpb24iOiIxIn0=",
          "dependencies": [
            "aws_vpc.acqa-test-vpc1"
          ]
        }
      ]
    },
    {
      "mode": "managed",
      "type": "aws_subnet",
      "name": "acqa-test-albsubnet1",
      "provider": "provider[\"registry.terraform.io/hashicorp/aws\"]",
      "instances": [
        {
          "schema_version": 1,
          "attributes": {
            "arn": "arn:aws:ec2:ca-central-1:641885301384:subnet/subnet-0ce523eecbb7f8469",
            "assign_ipv6_address_on_creation": false,
            "availability_zone": "ca-central-1b",
            "availability_zone_id": "cac1-az2",
            "cidr_block": "10.0.44.0/24",
            "id": "subnet-0ce523eecbb7f8469",
            "ipv6_cidr_block": "",
            "ipv6_cidr_block_association_id": "",
            "map_public_ip_on_launch": true,
            "outpost_arn": "",
            "owner_id": "641885301384",
            "tags": {
              "ACQAResource": "true",
              "Name": "acqa-test-albsubnet1",
              "Owner": "AC-QA"
            },
            "timeouts": null,
            "vpc_id": "vpc-050686ece794dd50b"
          },
          "private": "eyJlMmJmYjczMC1lY2FhLTExZTYtOGY4OC0zNDM2M2JjN2M0YzAiOnsiY3JlYXRlIjo2MDAwMDAwMDAwMDAsImRlbGV0ZSI6MTIwMDAwMDAwMDAwMH0sInNjaGVtYV92ZXJzaW9uIjoiMSJ9",
          "dependencies": [
            "aws_vpc.acqa-test-vpc1"
          ]
        }
      ]
    },
    {
      "mode": "managed",
      "type": "aws_subnet",
      "name": "acqa-test-albsubnet2",
      "provider": "provider[\"registry.terraform.io/hashicorp/aws\"]",
      "instances": [
        {
          "schema_version": 1,
          "attributes": {
            "arn": "arn:aws:ec2:ca-central-1:641885301384:subnet/subnet-01daa2ca4691815de",
            "assign_ipv6_address_on_creation": false,
            "availability_zone": "ca-central-1d",
            "availability_zone_id": "cac1-az4",
            "cidr_block": "10.0.38.0/24",
            "id": "subnet-01daa2ca4691815de",
            "ipv6_cidr_block": "",
            "ipv6_cidr_block_association_id": "",
            "map_public_ip_on_launch": true,
            "outpost_arn": "",
            "owner_id": "641885301384",
            "tags": {
              "ACQAResource": "true",
              "Name": "acqa-test-albsubnet2",
              "Owner": "AC-QA"
            },
            "timeouts": null,
            "vpc_id": "vpc-050686ece794dd50b"
          },
          "private": "eyJlMmJmYjczMC1lY2FhLTExZTYtOGY4OC0zNDM2M2JjN2M0YzAiOnsiY3JlYXRlIjo2MDAwMDAwMDAwMDAsImRlbGV0ZSI6MTIwMDAwMDAwMDAwMH0sInNjaGVtYV92ZXJzaW9uIjoiMSJ9",
          "dependencies": [
            "aws_vpc.acqa-test-vpc1"
          ]
        }
      ]
    },
    {
      "mode": "managed",
      "type": "aws_subnet",
      "name": "acqa-test-subnet1",
      "provider": "provider[\"registry.terraform.io/hashicorp/aws\"]",
      "instances": [
        {
          "schema_version": 1,
          "attributes": {
            "arn": "arn:aws:ec2:ca-central-1:641885301384:subnet/subnet-090cd5c2681d64be8",
            "assign_ipv6_address_on_creation": false,
            "availability_zone": "ca-central-1b",
            "availability_zone_id": "cac1-az2",
            "cidr_block": "10.0.0.0/24",
            "id": "subnet-090cd5c2681d64be8",
            "ipv6_cidr_block": "",
            "ipv6_cidr_block_association_id": "",
            "map_public_ip_on_launch": true,
            "outpost_arn": "",
            "owner_id": "641885301384",
            "tags": {
              "ACQAResource": "true",
              "Name": "acqa-test-subnet1",
              "Owner": "AC-QA"
            },
            "timeouts": null,
            "vpc_id": "vpc-050686ece794dd50b"
          },
          "private": "eyJlMmJmYjczMC1lY2FhLTExZTYtOGY4OC0zNDM2M2JjN2M0YzAiOnsiY3JlYXRlIjo2MDAwMDAwMDAwMDAsImRlbGV0ZSI6MTIwMDAwMDAwMDAwMH0sInNjaGVtYV92ZXJzaW9uIjoiMSJ9",
          "dependencies": [
            "aws_vpc.acqa-test-vpc1"
          ]
        }
      ]
    },
    {
      "mode": "managed",
      "type": "aws_vpc",
      "name": "acqa-test-vpc1",
      "provider": "provider[\"registry.terraform.io/hashicorp/aws\"]",
      "instances": [
        {
          "schema_version": 1,
          "attributes": {
            "arn": "arn:aws:ec2:ca-central-1:641885301384:vpc/vpc-050686ece794dd50b",
            "assign_generated_ipv6_cidr_block": false,
            "cidr_block": "10.0.0.0/16",
            "default_network_acl_id": "acl-0410d6cb0c0182790",
            "default_route_table_id": "rtb-09d65621bf4b111db",
            "default_security_group_id": "sg-0875474fe0c5c91db",
            "dhcp_options_id": "dopt-e0237f88",
            "enable_classiclink": null,
            "enable_classiclink_dns_support": null,
            "enable_dns_hostnames": false,
            "enable_dns_support": true,
            "id": "vpc-050686ece794dd50b",
            "instance_tenancy": "default",
            "ipv6_association_id": "",
            "ipv6_cidr_block": "",
            "main_route_table_id": "rtb-09d65621bf4b111db",
            "owner_id": "641885301384",
            "tags": {
              "ACQAResource": "true",
              "Name": "acqa-test-vpc1",
              "Owner": "AC-QA"
            }
          },
          "private": "eyJzY2hlbWFfdmVyc2lvbiI6IjEifQ=="
        }
      ]
    },
    {
      "module": "module.acqa-test-cbmodule1",
      "mode": "data",
      "type": "aws_caller_identity",
      "name": "current",
      "provider": "provider[\"registry.terraform.io/hashicorp/aws\"]",
      "instances": [
        {
          "schema_version": 0,
          "attributes": {
            "account_id": "641885301384",
            "arn": "arn:aws:iam::641885301384:user/saurabh@accurics.com",
            "id": "641885301384",
            "user_id": "AIDAZK42YNKEASIW33WLI"
          }
        }
      ]
    },
    {
      "module": "module.acqa-test-cbmodule1",
      "mode": "data",
      "type": "aws_iam_policy_document",
      "name": "codebuild_assume_role_policy",
      "provider": "provider[\"registry.terraform.io/hashicorp/aws\"]",
      "instances": [
        {
          "schema_version": 0,
          "attributes": {
            "id": "442947395",
            "json": "{\n  \"Version\": \"2012-10-17\",\n  \"Statement\": [\n    {\n      \"Sid\": \"\",\n      \"Effect\": \"Allow\",\n      \"Action\": \"sts:AssumeRole\",\n      \"Principal\": {\n        \"Service\": \"codebuild.amazonaws.com\"\n      }\n    }\n  ]\n}",
            "override_json": null,
            "policy_id": null,
            "source_json": null,
            "statement": [
              {
                "actions": [
                  "sts:AssumeRole"
                ],
                "condition": [],
                "effect": "Allow",
                "not_actions": [],
                "not_principals": [],
                "not_resources": [],
                "principals": [
                  {
                    "identifiers": [
                      "codebuild.amazonaws.com"
                    ],
                    "type": "Service"
                  }
                ],
                "resources": [],
                "sid": ""
              }
            ],
            "version": "2012-10-17"
          }
        }
      ]
    },
    {
      "module": "module.acqa-test-cbmodule1",
      "mode": "data",
      "type": "aws_iam_policy_document",
      "name": "codebuild_role_extra_policies",
      "provider": "provider[\"registry.terraform.io/hashicorp/aws\"]",
      "instances": [
        {
          "schema_version": 0,
          "attributes": {
            "id": "441489903",
            "json": "{\n  \"Version\": \"2012-10-17\",\n  \"Statement\": [\n    {\n      \"Sid\": \"\",\n      \"Effect\": \"Allow\",\n      \"Action\": [\n        \"logs:PutLogEvents\",\n        \"logs:CreateLogStream\",\n        \"logs:CreateLogGroup\"\n      ],\n      \"Resource\": [\n        \"arn:aws:logs:ca-central-1:641885301384:log-group:/aws/codebuild/acqa-test-cbmodule1:*\",\n        \"arn:aws:logs:ca-central-1:641885301384:log-group:/aws/codebuild/acqa-test-cbmodule1\"\n      ]\n    },\n    {\n      \"Sid\": \"\",\n      \"Effect\": \"Allow\",\n      \"Action\": [\n        \"s3:PutObject\",\n        \"s3:GetObjectVersion\",\n        \"s3:GetObject\"\n      ],\n      \"Resource\": \"arn:aws:s3:::codepipeline-ca-central-1-*\"\n    },\n    {\n      \"Sid\": \"\",\n      \"Effect\": \"Allow\",\n      \"Action\": [\n        \"ec2:Describe*\",\n        \"ec2:DeleteNetworkInterface\",\n        \"ec2:CreateNetworkInterface\"\n      ],\n      \"Resource\": \"*\"\n    },\n    {\n      \"Sid\": \"\",\n      \"Effect\": \"Allow\",\n      \"Action\": \"ec2:CreateNetworkInterfacePermission\",\n      \"Resource\": \"*\"\n    }\n  ]\n}",
            "override_json": null,
            "policy_id": null,
            "source_json": null,
            "statement": [
              {
                "actions": [
                  "logs:CreateLogGroup",
                  "logs:CreateLogStream",
                  "logs:PutLogEvents"
                ],
                "condition": [],
                "effect": "Allow",
                "not_actions": [],
                "not_principals": [],
                "not_resources": [],
                "principals": [],
                "resources": [
                  "arn:aws:logs:ca-central-1:641885301384:log-group:/aws/codebuild/acqa-test-cbmodule1",
                  "arn:aws:logs:ca-central-1:641885301384:log-group:/aws/codebuild/acqa-test-cbmodule1:*"
                ],
                "sid": ""
              },
              {
                "actions": [
                  "s3:GetObject",
                  "s3:GetObjectVersion",
                  "s3:PutObject"
                ],
                "condition": [],
                "effect": "Allow",
                "not_actions": [],
                "not_principals": [],
                "not_resources": [],
                "principals": [],
                "resources": [
                  "arn:aws:s3:::codepipeline-ca-central-1-*"
                ],
                "sid": ""
              },
              {
                "actions": [
                  "ec2:CreateNetworkInterface",
                  "ec2:DeleteNetworkInterface",
                  "ec2:Describe*"
                ],
                "condition": [],
                "effect": "Allow",
                "not_actions": [],
                "not_principals": [],
                "not_resources": [],
                "principals": [],
                "resources": [
                  "*"
                ],
                "sid": ""
              },
              {
                "actions": [
                  "ec2:CreateNetworkInterfacePermission"
                ],
                "condition": [],
                "effect": "Allow",
                "not_actions": [],
                "not_principals": [],
                "not_resources": [],
                "principals": [],
                "resources": [
                  "*"
                ],
                "sid": ""
              }
            ],
            "version": "2012-10-17"
          }
        }
      ]
    },
    {
      "module": "module.acqa-test-cbmodule1",
      "mode": "data",
      "type": "aws_region",
      "name": "current",
      "provider": "provider[\"registry.terraform.io/hashicorp/aws\"]",
      "instances": [
        {
          "schema_version": 0,
          "attributes": {
            "description": "Canada (Central)",
            "endpoint": "ec2.ca-central-1.amazonaws.com",
            "id": "ca-central-1",
            "name": "ca-central-1"
          }
        }
      ]
    },
    {
      "module": "module.acqa-test-cbmodule1",
      "mode": "managed",
      "type": "aws_codebuild_project",
      "name": "cb_project",
      "provider": "provider[\"registry.terraform.io/hashicorp/aws\"]",
      "instances": [
        {
          "schema_version": 0,
          "attributes": {
            "arn": "arn:aws:codebuild:ca-central-1:641885301384:project/acqa-test-cbmodule1",
            "artifacts": [
              {
                "artifact_identifier": "",
                "encryption_disabled": false,
                "location": "acqa-test-s3bucket1",
                "name": "acqa-test-cbmodule1",
                "namespace_type": "NONE",
                "override_artifact_name": false,
                "packaging": "ZIP",
                "path": "/",
                "type": "S3"
              }
            ],
            "badge_enabled": false,
            "badge_url": "",
            "build_timeout": 60,
            "cache": [
              {
                "location": "acqa-test-s3bucket1",
                "modes": [],
                "type": "S3"
              }
            ],
            "description": "Codebuild for deploying acqa-test-module1 app with variables",
            "encryption_key": "arn:aws:kms:ca-central-1:641885301384:alias/aws/s3",
            "environment": [
              {
                "certificate": "",
                "compute_type": "BUILD_GENERAL1_SMALL",
                "environment_variable": [
                  {
                    "name": "REGISTRY_URL",
                    "type": "PLAINTEXT",
                    "value": "012345678910.dkr.ecr.ca-central-1.amazonaws.com/acqa-test-cbmodule1-ecr"
                  },
                  {
                    "name": "AWS_CANADA",
                    "type": "PLAINTEXT",
                    "value": "ca-central-1"
                  }
                ],
                "image": "aws/codebuild/standard:2.0",
                "image_pull_credentials_type": "CODEBUILD",
                "privileged_mode": true,
                "registry_credential": [],
                "type": "LINUX_CONTAINER"
              }
            ],
            "id": "arn:aws:codebuild:ca-central-1:641885301384:project/acqa-test-cbmodule1",
            "logs_config": [
              {
                "cloudwatch_logs": [
                  {
                    "group_name": "",
                    "status": "ENABLED",
                    "stream_name": ""
                  }
                ],
                "s3_logs": [
                  {
                    "encryption_disabled": true,
                    "location": "acqa-test-s3bucket1/build-var-log",
                    "status": "ENABLED"
                  }
                ]
              }
            ],
            "name": "acqa-test-cbmodule1",
            "queued_timeout": 480,
            "secondary_artifacts": [],
            "secondary_sources": [],
            "service_role": "arn:aws:iam::641885301384:role/acqa-test-cbmodule1-service-role",
            "source": [
              {
                "auth": [],
                "buildspec": "",
                "git_clone_depth": 1,
                "git_submodules_config": [],
                "insecure_ssl": false,
                "location": "https://github.com/lgallard/codebuild-example.git",
                "report_build_status": false,
                "type": "GITHUB"
              }
            ],
            "source_version": "master",
            "tags": {
              "ACQAResource": "true",
              "Name": "acqa-test-module1",
              "Owner": "AC-QA"
            },
            "vpc_config": []
          },
          "private": "bnVsbA==",
          "dependencies": [
            "aws_s3_bucket.acqa-test-s3bucket1",
            "data.aws_canonical_user_id.current_user",
            "module.acqa-test-cbmodule1.aws_iam_role.service_role"
          ]
        }
      ]
    },
    {
      "module": "module.acqa-test-cbmodule1",
      "mode": "managed",
      "type": "aws_iam_role",
      "name": "service_role",
      "provider": "provider[\"registry.terraform.io/hashicorp/aws\"]",
      "instances": [
        {
          "schema_version": 0,
          "attributes": {
            "arn": "arn:aws:iam::641885301384:role/acqa-test-cbmodule1-service-role",
            "assume_role_policy": "{\"Version\":\"2012-10-17\",\"Statement\":[{\"Sid\":\"\",\"Effect\":\"Allow\",\"Principal\":{\"Service\":\"codebuild.amazonaws.com\"},\"Action\":\"sts:AssumeRole\"}]}",
            "create_date": "2020-10-25T17:57:41Z",
            "description": "",
            "force_detach_policies": false,
            "id": "acqa-test-cbmodule1-service-role",
            "max_session_duration": 3600,
            "name": "acqa-test-cbmodule1-service-role",
            "name_prefix": null,
            "path": "/",
            "permissions_boundary": null,
            "tags": {},
            "unique_id": "AROAZK42YNKEFP7RQKFA7"
          },
          "private": "bnVsbA==",
          "dependencies": [
            "module.acqa-test-cbmodule1.data.aws_iam_policy_document.codebuild_assume_role_policy"
          ]
        }
      ]
    },
    {
      "module": "module.acqa-test-cbmodule1",
      "mode": "managed",
      "type": "aws_iam_role_policy",
      "name": "codebuild_role_extra_policies",
      "provider": "provider[\"registry.terraform.io/hashicorp/aws\"]",
      "instances": [
        {
          "schema_version": 0,
          "attributes": {
            "id": "acqa-test-cbmodule1-service-role:terraform-20201025175743464700000004",
            "name": "terraform-20201025175743464700000004",
            "name_prefix": null,
            "policy": "{\n  \"Version\": \"2012-10-17\",\n  \"Statement\": [\n    {\n      \"Sid\": \"\",\n      \"Effect\": \"Allow\",\n      \"Action\": [\n        \"logs:PutLogEvents\",\n        \"logs:CreateLogStream\",\n        \"logs:CreateLogGroup\"\n      ],\n      \"Resource\": [\n        \"arn:aws:logs:ca-central-1:641885301384:log-group:/aws/codebuild/acqa-test-cbmodule1:*\",\n        \"arn:aws:logs:ca-central-1:641885301384:log-group:/aws/codebuild/acqa-test-cbmodule1\"\n      ]\n    },\n    {\n      \"Sid\": \"\",\n      \"Effect\": \"Allow\",\n      \"Action\": [\n        \"s3:PutObject\",\n        \"s3:GetObjectVersion\",\n        \"s3:GetObject\"\n      ],\n      \"Resource\": \"arn:aws:s3:::codepipeline-ca-central-1-*\"\n    },\n    {\n      \"Sid\": \"\",\n      \"Effect\": \"Allow\",\n      \"Action\": [\n        \"ec2:Describe*\",\n        \"ec2:DeleteNetworkInterface\",\n        \"ec2:CreateNetworkInterface\"\n      ],\n      \"Resource\": \"*\"\n    },\n    {\n      \"Sid\": \"\",\n      \"Effect\": \"Allow\",\n      \"Action\": \"ec2:CreateNetworkInterfacePermission\",\n      \"Resource\": \"*\"\n    }\n  ]\n}",
            "role": "acqa-test-cbmodule1-service-role"
          },
          "private": "bnVsbA==",
          "dependencies": [
            "module.acqa-test-cbmodule1.aws_iam_role.service_role",
            "module.acqa-test-cbmodule1.data.aws_iam_policy_document.codebuild_assume_role_policy",
            "module.acqa-test-cbmodule1.data.aws_iam_policy_document.codebuild_role_extra_policies"
          ]
        }
      ]
    }
  ]
}
