{"format_version":"0.1","terraform_version":"0.13.6","variables":{"acqaPrefix":{"value":"acqa-test"}},"planned_values":{"root_module":{"resources":[{"address":"aws_accessanalyzer_analyzer.acqa-test-iamaccessanalyzer1","mode":"managed","type":"aws_accessanalyzer_analyzer","name":"acqa-test-iamaccessanalyzer1","provider_name":"registry.terraform.io/hashicorp/aws","schema_version":0,"values":{"analyzer_name":"acqa-test-iamaccessanalyzer1","tags":{"ACQAResource":"true","Name":"acqa-test-iamaccessanalyzer1"},"tags_all":{"ACQAResource":"true","Name":"acqa-test-iamaccessanalyzer1"},"type":"ACCOUNT"}},{"address":"aws_autoscaling_group.acqa-test-asg1","mode":"managed","type":"aws_autoscaling_group","name":"acqa-test-asg1","provider_name":"registry.terraform.io/hashicorp/aws","schema_version":0,"values":{"capacity_rebalance":null,"desired_capacity":1,"enabled_metrics":null,"force_delete":true,"force_delete_warm_pool":false,"health_check_grace_period":300,"health_check_type":"EC2","initial_lifecycle_hook":[{"default_result":"CONTINUE","heartbeat_timeout":2000,"lifecycle_transition":"autoscaling:EC2_INSTANCE_LAUNCHING","name":"aqa-test-asg1-lifecyclehook1","notification_metadata":"{\n  \"foo\": \"bar\"\n}\n","notification_target_arn":"","role_arn":""}],"instance_refresh":[],"launch_configuration":"acqa-test-launchconfig1","launch_template":[],"load_balancers":null,"max_instance_lifetime":null,"max_size":1,"metrics_granularity":"1Minute","min_elb_capacity":null,"min_size":1,"mixed_instances_policy":[],"name":"acqa-test-asg1","protect_from_scale_in":false,"suspended_processes":null,"tag":[{"key":"ACQAResource","propagate_at_launch":false,"value":"true"},{"key":"Name","propagate_at_launch":false,"value":"acqa-test-asg1"}],"tags":null,"target_group_arns":null,"termination_policies":null,"timeouts":{"delete":"15m"},"wait_for_capacity_timeout":"0","wait_for_elb_capacity":null,"warm_pool":[]}},{"address":"aws_cloudfront_distribution.acqa-test-cloudfront1","mode":"managed","type":"aws_cloudfront_distribution","name":"acqa-test-cloudfront1","provider_name":"registry.terraform.io/hashicorp/aws","schema_version":1,"values":{"aliases":null,"comment":"acqa-test-cloudfront1","custom_error_response":[],"default_cache_behavior":[{"allowed_methods":["DELETE","GET","HEAD","OPTIONS","PATCH","POST","PUT"],"cache_policy_id":null,"cached_methods":["GET","HEAD"],"compress":false,"default_ttl":3600,"field_level_encryption_id":null,"forwarded_values":[{"cookies":[{"forward":"none"}],"query_string":false}],"function_association":[],"lambda_function_association":[],"max_ttl":86400,"min_ttl":0,"origin_request_policy_id":null,"realtime_log_config_arn":null,"response_headers_policy_id":null,"smooth_streaming":null,"viewer_protocol_policy":"allow-all"}],"default_root_object":"index.html","enabled":false,"http_version":"http2","is_ipv6_enabled":false,"logging_config":[],"ordered_cache_behavior":[{"allowed_methods":["GET","HEAD","OPTIONS"],"cache_policy_id":null,"cached_methods":["GET","HEAD","OPTIONS"],"compress":false,"default_ttl":86400,"field_level_encryption_id":null,"forwarded_values":[{"cookies":[{"forward":"none","whitelisted_names":null}],"headers":["Origin"],"query_string":false}],"function_association":[],"lambda_function_association":[],"max_ttl":31536000,"min_ttl":0,"origin_request_policy_id":null,"path_pattern":"/content/immutable/*","realtime_log_config_arn":null,"response_headers_policy_id":null,"smooth_streaming":null,"trusted_key_groups":null,"trusted_signers":null,"viewer_protocol_policy":"redirect-to-https"},{"allowed_methods":["GET","HEAD","OPTIONS"],"cache_policy_id":null,"cached_methods":["GET","HEAD"],"compress":true,"default_ttl":3600,"field_level_encryption_id":null,"forwarded_values":[{"cookies":[{"forward":"none","whitelisted_names":null}],"query_string":false}],"function_association":[],"lambda_function_association":[],"max_ttl":86400,"min_ttl":0,"origin_request_policy_id":null,"path_pattern":"/content/*","realtime_log_config_arn":null,"response_headers_policy_id":null,"smooth_streaming":null,"trusted_key_groups":null,"trusted_signers":null,"viewer_protocol_policy":"redirect-to-https"}],"origin":[{"connection_attempts":3,"connection_timeout":10,"custom_header":[],"custom_origin_config":[],"origin_path":"","origin_shield":[],"s3_origin_config":[{}]}],"origin_group":[],"price_class":"PriceClass_200","restrictions":[{"geo_restriction":[{"locations":["CA","DE","GB","US"],"restriction_type":"whitelist"}]}],"retain_on_delete":false,"tags":{"ACQAResource":"true","Name":"acqa-test-cloudfront1","Owner":"ACQA"},"tags_all":{"ACQAResource":"true","Name":"acqa-test-cloudfront1","Owner":"ACQA"},"viewer_certificate":[{"acm_certificate_arn":"arn:aws:acm:us-east-1:641885301384:certificate/b5b12158-c4cd-4662-bc04-ecfe18a1bdc3","cloudfront_default_certificate":false,"iam_certificate_id":null,"minimum_protocol_version":"TLSv1","ssl_support_method":"sni-only"}],"wait_for_deployment":true,"web_acl_id":null}},{"address":"aws_cloudfront_origin_access_identity.acqa-test-oai1","mode":"managed","type":"aws_cloudfront_origin_access_identity","name":"acqa-test-oai1","provider_name":"registry.terraform.io/hashicorp/aws","schema_version":0,"values":{"comment":"acqa-test-oai1"}},{"address":"aws_cloudwatch_log_group.acqa-test-cwlg1","mode":"managed","type":"aws_cloudwatch_log_group","name":"acqa-test-cwlg1","provider_name":"registry.terraform.io/hashicorp/aws","schema_version":0,"values":{"kms_key_id":null,"name":"acqa-test-cwlg1","name_prefix":null,"retention_in_days":0,"tags":{"ACQAResource":"true","Name":"acqa-test-cwlg1","Owner":"ACQA"},"tags_all":{"ACQAResource":"true","Name":"acqa-test-cwlg1","Owner":"ACQA"}}},{"address":"aws_cloudwatch_log_group.acqa-test-cwlg2","mode":"managed","type":"aws_cloudwatch_log_group","name":"acqa-test-cwlg2","provider_name":"registry.terraform.io/hashicorp/aws","schema_version":0,"values":{"kms_key_id":null,"name":"acqa-test-cwlg2","name_prefix":null,"retention_in_days":0,"tags":{"ACQAResource":"true","Name":"acqa-test-cwlg2","Owner":"AC-QA"},"tags_all":{"ACQAResource":"true","Name":"acqa-test-cwlg2","Owner":"AC-QA"}}},{"address":"aws_cloudwatch_log_stream.acqa-test-cwstream1","mode":"managed","type":"aws_cloudwatch_log_stream","name":"acqa-test-cwstream1","provider_name":"registry.terraform.io/hashicorp/aws","schema_version":0,"values":{"log_group_name":"acqa-test-cwlg1","name":"acqa-test-cwstream1"}},{"address":"aws_codecommit_repository.acqa-test-ccrepo1","mode":"managed","type":"aws_codecommit_repository","name":"acqa-test-ccrepo1","provider_name":"registry.terraform.io/hashicorp/aws","schema_version":0,"values":{"default_branch":null,"description":"acqa-test-ccrepo1","repository_name":"acqa-test-ccrepo1","tags":{"ACQAResource":"true","Name":"acqa-test-cloudfront1","Owner":"ACQA"},"tags_all":{"ACQAResource":"true","Name":"acqa-test-cloudfront1","Owner":"ACQA"}}},{"address":"aws_dynamodb_table.acqa-test-dynamodbtable1","mode":"managed","type":"aws_dynamodb_table","name":"acqa-test-dynamodbtable1","provider_name":"registry.terraform.io/hashicorp/aws","schema_version":1,"values":{"attribute":[{"name":"TestTableHashKey","type":"S"}],"billing_mode":"PAY_PER_REQUEST","global_secondary_index":[],"hash_key":"TestTableHashKey","local_secondary_index":[],"name":"acqa-test-dynamodbtable1","range_key":null,"replica":[],"restore_date_time":null,"restore_source_name":null,"restore_to_latest_time":null,"server_side_encryption":[{"enabled":false}],"stream_enabled":true,"stream_view_type":"NEW_AND_OLD_IMAGES","table_class":null,"tags":{"ACQAResource":"true","Name":"acqa-test-dynamodbtable1","Owner":"ACQA"},"tags_all":{"ACQAResource":"true","Name":"acqa-test-dynamodbtable1","Owner":"ACQA"},"timeouts":null}},{"address":"aws_ebs_volume.acqa-test-ebsvolume1","mode":"managed","type":"aws_ebs_volume","name":"acqa-test-ebsvolume1","provider_name":"registry.terraform.io/hashicorp/aws","schema_version":0,"values":{"availability_zone":"ca-central-1a","encrypted":false,"multi_attach_enabled":null,"outpost_arn":null,"size":25,"tags":{"ACQAResource":"true","Name":"acqa-test-ebsvolume1","Owner":"ACQA"},"tags_all":{"ACQAResource":"true","Name":"acqa-test-ebsvolume1","Owner":"ACQA"}}},{"address":"aws_ecr_repository.acqa-test-ecr1","mode":"managed","type":"aws_ecr_repository","name":"acqa-test-ecr1","provider_name":"registry.terraform.io/hashicorp/aws","schema_version":0,"values":{"encryption_configuration":[],"image_scanning_configuration":[{"scan_on_push":false}],"image_tag_mutability":"IMMUTABLE","name":"acqa-test-ecr1","tags":{"ACQAResource":"true","Name":"acqa-test-ecr1","Owner":"ACQA"},"tags_all":{"ACQAResource":"true","Name":"acqa-test-ecr1","Owner":"ACQA"},"timeouts":null}},{"address":"aws_ecs_cluster.acqa-test-ecs1","mode":"managed","type":"aws_ecs_cluster","name":"acqa-test-ecs1","provider_name":"registry.terraform.io/hashicorp/aws","schema_version":0,"values":{"capacity_providers":null,"configuration":[],"default_capacity_provider_strategy":[],"name":"acqa-test-ecs1","tags":{"ACQAResource":"true","Name":"acqa-test-ecs1","Owner":"ACQA"},"tags_all":{"ACQAResource":"true","Name":"acqa-test-ecs1","Owner":"ACQA"}}},{"address":"aws_eip.acqa-test-eip1","mode":"managed","type":"aws_eip","name":"acqa-test-eip1","provider_name":"registry.terraform.io/hashicorp/aws","schema_version":0,"values":{"address":null,"associate_with_private_ip":"10.0.0.50","customer_owned_ipv4_pool":null,"tags":{"ACQAResource":"true","Name":"acqa-test-eip1","Owner":"ACQA"},"tags_all":{"ACQAResource":"true","Name":"acqa-test-eip1","Owner":"ACQA"},"timeouts":null,"vpc":true}},{"address":"aws_eks_cluster.acqa-test-eksclstr1","mode":"managed","type":"aws_eks_cluster","name":"acqa-test-eksclstr1","provider_name":"registry.terraform.io/hashicorp/aws","schema_version":0,"values":{"enabled_cluster_log_types":null,"encryption_config":[],"name":"acqa-test-eksclstr1","role_arn":"arn:aws:iam::641885301384:role/AccuricsEKSMgmtRole","tags":{"ACQAResource":"true","Name":"acqa-test-eksclstr1"},"tags_all":{"ACQAResource":"true","Name":"acqa-test-eksclstr1"},"timeouts":null,"version":"1.17","vpc_config":[{"endpoint_private_access":true,"endpoint_public_access":false}]}},{"address":"aws_elastic_beanstalk_application.acqa-test-elasticbeanstalkapp1","mode":"managed","type":"aws_elastic_beanstalk_application","name":"acqa-test-elasticbeanstalkapp1","provider_name":"registry.terraform.io/hashicorp/aws","schema_version":0,"values":{"appversion_lifecycle":[{"delete_source_from_s3":true,"max_age_in_days":null,"max_count":128}],"description":"acqa-test-elasticbeanstalkapp1","name":"acqa-test-elasticbeanstalkapp1","tags":{"ACQAResource":"true","Owner":"ACQA"},"tags_all":{"ACQAResource":"true","Owner":"ACQA"}}},{"address":"aws_elasticache_cluster.acqa-test-elasticcachecluster1","mode":"managed","type":"aws_elasticache_cluster","name":"acqa-test-elasticcachecluster1","provider_name":"registry.terraform.io/hashicorp/aws","schema_version":0,"values":{"cluster_id":"acqa-test-elasticcachecluster1","engine":"memcached","final_snapshot_identifier":null,"node_type":"cache.m4.large","notification_topic_arn":null,"num_cache_nodes":1,"parameter_group_name":"default.memcached1.5","port":11211,"preferred_availability_zones":null,"snapshot_arns":null,"snapshot_name":null,"snapshot_retention_limit":null,"tags":{"ACQAResource":"true","Name":"acqa-test-elasticcachecluster1","Owner":"ACQA"},"tags_all":{"ACQAResource":"true","Name":"acqa-test-elasticcachecluster1","Owner":"ACQA"}}},{"address":"aws_flow_log.acqa-test-vpc1-flowlog1","mode":"managed","type":"aws_flow_log","name":"acqa-test-vpc1-flowlog1","provider_name":"registry.terraform.io/hashicorp/aws","schema_version":0,"values":{"destination_options":[],"eni_id":null,"log_destination_type":"cloud-watch-logs","max_aggregation_interval":600,"subnet_id":null,"tags":{"ACQAResource":"true","Name":"acqa-test-vpc1-flowlog1","Owner":"AC-QA"},"tags_all":{"ACQAResource":"true","Name":"acqa-test-vpc1-flowlog1","Owner":"AC-QA"},"traffic_type":"ALL"}},{"address":"aws_iam_role.acqa-test-flowlog-role1","mode":"managed","type":"aws_iam_role","name":"acqa-test-flowlog-role1","provider_name":"registry.terraform.io/hashicorp/aws","schema_version":0,"values":{"assume_role_policy":"{\n  \"Version\": \"2012-10-17\",\n  \"Statement\": [\n    {\n      \"Sid\": \"\",\n      \"Effect\": \"Allow\",\n      \"Principal\": {\n        \"Service\": \"vpc-flow-logs.amazonaws.com\"\n      },\n      \"Action\": \"sts:AssumeRole\"\n    }\n  ]\n}\n","description":null,"force_detach_policies":false,"max_session_duration":3600,"name":"acqa-test-flowlog-role1","path":"/","permissions_boundary":null,"tags":{"ACQAResource":"true","Name":"acqa-test-flowlog-role1","Owner":"AC-QA"},"tags_all":{"ACQAResource":"true","Name":"acqa-test-flowlog-role1","Owner":"AC-QA"}}},{"address":"aws_iam_role.acqa-test-iamrole1","mode":"managed","type":"aws_iam_role","name":"acqa-test-iamrole1","provider_name":"registry.terraform.io/hashicorp/aws","schema_version":0,"values":{"assume_role_policy":"{\n  \"Version\": \"2012-10-17\",\n  \"Statement\": [\n    {\n      \"Action\": \"sts:AssumeRole\",\n      \"Principal\": {\n        \"Service\": \"lambda.amazonaws.com\"\n      },\n      \"Effect\": \"Allow\",\n      \"Sid\": \"\"\n    }\n  ]\n}\n","description":null,"force_detach_policies":false,"max_session_duration":3600,"name":"acqa-test-iamrole1","path":"/","permissions_boundary":null,"tags":{"ACQAResource":"true","Name":"acqa-test-iamrole1","Owner":"ACQA"},"tags_all":{"ACQAResource":"true","Name":"acqa-test-iamrole1","Owner":"ACQA"}}},{"address":"aws_iam_role_policy.acqa-test-flowlog-rolepolicy1","mode":"managed","type":"aws_iam_role_policy","name":"acqa-test-flowlog-rolepolicy1","provider_name":"registry.terraform.io/hashicorp/aws","schema_version":0,"values":{"name":"acqa-test-flowlog-rolepolicy1","name_prefix":null,"policy":"{\n    \"Statement\": [\n        {\n            \"Action\": [\n                \"logs:CreateLogGroup\",\n                \"logs:CreateLogStream\",\n                \"logs:DescribeLogGroups\",\n                \"logs:DescribeLogStreams\",\n                \"logs:PutLogEvents\"\n            ],\n            \"Effect\": \"Allow\",\n            \"Resource\": \"*\"\n        }\n    ]\n}\n"}},{"address":"aws_instance.acqa-test-instance1","mode":"managed","type":"aws_instance","name":"acqa-test-instance1","provider_name":"registry.terraform.io/hashicorp/aws","schema_version":1,"values":{"ami":"ami-0aee2d0182c9054ac","credit_specification":[],"get_password_data":false,"hibernation":null,"iam_instance_profile":null,"instance_type":"t2.micro","launch_template":[],"network_interface":[{"delete_on_termination":false,"device_index":0}],"source_dest_check":null,"tags":{"ACQAResource":"true","Name":"acqa-test-instance1","Owner":"ACQA"},"tags_all":{"ACQAResource":"true","Name":"acqa-test-instance1","Owner":"ACQA"},"timeouts":null,"volume_tags":null}},{"address":"aws_internet_gateway.acqa-test-gateway1","mode":"managed","type":"aws_internet_gateway","name":"acqa-test-gateway1","provider_name":"registry.terraform.io/hashicorp/aws","schema_version":0,"values":{"tags":{"ACQAResource":"true","Name":"acqa-test-gateway1","Owner":"ACQA"},"tags_all":{"ACQAResource":"true","Name":"acqa-test-gateway1","Owner":"ACQA"}}},{"address":"aws_kinesis_firehose_delivery_stream.acqa-test-kinesisfirehoseds1","mode":"managed","type":"aws_kinesis_firehose_delivery_stream","name":"acqa-test-kinesisfirehoseds1","provider_name":"registry.terraform.io/hashicorp/aws","schema_version":1,"values":{"arn":"arn:aws:firehose:ca-central-1:641885301384:deliverystream/acqa-test-kinesisfirehoseds1","destination":"extended_s3","destination_id":"destinationId-000000000001","elasticsearch_configuration":[],"extended_s3_configuration":[{"bucket_arn":"arn:aws:s3:::acqa-test-s3bucket1","buffer_interval":900,"buffer_size":5,"cloudwatch_logging_options":[{"enabled":true,"log_group_name":"/aws/kinesisfirehose/acqa-test-kinesisfirehoseds1","log_stream_name":"S3Delivery"}],"compression_format":"UNCOMPRESSED","data_format_conversion_configuration":[],"dynamic_partitioning_configuration":[],"error_output_prefix":null,"kms_key_arn":null,"prefix":null,"processing_configuration":[{"enabled":false,"processors":[]}],"role_arn":"arn:aws:iam::641885301384:role/service-role/KinesisFirehoseServiceRole-acqa-test--ca-central-1-1603971996403","s3_backup_configuration":[],"s3_backup_mode":"Disabled"}],"http_endpoint_configuration":[],"kinesis_source_configuration":[],"name":"acqa-test-kinesisfirehoseds1","redshift_configuration":[],"s3_configuration":[],"server_side_encryption":[{"enabled":false,"key_arn":null,"key_type":"AWS_OWNED_CMK"}],"splunk_configuration":[],"tags":{"ACQAResource":"true","Name":"acqa-test-kinesisfirehoseds1","Owner":"AC-QA"},"tags_all":{"ACQAResource":"true","Name":"acqa-test-kinesisfirehoseds1","Owner":"AC-QA"}}},{"address":"aws_kinesis_stream.acqa-test-kinessisds1","mode":"managed","type":"aws_kinesis_stream","name":"acqa-test-kinessisds1","provider_name":"registry.terraform.io/hashicorp/aws","schema_version":1,"values":{"arn":"arn:aws:kinesis:ca-central-1:641885301384:stream/acqa-test-kinessisds1","encryption_type":"NONE","enforce_consumer_deletion":false,"kms_key_id":null,"name":"acqa-test-kinessisds1","retention_period":24,"shard_count":1,"shard_level_metrics":null,"tags":null,"timeouts":null}},{"address":"aws_kms_key.acqa-test-kmskey1","mode":"managed","type":"aws_kms_key","name":"acqa-test-kmskey1","provider_name":"registry.terraform.io/hashicorp/aws","schema_version":0,"values":{"bypass_policy_lockout_safety_check":false,"customer_master_key_spec":"SYMMETRIC_DEFAULT","deletion_window_in_days":30,"description":"acqa-test-kmskey1","enable_key_rotation":false,"is_enabled":true,"key_usage":"ENCRYPT_DECRYPT","tags":{"ACQAResource":"true","Name":"acqa-test-kmskey1","Owner":"ACQA"},"tags_all":{"ACQAResource":"true","Name":"acqa-test-kmskey1","Owner":"ACQA"}}},{"address":"aws_lambda_function.acqa-test-lambda1","mode":"managed","type":"aws_lambda_function","name":"acqa-test-lambda1","provider_name":"registry.terraform.io/hashicorp/aws","schema_version":0,"values":{"code_signing_config_arn":null,"dead_letter_config":[],"description":null,"environment":[{"variables":{"foo":"bar"}}],"file_system_config":[],"filename":"acqa-test-lambda1.zip","function_name":"acqa-test-lambda1","handler":"exports.test","image_config":[],"image_uri":null,"kms_key_arn":null,"layers":null,"memory_size":128,"package_type":"Zip","publish":false,"reserved_concurrent_executions":-1,"runtime":"nodejs12.x","s3_bucket":null,"s3_key":null,"s3_object_version":null,"source_code_hash":"18tLf00/YOCMKzwH0khGKLJSkUjy+w7i+ufjteusgfA=","tags":{"ACQAResource":"true","Name":"acqa-test-lamda1","Owner":"ACQA"},"tags_all":{"ACQAResource":"true","Name":"acqa-test-lamda1","Owner":"ACQA"},"timeout":3,"timeouts":null,"vpc_config":[]}},{"address":"aws_launch_configuration.acqa-test-launchconfig1","mode":"managed","type":"aws_launch_configuration","name":"acqa-test-launchconfig1","provider_name":"registry.terraform.io/hashicorp/aws","schema_version":0,"values":{"associate_public_ip_address":false,"enable_monitoring":true,"ephemeral_block_device":[],"iam_instance_profile":null,"image_id":"ami-0ad340a3355388c70","instance_type":"t2.micro","name":"acqa-test-launchconfig1","placement_tenancy":null,"security_groups":null,"spot_price":null,"user_data":null,"user_data_base64":null,"vpc_classic_link_id":null,"vpc_classic_link_security_groups":null}},{"address":"aws_lb.acqa-test-alb1","mode":"managed","type":"aws_lb","name":"acqa-test-alb1","provider_name":"registry.terraform.io/hashicorp/aws","schema_version":0,"values":{"access_logs":[],"customer_owned_ipv4_pool":null,"desync_mitigation_mode":"defensive","drop_invalid_header_fields":false,"enable_cross_zone_load_balancing":null,"enable_deletion_protection":false,"enable_http2":true,"enable_waf_fail_open":false,"idle_timeout":60,"internal":false,"load_balancer_type":"application","name":"acqa-test-alb1","name_prefix":null,"tags":{"ACQAResource":"true","Name":"acqa-test-alb1","Owner":"ACQA"},"tags_all":{"ACQAResource":"true","Name":"acqa-test-alb1","Owner":"ACQA"},"timeouts":null}},{"address":"aws_network_acl.acqa-test-nacl1","mode":"managed","type":"aws_network_acl","name":"acqa-test-nacl1","provider_name":"registry.terraform.io/hashicorp/aws","schema_version":0,"values":{"egress":[{"action":"allow","cidr_block":"10.3.0.0/18","from_port":443,"icmp_code":null,"icmp_type":null,"ipv6_cidr_block":"","protocol":"tcp","rule_no":200,"to_port":443}],"ingress":[{"action":"allow","cidr_block":"10.3.0.0/18","from_port":80,"icmp_code":null,"icmp_type":null,"ipv6_cidr_block":"","protocol":"tcp","rule_no":100,"to_port":80}],"tags":{"ACQAResource":"true","Name":"acqa-test-nacl1","Owner":"AC-QA"},"tags_all":{"ACQAResource":"true","Name":"acqa-test-nacl1","Owner":"AC-QA"}}},{"address":"aws_network_interface.acqa-test-networkinterface1","mode":"managed","type":"aws_network_interface","name":"acqa-test-networkinterface1","provider_name":"registry.terraform.io/hashicorp/aws","schema_version":0,"values":{"description":null,"private_ips":["10.0.0.50"],"source_dest_check":true,"tags":{"ACQAResource":"true","Name":"acqa-test-networkinterface1","Owner":"ACQA"},"tags_all":{"ACQAResource":"true","Name":"acqa-test-networkinterface1","Owner":"ACQA"}}},{"address":"aws_placement_group.acqa-test-placementgroup1","mode":"managed","type":"aws_placement_group","name":"acqa-test-placementgroup1","provider_name":"registry.terraform.io/hashicorp/aws","schema_version":0,"values":{"name":"acqa-test-placementgroup1","strategy":"partition","tags":{"ACQAResource":"true","Name":"acqa-test-placementgroup1","Owner":"ACQA"},"tags_all":{"ACQAResource":"true","Name":"acqa-test-placementgroup1","Owner":"ACQA"}}},{"address":"aws_route_table.acqa-test-routetable1","mode":"managed","type":"aws_route_table","name":"acqa-test-routetable1","provider_name":"registry.terraform.io/hashicorp/aws","schema_version":0,"values":{"route":[{"carrier_gateway_id":"","cidr_block":"0.0.0.0/0","destination_prefix_list_id":"","egress_only_gateway_id":"","instance_id":"","ipv6_cidr_block":"","local_gateway_id":"","nat_gateway_id":"","network_interface_id":"","transit_gateway_id":"","vpc_endpoint_id":"","vpc_peering_connection_id":""}],"tags":{"ACQAResource":"true","Name":"acqa-test-routetable1","Owner":"AC-QA"},"tags_all":{"ACQAResource":"true","Name":"acqa-test-routetable1","Owner":"AC-QA"},"timeouts":null}},{"address":"aws_s3_bucket.acqa-test-s3bucket1","mode":"managed","type":"aws_s3_bucket","name":"acqa-test-s3bucket1","provider_name":"registry.terraform.io/hashicorp/aws","schema_version":0,"values":{"acl":"private","bucket":"acqa-test-s3bucket1","bucket_prefix":null,"cors_rule":[],"force_destroy":false,"grant":[{"id":"","permissions":["READ","WRITE"],"type":"Group","uri":"http://acs.amazonaws.com/groups/s3/LogDelivery"},{"id":"c95c4facea6981c89948fa05426ece3b7f3d6bf2e02aaeebca36acb3fda02870","permissions":["FULL_CONTROL"],"type":"CanonicalUser","uri":""}],"lifecycle_rule":[],"logging":[],"object_lock_configuration":[],"policy":null,"replication_configuration":[],"server_side_encryption_configuration":[],"tags":{"ACQAResource":"true","Name":"acqa-test-s3bucket1","Owner":"ACQA"},"tags_all":{"ACQAResource":"true","Name":"acqa-test-s3bucket1","Owner":"ACQA"},"website":[]}},{"address":"aws_security_group.acqa-test-securitygroup1","mode":"managed","type":"aws_security_group","name":"acqa-test-securitygroup1","provider_name":"registry.terraform.io/hashicorp/aws","schema_version":1,"values":{"description":"This security group is for API test automation","egress":[{"cidr_blocks":["0.0.0.0/24"],"description":"","from_port":0,"ipv6_cidr_blocks":[],"prefix_list_ids":[],"protocol":"-1","security_groups":[],"self":false,"to_port":0}],"ingress":[{"cidr_blocks":["0.0.0.0/24"],"description":"","from_port":22,"ipv6_cidr_blocks":[],"prefix_list_ids":[],"protocol":"tcp","security_groups":[],"self":false,"to_port":22},{"cidr_blocks":["0.0.0.0/24"],"description":"","from_port":3306,"ipv6_cidr_blocks":[],"prefix_list_ids":[],"protocol":"tcp","security_groups":[],"self":false,"to_port":3306},{"cidr_blocks":["0.0.0.0/24"],"description":"","from_port":3333,"ipv6_cidr_blocks":[],"prefix_list_ids":[],"protocol":"tcp","security_groups":[],"self":false,"to_port":3333},{"cidr_blocks":["0.0.0.0/24"],"description":"","from_port":80,"ipv6_cidr_blocks":[],"prefix_list_ids":[],"protocol":"tcp","security_groups":[],"self":false,"to_port":80},{"cidr_blocks":["0.0.0.0/24"],"description":"","from_port":9020,"ipv6_cidr_blocks":[],"prefix_list_ids":[],"protocol":"tcp","security_groups":[],"self":false,"to_port":9020}],"name":"acqa-test-securitygroup1","revoke_rules_on_delete":false,"tags":{"ACQAResource":"true","Name":"acqa-test-securitygroup1","Owner":"ACQA"},"tags_all":{"ACQAResource":"true","Name":"acqa-test-securitygroup1","Owner":"ACQA"},"timeouts":null}},{"address":"aws_subnet.acqa-test-albsubnet1","mode":"managed","type":"aws_subnet","name":"acqa-test-albsubnet1","provider_name":"registry.terraform.io/hashicorp/aws","schema_version":1,"values":{"assign_ipv6_address_on_creation":false,"cidr_block":"10.0.44.0/24","customer_owned_ipv4_pool":null,"ipv6_cidr_block":null,"map_customer_owned_ip_on_launch":null,"map_public_ip_on_launch":true,"outpost_arn":null,"tags":{"ACQAResource":"true","Name":"acqa-test-albsubnet1","Owner":"ACQA"},"tags_all":{"ACQAResource":"true","Name":"acqa-test-albsubnet1","Owner":"ACQA"},"timeouts":null}},{"address":"aws_subnet.acqa-test-albsubnet2","mode":"managed","type":"aws_subnet","name":"acqa-test-albsubnet2","provider_name":"registry.terraform.io/hashicorp/aws","schema_version":1,"values":{"assign_ipv6_address_on_creation":false,"availability_zone":"ca-central-1d","cidr_block":"10.0.38.0/24","customer_owned_ipv4_pool":null,"ipv6_cidr_block":null,"map_customer_owned_ip_on_launch":null,"map_public_ip_on_launch":true,"outpost_arn":null,"tags":{"ACQAResource":"true","Name":"acqa-test-albsubnet2","Owner":"ACQA"},"tags_all":{"ACQAResource":"true","Name":"acqa-test-albsubnet2","Owner":"ACQA"},"timeouts":null}},{"address":"aws_subnet.acqa-test-subnet1","mode":"managed","type":"aws_subnet","name":"acqa-test-subnet1","provider_name":"registry.terraform.io/hashicorp/aws","schema_version":1,"values":{"assign_ipv6_address_on_creation":false,"cidr_block":"10.0.0.0/24","customer_owned_ipv4_pool":null,"ipv6_cidr_block":null,"map_customer_owned_ip_on_launch":null,"map_public_ip_on_launch":true,"outpost_arn":null,"tags":{"ACQAResource":"true","Name":"acqa-test-subnet1","Owner":"ACQA"},"tags_all":{"ACQAResource":"true","Name":"acqa-test-subnet1","Owner":"ACQA"},"timeouts":null}},{"address":"aws_vpc.acqa-test-vpc1","mode":"managed","type":"aws_vpc","name":"acqa-test-vpc1","provider_name":"registry.terraform.io/hashicorp/aws","schema_version":1,"values":{"assign_generated_ipv6_cidr_block":null,"cidr_block":"10.0.0.0/16","enable_dns_support":true,"instance_tenancy":"default","ipv4_ipam_pool_id":null,"ipv4_netmask_length":null,"ipv6_ipam_pool_id":null,"ipv6_netmask_length":null,"tags":{"ACQAResource":"true","Name":"acqa-test-vpc1","Owner":"ACQA"},"tags_all":{"ACQAResource":"true","Name":"acqa-test-vpc1","Owner":"ACQA"}}}],"child_modules":[{"resources":[{"address":"module.acqa-test-cbmodule1.aws_codebuild_project.cb_project","mode":"managed","type":"aws_codebuild_project","name":"cb_project","provider_name":"registry.terraform.io/hashicorp/aws","schema_version":0,"values":{"artifacts":[{"artifact_identifier":null,"encryption_disabled":false,"location":"acqa-test-s3bucket1","name":null,"namespace_type":null,"override_artifact_name":false,"packaging":"ZIP","path":"/","type":"S3"}],"badge_enabled":false,"build_batch_config":[],"build_timeout":60,"cache":[{"location":"acqa-test-s3bucket1","modes":[],"type":"S3"}],"concurrent_build_limit":null,"description":"Codebuild for deploying acqa-test-module1 app with variables","environment":[{"certificate":null,"compute_type":"BUILD_GENERAL1_SMALL","environment_variable":[{"name":"REGISTRY_URL","type":"PLAINTEXT","value":"012345678910.dkr.ecr.ca-central-1.amazonaws.com/acqa-test-cbmodule1-ecr"},{"name":"AWS_CANADA","type":"PLAINTEXT","value":"ca-central-1"}],"image":"aws/codebuild/standard:2.0","image_pull_credentials_type":"CODEBUILD","privileged_mode":true,"registry_credential":[],"type":"LINUX_CONTAINER"}],"file_system_locations":[],"logs_config":[{"cloudwatch_logs":[{}],"s3_logs":[{}]}],"name":"acqa-test-cbmodule1","queued_timeout":480,"secondary_artifacts":[],"secondary_sources":[],"source":[{"auth":[],"build_status_config":[],"buildspec":null,"git_clone_depth":1,"git_submodules_config":[],"insecure_ssl":false,"location":"https://github.com/lgallard/codebuild-example.git","report_build_status":false,"type":"GITHUB"}],"source_version":"master","tags":{"ACQAResource":"true","Name":"acqa-test-module1","Owner":"ACQA"},"tags_all":{"ACQAResource":"true","Name":"acqa-test-module1","Owner":"ACQA"},"vpc_config":[]}},{"address":"module.acqa-test-cbmodule1.aws_iam_role.service_role","mode":"managed","type":"aws_iam_role","name":"service_role","provider_name":"registry.terraform.io/hashicorp/aws","schema_version":0,"values":{"assume_role_policy":"{\n  \"Version\": \"2012-10-17\",\n  \"Statement\": [\n    {\n      \"Sid\": \"\",\n      \"Effect\": \"Allow\",\n      \"Action\": \"sts:AssumeRole\",\n      \"Principal\": {\n        \"Service\": \"codebuild.amazonaws.com\"\n      }\n    }\n  ]\n}","description":null,"force_detach_policies":false,"max_session_duration":3600,"name":"acqa-test-cbmodule1-service-role","path":"/","permissions_boundary":null,"tags":null}},{"address":"module.acqa-test-cbmodule1.aws_iam_role_policy.codebuild_role_extra_policies","mode":"managed","type":"aws_iam_role_policy","name":"codebuild_role_extra_policies","provider_name":"registry.terraform.io/hashicorp/aws","schema_version":0,"values":{"name_prefix":null,"policy":"{\n  \"Version\": \"2012-10-17\",\n  \"Statement\": [\n    {\n      \"Sid\": \"\",\n      \"Effect\": \"Allow\",\n      \"Action\": [\n        \"logs:PutLogEvents\",\n        \"logs:CreateLogStream\",\n        \"logs:CreateLogGroup\"\n      ],\n      \"Resource\": [\n        \"arn:aws:logs:ca-central-1:641885301384:log-group:/aws/codebuild/acqa-test-cbmodule1:*\",\n        \"arn:aws:logs:ca-central-1:641885301384:log-group:/aws/codebuild/acqa-test-cbmodule1\"\n      ]\n    },\n    {\n      \"Sid\": \"\",\n      \"Effect\": \"Allow\",\n      \"Action\": [\n        \"s3:PutObject\",\n        \"s3:GetObjectVersion\",\n        \"s3:GetObject\"\n      ],\n      \"Resource\": \"arn:aws:s3:::codepipeline-ca-central-1-*\"\n    },\n    {\n      \"Sid\": \"\",\n      \"Effect\": \"Allow\",\n      \"Action\": [\n        \"ec2:Describe*\",\n        \"ec2:DeleteNetworkInterface\",\n        \"ec2:CreateNetworkInterface\"\n      ],\n      \"Resource\": \"*\"\n    },\n    {\n      \"Sid\": \"\",\n      \"Effect\": \"Allow\",\n      \"Action\": \"ec2:CreateNetworkInterfacePermission\",\n      \"Resource\": \"*\"\n    }\n  ]\n}","role":"acqa-test-cbmodule1-service-role"}},{"address":"module.acqa-test-cbmodule1.data.aws_iam_policy_document.codebuild_assume_role_policy","mode":"data","type":"aws_iam_policy_document","name":"codebuild_assume_role_policy","provider_name":"registry.terraform.io/hashicorp/aws","schema_version":0,"values":{"id":"442947395","json":"{\n  \"Version\": \"2012-10-17\",\n  \"Statement\": [\n    {\n      \"Sid\": \"\",\n      \"Effect\": \"Allow\",\n      \"Action\": \"sts:AssumeRole\",\n      \"Principal\": {\n        \"Service\": \"codebuild.amazonaws.com\"\n      }\n    }\n  ]\n}","override_json":null,"override_policy_documents":null,"policy_id":null,"source_json":null,"source_policy_documents":null,"statement":[{"actions":["sts:AssumeRole"],"condition":[],"effect":"Allow","not_actions":[],"not_principals":[],"not_resources":[],"principals":[{"identifiers":["codebuild.amazonaws.com"],"type":"Service"}],"resources":[],"sid":""}],"version":"2012-10-17"}},{"address":"module.acqa-test-cbmodule1.data.aws_iam_policy_document.codebuild_role_extra_policies","mode":"data","type":"aws_iam_policy_document","name":"codebuild_role_extra_policies","provider_name":"registry.terraform.io/hashicorp/aws","schema_version":0,"values":{"id":"441489903","json":"{\n  \"Version\": \"2012-10-17\",\n  \"Statement\": [\n    {\n      \"Sid\": \"\",\n      \"Effect\": \"Allow\",\n      \"Action\": [\n        \"logs:PutLogEvents\",\n        \"logs:CreateLogStream\",\n        \"logs:CreateLogGroup\"\n      ],\n      \"Resource\": [\n        \"arn:aws:logs:ca-central-1:641885301384:log-group:/aws/codebuild/acqa-test-cbmodule1:*\",\n        \"arn:aws:logs:ca-central-1:641885301384:log-group:/aws/codebuild/acqa-test-cbmodule1\"\n      ]\n    },\n    {\n      \"Sid\": \"\",\n      \"Effect\": \"Allow\",\n      \"Action\": [\n        \"s3:PutObject\",\n        \"s3:GetObjectVersion\",\n        \"s3:GetObject\"\n      ],\n      \"Resource\": \"arn:aws:s3:::codepipeline-ca-central-1-*\"\n    },\n    {\n      \"Sid\": \"\",\n      \"Effect\": \"Allow\",\n      \"Action\": [\n        \"ec2:Describe*\",\n        \"ec2:DeleteNetworkInterface\",\n        \"ec2:CreateNetworkInterface\"\n      ],\n      \"Resource\": \"*\"\n    },\n    {\n      \"Sid\": \"\",\n      \"Effect\": \"Allow\",\n      \"Action\": \"ec2:CreateNetworkInterfacePermission\",\n      \"Resource\": \"*\"\n    }\n  ]\n}","override_json":null,"override_policy_documents":null,"policy_id":null,"source_json":null,"source_policy_documents":null,"statement":[{"actions":["logs:CreateLogGroup","logs:CreateLogStream","logs:PutLogEvents"],"condition":[],"effect":"Allow","not_actions":[],"not_principals":[],"not_resources":[],"principals":[],"resources":["arn:aws:logs:ca-central-1:641885301384:log-group:/aws/codebuild/acqa-test-cbmodule1","arn:aws:logs:ca-central-1:641885301384:log-group:/aws/codebuild/acqa-test-cbmodule1:*"],"sid":""},{"actions":["s3:GetObject","s3:GetObjectVersion","s3:PutObject"],"condition":[],"effect":"Allow","not_actions":[],"not_principals":[],"not_resources":[],"principals":[],"resources":["arn:aws:s3:::codepipeline-ca-central-1-*"],"sid":""},{"actions":["ec2:CreateNetworkInterface","ec2:DeleteNetworkInterface","ec2:Describe*"],"condition":[],"effect":"Allow","not_actions":[],"not_principals":[],"not_resources":[],"principals":[],"resources":["*"],"sid":""},{"actions":["ec2:CreateNetworkInterfacePermission"],"condition":[],"effect":"Allow","not_actions":[],"not_principals":[],"not_resources":[],"principals":[],"resources":["*"],"sid":""}],"version":"2012-10-17"}}],"address":"module.acqa-test-cbmodule1"}]}},"resource_changes":[{"address":"aws_accessanalyzer_analyzer.acqa-test-iamaccessanalyzer1","mode":"managed","type":"aws_accessanalyzer_analyzer","name":"acqa-test-iamaccessanalyzer1","provider_name":"registry.terraform.io/hashicorp/aws","change":{"actions":["create"],"before":null,"after":{"analyzer_name":"acqa-test-iamaccessanalyzer1","tags":{"ACQAResource":"true","Name":"acqa-test-iamaccessanalyzer1"},"tags_all":{"ACQAResource":"true","Name":"acqa-test-iamaccessanalyzer1"},"type":"ACCOUNT"},"after_unknown":{"arn":true,"id":true,"tags":{},"tags_all":{}}}},{"address":"aws_autoscaling_group.acqa-test-asg1","mode":"managed","type":"aws_autoscaling_group","name":"acqa-test-asg1","provider_name":"registry.terraform.io/hashicorp/aws","change":{"actions":["create"],"before":null,"after":{"capacity_rebalance":null,"desired_capacity":1,"enabled_metrics":null,"force_delete":true,"force_delete_warm_pool":false,"health_check_grace_period":300,"health_check_type":"EC2","initial_lifecycle_hook":[{"default_result":"CONTINUE","heartbeat_timeout":2000,"lifecycle_transition":"autoscaling:EC2_INSTANCE_LAUNCHING","name":"aqa-test-asg1-lifecyclehook1","notification_metadata":"{\n  \"foo\": \"bar\"\n}\n","notification_target_arn":"","role_arn":""}],"instance_refresh":[],"launch_configuration":"acqa-test-launchconfig1","launch_template":[],"load_balancers":null,"max_instance_lifetime":null,"max_size":1,"metrics_granularity":"1Minute","min_elb_capacity":null,"min_size":1,"mixed_instances_policy":[],"name":"acqa-test-asg1","protect_from_scale_in":false,"suspended_processes":null,"tag":[{"key":"ACQAResource","propagate_at_launch":false,"value":"true"},{"key":"Name","propagate_at_launch":false,"value":"acqa-test-asg1"}],"tags":null,"target_group_arns":null,"termination_policies":null,"timeouts":{"delete":"15m"},"wait_for_capacity_timeout":"0","wait_for_elb_capacity":null,"warm_pool":[]},"after_unknown":{"arn":true,"availability_zones":true,"default_cooldown":true,"id":true,"initial_lifecycle_hook":[{}],"instance_refresh":[],"launch_template":[],"mixed_instances_policy":[],"name_prefix":true,"placement_group":true,"service_linked_role_arn":true,"tag":[{},{}],"timeouts":{},"vpc_zone_identifier":true,"warm_pool":[]}}},{"address":"aws_cloudfront_distribution.acqa-test-cloudfront1","mode":"managed","type":"aws_cloudfront_distribution","name":"acqa-test-cloudfront1","provider_name":"registry.terraform.io/hashicorp/aws","change":{"actions":["create"],"before":null,"after":{"aliases":null,"comment":"acqa-test-cloudfront1","custom_error_response":[],"default_cache_behavior":[{"allowed_methods":["DELETE","GET","HEAD","OPTIONS","PATCH","POST","PUT"],"cache_policy_id":null,"cached_methods":["GET","HEAD"],"compress":false,"default_ttl":3600,"field_level_encryption_id":null,"forwarded_values":[{"cookies":[{"forward":"none"}],"query_string":false}],"function_association":[],"lambda_function_association":[],"max_ttl":86400,"min_ttl":0,"origin_request_policy_id":null,"realtime_log_config_arn":null,"response_headers_policy_id":null,"smooth_streaming":null,"viewer_protocol_policy":"allow-all"}],"default_root_object":"index.html","enabled":false,"http_version":"http2","is_ipv6_enabled":false,"logging_config":[],"ordered_cache_behavior":[{"allowed_methods":["GET","HEAD","OPTIONS"],"cache_policy_id":null,"cached_methods":["GET","HEAD","OPTIONS"],"compress":false,"default_ttl":86400,"field_level_encryption_id":null,"forwarded_values":[{"cookies":[{"forward":"none","whitelisted_names":null}],"headers":["Origin"],"query_string":false}],"function_association":[],"lambda_function_association":[],"max_ttl":31536000,"min_ttl":0,"origin_request_policy_id":null,"path_pattern":"/content/immutable/*","realtime_log_config_arn":null,"response_headers_policy_id":null,"smooth_streaming":null,"trusted_key_groups":null,"trusted_signers":null,"viewer_protocol_policy":"redirect-to-https"},{"allowed_methods":["GET","HEAD","OPTIONS"],"cache_policy_id":null,"cached_methods":["GET","HEAD"],"compress":true,"default_ttl":3600,"field_level_encryption_id":null,"forwarded_values":[{"cookies":[{"forward":"none","whitelisted_names":null}],"query_string":false}],"function_association":[],"lambda_function_association":[],"max_ttl":86400,"min_ttl":0,"origin_request_policy_id":null,"path_pattern":"/content/*","realtime_log_config_arn":null,"response_headers_policy_id":null,"smooth_streaming":null,"trusted_key_groups":null,"trusted_signers":null,"viewer_protocol_policy":"redirect-to-https"}],"origin":[{"connection_attempts":3,"connection_timeout":10,"custom_header":[],"custom_origin_config":[],"origin_path":"","origin_shield":[],"s3_origin_config":[{}]}],"origin_group":[],"price_class":"PriceClass_200","restrictions":[{"geo_restriction":[{"locations":["CA","DE","GB","US"],"restriction_type":"whitelist"}]}],"retain_on_delete":false,"tags":{"ACQAResource":"true","Name":"acqa-test-cloudfront1","Owner":"ACQA"},"tags_all":{"ACQAResource":"true","Name":"acqa-test-cloudfront1","Owner":"ACQA"},"viewer_certificate":[{"acm_certificate_arn":"arn:aws:acm:us-east-1:641885301384:certificate/b5b12158-c4cd-4662-bc04-ecfe18a1bdc3","cloudfront_default_certificate":false,"iam_certificate_id":null,"minimum_protocol_version":"TLSv1","ssl_support_method":"sni-only"}],"wait_for_deployment":true,"web_acl_id":null},"after_unknown":{"arn":true,"caller_reference":true,"custom_error_response":[],"default_cache_behavior":[{"allowed_methods":[false,false,false,false,false,false,false],"cached_methods":[false,false],"forwarded_values":[{"cookies":[{"whitelisted_names":true}],"headers":true,"query_string_cache_keys":true}],"function_association":[],"lambda_function_association":[],"target_origin_id":true,"trusted_key_groups":true,"trusted_signers":true}],"domain_name":true,"etag":true,"hosted_zone_id":true,"id":true,"in_progress_validation_batches":true,"last_modified_time":true,"logging_config":[],"ordered_cache_behavior":[{"allowed_methods":[false,false,false],"cached_methods":[false,false,false],"forwarded_values":[{"cookies":[{}],"headers":[false],"query_string_cache_keys":true}],"function_association":[],"lambda_function_association":[],"target_origin_id":true},{"allowed_methods":[false,false,false],"cached_methods":[false,false],"forwarded_values":[{"cookies":[{}],"headers":true,"query_string_cache_keys":true}],"function_association":[],"lambda_function_association":[],"target_origin_id":true}],"origin":[{"custom_header":[],"custom_origin_config":[],"domain_name":true,"origin_id":true,"origin_shield":[],"s3_origin_config":[{"origin_access_identity":true}]}],"origin_group":[],"restrictions":[{"geo_restriction":[{"locations":[false,false,false,false]}]}],"status":true,"tags":{},"tags_all":{},"trusted_key_groups":true,"trusted_signers":true,"viewer_certificate":[{}]}}},{"address":"aws_cloudfront_origin_access_identity.acqa-test-oai1","mode":"managed","type":"aws_cloudfront_origin_access_identity","name":"acqa-test-oai1","provider_name":"registry.terraform.io/hashicorp/aws","change":{"actions":["create"],"before":null,"after":{"comment":"acqa-test-oai1"},"after_unknown":{"caller_reference":true,"cloudfront_access_identity_path":true,"etag":true,"iam_arn":true,"id":true,"s3_canonical_user_id":true}}},{"address":"aws_cloudwatch_log_group.acqa-test-cwlg1","mode":"managed","type":"aws_cloudwatch_log_group","name":"acqa-test-cwlg1","provider_name":"registry.terraform.io/hashicorp/aws","change":{"actions":["create"],"before":null,"after":{"kms_key_id":null,"name":"acqa-test-cwlg1","name_prefix":null,"retention_in_days":0,"tags":{"ACQAResource":"true","Name":"acqa-test-cwlg1","Owner":"ACQA"},"tags_all":{"ACQAResource":"true","Name":"acqa-test-cwlg1","Owner":"ACQA"}},"after_unknown":{"arn":true,"id":true,"tags":{},"tags_all":{}}}},{"address":"aws_cloudwatch_log_group.acqa-test-cwlg2","mode":"managed","type":"aws_cloudwatch_log_group","name":"acqa-test-cwlg2","provider_name":"registry.terraform.io/hashicorp/aws","change":{"actions":["create"],"before":null,"after":{"kms_key_id":null,"name":"acqa-test-cwlg2","name_prefix":null,"retention_in_days":0,"tags":{"ACQAResource":"true","Name":"acqa-test-cwlg2","Owner":"AC-QA"},"tags_all":{"ACQAResource":"true","Name":"acqa-test-cwlg2","Owner":"AC-QA"}},"after_unknown":{"arn":true,"id":true,"tags":{},"tags_all":{}}}},{"address":"aws_cloudwatch_log_stream.acqa-test-cwstream1","mode":"managed","type":"aws_cloudwatch_log_stream","name":"acqa-test-cwstream1","provider_name":"registry.terraform.io/hashicorp/aws","change":{"actions":["create"],"before":null,"after":{"log_group_name":"acqa-test-cwlg1","name":"acqa-test-cwstream1"},"after_unknown":{"arn":true,"id":true}}},{"address":"aws_codecommit_repository.acqa-test-ccrepo1","mode":"managed","type":"aws_codecommit_repository","name":"acqa-test-ccrepo1","provider_name":"registry.terraform.io/hashicorp/aws","change":{"actions":["create"],"before":null,"after":{"default_branch":null,"description":"acqa-test-ccrepo1","repository_name":"acqa-test-ccrepo1","tags":{"ACQAResource":"true","Name":"acqa-test-cloudfront1","Owner":"ACQA"},"tags_all":{"ACQAResource":"true","Name":"acqa-test-cloudfront1","Owner":"ACQA"}},"after_unknown":{"arn":true,"clone_url_http":true,"clone_url_ssh":true,"id":true,"repository_id":true,"tags":{},"tags_all":{}}}},{"address":"aws_dynamodb_table.acqa-test-dynamodbtable1","mode":"managed","type":"aws_dynamodb_table","name":"acqa-test-dynamodbtable1","provider_name":"registry.terraform.io/hashicorp/aws","change":{"actions":["create"],"before":null,"after":{"attribute":[{"name":"TestTableHashKey","type":"S"}],"billing_mode":"PAY_PER_REQUEST","global_secondary_index":[],"hash_key":"TestTableHashKey","local_secondary_index":[],"name":"acqa-test-dynamodbtable1","range_key":null,"replica":[],"restore_date_time":null,"restore_source_name":null,"restore_to_latest_time":null,"server_side_encryption":[{"enabled":false}],"stream_enabled":true,"stream_view_type":"NEW_AND_OLD_IMAGES","table_class":null,"tags":{"ACQAResource":"true","Name":"acqa-test-dynamodbtable1","Owner":"ACQA"},"tags_all":{"ACQAResource":"true","Name":"acqa-test-dynamodbtable1","Owner":"ACQA"},"timeouts":null},"after_unknown":{"arn":true,"attribute":[{}],"global_secondary_index":[],"id":true,"local_secondary_index":[],"point_in_time_recovery":true,"read_capacity":true,"replica":[],"server_side_encryption":[{"kms_key_arn":true}],"stream_arn":true,"stream_label":true,"tags":{},"tags_all":{},"ttl":true,"write_capacity":true}}},{"address":"aws_ebs_volume.acqa-test-ebsvolume1","mode":"managed","type":"aws_ebs_volume","name":"acqa-test-ebsvolume1","provider_name":"registry.terraform.io/hashicorp/aws","change":{"actions":["create"],"before":null,"after":{"availability_zone":"ca-central-1a","encrypted":false,"multi_attach_enabled":null,"outpost_arn":null,"size":25,"tags":{"ACQAResource":"true","Name":"acqa-test-ebsvolume1","Owner":"ACQA"},"tags_all":{"ACQAResource":"true","Name":"acqa-test-ebsvolume1","Owner":"ACQA"}},"after_unknown":{"arn":true,"id":true,"iops":true,"kms_key_id":true,"snapshot_id":true,"tags":{},"tags_all":{},"throughput":true,"type":true}}},{"address":"aws_ecr_repository.acqa-test-ecr1","mode":"managed","type":"aws_ecr_repository","name":"acqa-test-ecr1","provider_name":"registry.terraform.io/hashicorp/aws","change":{"actions":["create"],"before":null,"after":{"encryption_configuration":[],"image_scanning_configuration":[{"scan_on_push":false}],"image_tag_mutability":"IMMUTABLE","name":"acqa-test-ecr1","tags":{"ACQAResource":"true","Name":"acqa-test-ecr1","Owner":"ACQA"},"tags_all":{"ACQAResource":"true","Name":"acqa-test-ecr1","Owner":"ACQA"},"timeouts":null},"after_unknown":{"arn":true,"encryption_configuration":[],"id":true,"image_scanning_configuration":[{}],"registry_id":true,"repository_url":true,"tags":{},"tags_all":{}}}},{"address":"aws_ecs_cluster.acqa-test-ecs1","mode":"managed","type":"aws_ecs_cluster","name":"acqa-test-ecs1","provider_name":"registry.terraform.io/hashicorp/aws","change":{"actions":["create"],"before":null,"after":{"capacity_providers":null,"configuration":[],"default_capacity_provider_strategy":[],"name":"acqa-test-ecs1","tags":{"ACQAResource":"true","Name":"acqa-test-ecs1","Owner":"ACQA"},"tags_all":{"ACQAResource":"true","Name":"acqa-test-ecs1","Owner":"ACQA"}},"after_unknown":{"arn":true,"configuration":[],"default_capacity_provider_strategy":[],"id":true,"setting":true,"tags":{},"tags_all":{}}}},{"address":"aws_eip.acqa-test-eip1","mode":"managed","type":"aws_eip","name":"acqa-test-eip1","provider_name":"registry.terraform.io/hashicorp/aws","change":{"actions":["create"],"before":null,"after":{"address":null,"associate_with_private_ip":"10.0.0.50","customer_owned_ipv4_pool":null,"tags":{"ACQAResource":"true","Name":"acqa-test-eip1","Owner":"ACQA"},"tags_all":{"ACQAResource":"true","Name":"acqa-test-eip1","Owner":"ACQA"},"timeouts":null,"vpc":true},"after_unknown":{"allocation_id":true,"association_id":true,"carrier_ip":true,"customer_owned_ip":true,"domain":true,"id":true,"instance":true,"network_border_group":true,"network_interface":true,"private_dns":true,"private_ip":true,"public_dns":true,"public_ip":true,"public_ipv4_pool":true,"tags":{},"tags_all":{}}}},{"address":"aws_eks_cluster.acqa-test-eksclstr1","mode":"managed","type":"aws_eks_cluster","name":"acqa-test-eksclstr1","provider_name":"registry.terraform.io/hashicorp/aws","change":{"actions":["create"],"before":null,"after":{"enabled_cluster_log_types":null,"encryption_config":[],"name":"acqa-test-eksclstr1","role_arn":"arn:aws:iam::641885301384:role/AccuricsEKSMgmtRole","tags":{"ACQAResource":"true","Name":"acqa-test-eksclstr1"},"tags_all":{"ACQAResource":"true","Name":"acqa-test-eksclstr1"},"timeouts":null,"version":"1.17","vpc_config":[{"endpoint_private_access":true,"endpoint_public_access":false}]},"after_unknown":{"arn":true,"certificate_authority":true,"created_at":true,"encryption_config":[],"endpoint":true,"id":true,"identity":true,"kubernetes_network_config":true,"platform_version":true,"status":true,"tags":{},"tags_all":{},"vpc_config":[{"cluster_security_group_id":true,"public_access_cidrs":true,"security_group_ids":true,"subnet_ids":true,"vpc_id":true}]}}},{"address":"aws_elastic_beanstalk_application.acqa-test-elasticbeanstalkapp1","mode":"managed","type":"aws_elastic_beanstalk_application","name":"acqa-test-elasticbeanstalkapp1","provider_name":"registry.terraform.io/hashicorp/aws","change":{"actions":["create"],"before":null,"after":{"appversion_lifecycle":[{"delete_source_from_s3":true,"max_age_in_days":null,"max_count":128}],"description":"acqa-test-elasticbeanstalkapp1","name":"acqa-test-elasticbeanstalkapp1","tags":{"ACQAResource":"true","Owner":"ACQA"},"tags_all":{"ACQAResource":"true","Owner":"ACQA"}},"after_unknown":{"appversion_lifecycle":[{"service_role":true}],"arn":true,"id":true,"tags":{},"tags_all":{}}}},{"address":"aws_elasticache_cluster.acqa-test-elasticcachecluster1","mode":"managed","type":"aws_elasticache_cluster","name":"acqa-test-elasticcachecluster1","provider_name":"registry.terraform.io/hashicorp/aws","change":{"actions":["create"],"before":null,"after":{"cluster_id":"acqa-test-elasticcachecluster1","engine":"memcached","final_snapshot_identifier":null,"node_type":"cache.m4.large","notification_topic_arn":null,"num_cache_nodes":1,"parameter_group_name":"default.memcached1.5","port":11211,"preferred_availability_zones":null,"snapshot_arns":null,"snapshot_name":null,"snapshot_retention_limit":null,"tags":{"ACQAResource":"true","Name":"acqa-test-elasticcachecluster1","Owner":"ACQA"},"tags_all":{"ACQAResource":"true","Name":"acqa-test-elasticcachecluster1","Owner":"ACQA"}},"after_unknown":{"apply_immediately":true,"arn":true,"availability_zone":true,"az_mode":true,"cache_nodes":true,"cluster_address":true,"configuration_endpoint":true,"engine_version":true,"engine_version_actual":true,"id":true,"maintenance_window":true,"replication_group_id":true,"security_group_ids":true,"security_group_names":true,"snapshot_window":true,"subnet_group_name":true,"tags":{},"tags_all":{}}}},{"address":"aws_flow_log.acqa-test-vpc1-flowlog1","mode":"managed","type":"aws_flow_log","name":"acqa-test-vpc1-flowlog1","provider_name":"registry.terraform.io/hashicorp/aws","change":{"actions":["create"],"before":null,"after":{"destination_options":[],"eni_id":null,"log_destination_type":"cloud-watch-logs","max_aggregation_interval":600,"subnet_id":null,"tags":{"ACQAResource":"true","Name":"acqa-test-vpc1-flowlog1","Owner":"AC-QA"},"tags_all":{"ACQAResource":"true","Name":"acqa-test-vpc1-flowlog1","Owner":"AC-QA"},"traffic_type":"ALL"},"after_unknown":{"arn":true,"destination_options":[],"iam_role_arn":true,"id":true,"log_destination":true,"log_format":true,"log_group_name":true,"tags":{},"tags_all":{},"vpc_id":true}}},{"address":"aws_iam_role.acqa-test-flowlog-role1","mode":"managed","type":"aws_iam_role","name":"acqa-test-flowlog-role1","provider_name":"registry.terraform.io/hashicorp/aws","change":{"actions":["create"],"before":null,"after":{"assume_role_policy":"{\n  \"Version\": \"2012-10-17\",\n  \"Statement\": [\n    {\n      \"Sid\": \"\",\n      \"Effect\": \"Allow\",\n      \"Principal\": {\n        \"Service\": \"vpc-flow-logs.amazonaws.com\"\n      },\n      \"Action\": \"sts:AssumeRole\"\n    }\n  ]\n}\n","description":null,"force_detach_policies":false,"max_session_duration":3600,"name":"acqa-test-flowlog-role1","path":"/","permissions_boundary":null,"tags":{"ACQAResource":"true","Name":"acqa-test-flowlog-role1","Owner":"AC-QA"},"tags_all":{"ACQAResource":"true","Name":"acqa-test-flowlog-role1","Owner":"AC-QA"}},"after_unknown":{"arn":true,"create_date":true,"id":true,"inline_policy":true,"managed_policy_arns":true,"name_prefix":true,"tags":{},"tags_all":{},"unique_id":true}}},{"address":"aws_iam_role.acqa-test-iamrole1","mode":"managed","type":"aws_iam_role","name":"acqa-test-iamrole1","provider_name":"registry.terraform.io/hashicorp/aws","change":{"actions":["create"],"before":null,"after":{"assume_role_policy":"{\n  \"Version\": \"2012-10-17\",\n  \"Statement\": [\n    {\n      \"Action\": \"sts:AssumeRole\",\n      \"Principal\": {\n        \"Service\": \"lambda.amazonaws.com\"\n      },\n      \"Effect\": \"Allow\",\n      \"Sid\": \"\"\n    }\n  ]\n}\n","description":null,"force_detach_policies":false,"max_session_duration":3600,"name":"acqa-test-iamrole1","path":"/","permissions_boundary":null,"tags":{"ACQAResource":"true","Name":"acqa-test-iamrole1","Owner":"ACQA"},"tags_all":{"ACQAResource":"true","Name":"acqa-test-iamrole1","Owner":"ACQA"}},"after_unknown":{"arn":true,"create_date":true,"id":true,"inline_policy":true,"managed_policy_arns":true,"name_prefix":true,"tags":{},"tags_all":{},"unique_id":true}}},{"address":"aws_iam_role_policy.acqa-test-flowlog-rolepolicy1","mode":"managed","type":"aws_iam_role_policy","name":"acqa-test-flowlog-rolepolicy1","provider_name":"registry.terraform.io/hashicorp/aws","change":{"actions":["create"],"before":null,"after":{"name":"acqa-test-flowlog-rolepolicy1","name_prefix":null,"policy":"{\n    \"Statement\": [\n        {\n            \"Action\": [\n                \"logs:CreateLogGroup\",\n                \"logs:CreateLogStream\",\n                \"logs:DescribeLogGroups\",\n                \"logs:DescribeLogStreams\",\n                \"logs:PutLogEvents\"\n            ],\n            \"Effect\": \"Allow\",\n            \"Resource\": \"*\"\n        }\n    ]\n}\n"},"after_unknown":{"id":true,"role":true}}},{"address":"aws_instance.acqa-test-instance1","mode":"managed","type":"aws_instance","name":"acqa-test-instance1","provider_name":"registry.terraform.io/hashicorp/aws","change":{"actions":["create"],"before":null,"after":{"ami":"ami-0aee2d0182c9054ac","credit_specification":[],"get_password_data":false,"hibernation":null,"iam_instance_profile":null,"instance_type":"t2.micro","launch_template":[],"network_interface":[{"delete_on_termination":false,"device_index":0}],"source_dest_check":null,"tags":{"ACQAResource":"true","Name":"acqa-test-instance1","Owner":"ACQA"},"tags_all":{"ACQAResource":"true","Name":"acqa-test-instance1","Owner":"ACQA"},"timeouts":null,"volume_tags":null},"after_unknown":{"arn":true,"associate_public_ip_address":true,"availability_zone":true,"capacity_reservation_specification":true,"cpu_core_count":true,"cpu_threads_per_core":true,"credit_specification":[],"disable_api_termination":true,"ebs_block_device":true,"ebs_optimized":true,"enclave_options":true,"ephemeral_block_device":true,"host_id":true,"id":true,"instance_initiated_shutdown_behavior":true,"instance_state":true,"ipv6_address_count":true,"ipv6_addresses":true,"key_name":true,"launch_template":[],"metadata_options":true,"monitoring":true,"network_interface":[{"network_interface_id":true}],"outpost_arn":true,"password_data":true,"placement_group":true,"placement_partition_number":true,"primary_network_interface_id":true,"private_dns":true,"private_ip":true,"public_dns":true,"public_ip":true,"root_block_device":true,"secondary_private_ips":true,"security_groups":true,"subnet_id":true,"tags":{},"tags_all":{},"tenancy":true,"user_data":true,"user_data_base64":true,"vpc_security_group_ids":true}}},{"address":"aws_internet_gateway.acqa-test-gateway1","mode":"managed","type":"aws_internet_gateway","name":"acqa-test-gateway1","provider_name":"registry.terraform.io/hashicorp/aws","change":{"actions":["create"],"before":null,"after":{"tags":{"ACQAResource":"true","Name":"acqa-test-gateway1","Owner":"ACQA"},"tags_all":{"ACQAResource":"true","Name":"acqa-test-gateway1","Owner":"ACQA"}},"after_unknown":{"arn":true,"id":true,"owner_id":true,"tags":{},"tags_all":{},"vpc_id":true}}},{"address":"aws_kinesis_firehose_delivery_stream.acqa-test-kinesisfirehoseds1","mode":"managed","type":"aws_kinesis_firehose_delivery_stream","name":"acqa-test-kinesisfirehoseds1","provider_name":"registry.terraform.io/hashicorp/aws","change":{"actions":["create"],"before":null,"after":{"arn":"arn:aws:firehose:ca-central-1:641885301384:deliverystream/acqa-test-kinesisfirehoseds1","destination":"extended_s3","destination_id":"destinationId-000000000001","elasticsearch_configuration":[],"extended_s3_configuration":[{"bucket_arn":"arn:aws:s3:::acqa-test-s3bucket1","buffer_interval":900,"buffer_size":5,"cloudwatch_logging_options":[{"enabled":true,"log_group_name":"/aws/kinesisfirehose/acqa-test-kinesisfirehoseds1","log_stream_name":"S3Delivery"}],"compression_format":"UNCOMPRESSED","data_format_conversion_configuration":[],"dynamic_partitioning_configuration":[],"error_output_prefix":null,"kms_key_arn":null,"prefix":null,"processing_configuration":[{"enabled":false,"processors":[]}],"role_arn":"arn:aws:iam::641885301384:role/service-role/KinesisFirehoseServiceRole-acqa-test--ca-central-1-1603971996403","s3_backup_configuration":[],"s3_backup_mode":"Disabled"}],"http_endpoint_configuration":[],"kinesis_source_configuration":[],"name":"acqa-test-kinesisfirehoseds1","redshift_configuration":[],"s3_configuration":[],"server_side_encryption":[{"enabled":false,"key_arn":null,"key_type":"AWS_OWNED_CMK"}],"splunk_configuration":[],"tags":{"ACQAResource":"true","Name":"acqa-test-kinesisfirehoseds1","Owner":"AC-QA"},"tags_all":{"ACQAResource":"true","Name":"acqa-test-kinesisfirehoseds1","Owner":"AC-QA"}},"after_unknown":{"elasticsearch_configuration":[],"extended_s3_configuration":[{"cloudwatch_logging_options":[{}],"data_format_conversion_configuration":[],"dynamic_partitioning_configuration":[],"processing_configuration":[{"processors":[]}],"s3_backup_configuration":[]}],"http_endpoint_configuration":[],"id":true,"kinesis_source_configuration":[],"redshift_configuration":[],"s3_configuration":[],"server_side_encryption":[{}],"splunk_configuration":[],"tags":{},"tags_all":{},"version_id":true}}},{"address":"aws_kinesis_stream.acqa-test-kinessisds1","mode":"managed","type":"aws_kinesis_stream","name":"acqa-test-kinessisds1","provider_name":"registry.terraform.io/hashicorp/aws","change":{"actions":["create"],"before":null,"after":{"arn":"arn:aws:kinesis:ca-central-1:641885301384:stream/acqa-test-kinessisds1","encryption_type":"NONE","enforce_consumer_deletion":false,"kms_key_id":null,"name":"acqa-test-kinessisds1","retention_period":24,"shard_count":1,"shard_level_metrics":null,"tags":null,"timeouts":null},"after_unknown":{"id":true,"stream_mode_details":true,"tags_all":true}}},{"address":"aws_kms_key.acqa-test-kmskey1","mode":"managed","type":"aws_kms_key","name":"acqa-test-kmskey1","provider_name":"registry.terraform.io/hashicorp/aws","change":{"actions":["create"],"before":null,"after":{"bypass_policy_lockout_safety_check":false,"customer_master_key_spec":"SYMMETRIC_DEFAULT","deletion_window_in_days":30,"description":"acqa-test-kmskey1","enable_key_rotation":false,"is_enabled":true,"key_usage":"ENCRYPT_DECRYPT","tags":{"ACQAResource":"true","Name":"acqa-test-kmskey1","Owner":"ACQA"},"tags_all":{"ACQAResource":"true","Name":"acqa-test-kmskey1","Owner":"ACQA"}},"after_unknown":{"arn":true,"id":true,"key_id":true,"multi_region":true,"policy":true,"tags":{},"tags_all":{}}}},{"address":"aws_lambda_function.acqa-test-lambda1","mode":"managed","type":"aws_lambda_function","name":"acqa-test-lambda1","provider_name":"registry.terraform.io/hashicorp/aws","change":{"actions":["create"],"before":null,"after":{"code_signing_config_arn":null,"dead_letter_config":[],"description":null,"environment":[{"variables":{"foo":"bar"}}],"file_system_config":[],"filename":"acqa-test-lambda1.zip","function_name":"acqa-test-lambda1","handler":"exports.test","image_config":[],"image_uri":null,"kms_key_arn":null,"layers":null,"memory_size":128,"package_type":"Zip","publish":false,"reserved_concurrent_executions":-1,"runtime":"nodejs12.x","s3_bucket":null,"s3_key":null,"s3_object_version":null,"source_code_hash":"18tLf00/YOCMKzwH0khGKLJSkUjy+w7i+ufjteusgfA=","tags":{"ACQAResource":"true","Name":"acqa-test-lamda1","Owner":"ACQA"},"tags_all":{"ACQAResource":"true","Name":"acqa-test-lamda1","Owner":"ACQA"},"timeout":3,"timeouts":null,"vpc_config":[]},"after_unknown":{"architectures":true,"arn":true,"dead_letter_config":[],"environment":[{"variables":{}}],"file_system_config":[],"id":true,"image_config":[],"invoke_arn":true,"last_modified":true,"qualified_arn":true,"role":true,"signing_job_arn":true,"signing_profile_version_arn":true,"source_code_size":true,"tags":{},"tags_all":{},"tracing_config":true,"version":true,"vpc_config":[]}}},{"address":"aws_launch_configuration.acqa-test-launchconfig1","mode":"managed","type":"aws_launch_configuration","name":"acqa-test-launchconfig1","provider_name":"registry.terraform.io/hashicorp/aws","change":{"actions":["create"],"before":null,"after":{"associate_public_ip_address":false,"enable_monitoring":true,"ephemeral_block_device":[],"iam_instance_profile":null,"image_id":"ami-0ad340a3355388c70","instance_type":"t2.micro","name":"acqa-test-launchconfig1","placement_tenancy":null,"security_groups":null,"spot_price":null,"user_data":null,"user_data_base64":null,"vpc_classic_link_id":null,"vpc_classic_link_security_groups":null},"after_unknown":{"arn":true,"ebs_block_device":true,"ebs_optimized":true,"ephemeral_block_device":[],"id":true,"key_name":true,"metadata_options":true,"name_prefix":true,"root_block_device":true}}},{"address":"aws_lb.acqa-test-alb1","mode":"managed","type":"aws_lb","name":"acqa-test-alb1","provider_name":"registry.terraform.io/hashicorp/aws","change":{"actions":["create"],"before":null,"after":{"access_logs":[],"customer_owned_ipv4_pool":null,"desync_mitigation_mode":"defensive","drop_invalid_header_fields":false,"enable_cross_zone_load_balancing":null,"enable_deletion_protection":false,"enable_http2":true,"enable_waf_fail_open":false,"idle_timeout":60,"internal":false,"load_balancer_type":"application","name":"acqa-test-alb1","name_prefix":null,"tags":{"ACQAResource":"true","Name":"acqa-test-alb1","Owner":"ACQA"},"tags_all":{"ACQAResource":"true","Name":"acqa-test-alb1","Owner":"ACQA"},"timeouts":null},"after_unknown":{"access_logs":[],"arn":true,"arn_suffix":true,"dns_name":true,"id":true,"ip_address_type":true,"security_groups":true,"subnet_mapping":true,"subnets":true,"tags":{},"tags_all":{},"vpc_id":true,"zone_id":true}}},{"address":"aws_network_acl.acqa-test-nacl1","mode":"managed","type":"aws_network_acl","name":"acqa-test-nacl1","provider_name":"registry.terraform.io/hashicorp/aws","change":{"actions":["create"],"before":null,"after":{"egress":[{"action":"allow","cidr_block":"10.3.0.0/18","from_port":443,"icmp_code":null,"icmp_type":null,"ipv6_cidr_block":"","protocol":"tcp","rule_no":200,"to_port":443}],"ingress":[{"action":"allow","cidr_block":"10.3.0.0/18","from_port":80,"icmp_code":null,"icmp_type":null,"ipv6_cidr_block":"","protocol":"tcp","rule_no":100,"to_port":80}],"tags":{"ACQAResource":"true","Name":"acqa-test-nacl1","Owner":"AC-QA"},"tags_all":{"ACQAResource":"true","Name":"acqa-test-nacl1","Owner":"AC-QA"}},"after_unknown":{"arn":true,"egress":[{}],"id":true,"ingress":[{}],"owner_id":true,"subnet_ids":true,"tags":{},"tags_all":{},"vpc_id":true}}},{"address":"aws_network_interface.acqa-test-networkinterface1","mode":"managed","type":"aws_network_interface","name":"acqa-test-networkinterface1","provider_name":"registry.terraform.io/hashicorp/aws","change":{"actions":["create"],"before":null,"after":{"description":null,"private_ips":["10.0.0.50"],"source_dest_check":true,"tags":{"ACQAResource":"true","Name":"acqa-test-networkinterface1","Owner":"ACQA"},"tags_all":{"ACQAResource":"true","Name":"acqa-test-networkinterface1","Owner":"ACQA"}},"after_unknown":{"arn":true,"attachment":true,"id":true,"interface_type":true,"ipv4_prefix_count":true,"ipv4_prefixes":true,"ipv6_address_count":true,"ipv6_addresses":true,"ipv6_prefix_count":true,"ipv6_prefixes":true,"mac_address":true,"outpost_arn":true,"owner_id":true,"private_dns_name":true,"private_ip":true,"private_ips":[false],"private_ips_count":true,"security_groups":true,"subnet_id":true,"tags":{},"tags_all":{}}}},{"address":"aws_placement_group.acqa-test-placementgroup1","mode":"managed","type":"aws_placement_group","name":"acqa-test-placementgroup1","provider_name":"registry.terraform.io/hashicorp/aws","change":{"actions":["create"],"before":null,"after":{"name":"acqa-test-placementgroup1","strategy":"partition","tags":{"ACQAResource":"true","Name":"acqa-test-placementgroup1","Owner":"ACQA"},"tags_all":{"ACQAResource":"true","Name":"acqa-test-placementgroup1","Owner":"ACQA"}},"after_unknown":{"arn":true,"id":true,"partition_count":true,"placement_group_id":true,"tags":{},"tags_all":{}}}},{"address":"aws_route_table.acqa-test-routetable1","mode":"managed","type":"aws_route_table","name":"acqa-test-routetable1","provider_name":"registry.terraform.io/hashicorp/aws","change":{"actions":["create"],"before":null,"after":{"route":[{"carrier_gateway_id":"","cidr_block":"0.0.0.0/0","destination_prefix_list_id":"","egress_only_gateway_id":"","instance_id":"","ipv6_cidr_block":"","local_gateway_id":"","nat_gateway_id":"","network_interface_id":"","transit_gateway_id":"","vpc_endpoint_id":"","vpc_peering_connection_id":""}],"tags":{"ACQAResource":"true","Name":"acqa-test-routetable1","Owner":"AC-QA"},"tags_all":{"ACQAResource":"true","Name":"acqa-test-routetable1","Owner":"AC-QA"},"timeouts":null},"after_unknown":{"arn":true,"id":true,"owner_id":true,"propagating_vgws":true,"route":[{"gateway_id":true}],"tags":{},"tags_all":{},"vpc_id":true}}},{"address":"aws_s3_bucket.acqa-test-s3bucket1","mode":"managed","type":"aws_s3_bucket","name":"acqa-test-s3bucket1","provider_name":"registry.terraform.io/hashicorp/aws","change":{"actions":["create"],"before":null,"after":{"acl":"private","bucket":"acqa-test-s3bucket1","bucket_prefix":null,"cors_rule":[],"force_destroy":false,"grant":[{"id":"","permissions":["READ","WRITE"],"type":"Group","uri":"http://acs.amazonaws.com/groups/s3/LogDelivery"},{"id":"c95c4facea6981c89948fa05426ece3b7f3d6bf2e02aaeebca36acb3fda02870","permissions":["FULL_CONTROL"],"type":"CanonicalUser","uri":""}],"lifecycle_rule":[],"logging":[],"object_lock_configuration":[],"policy":null,"replication_configuration":[],"server_side_encryption_configuration":[],"tags":{"ACQAResource":"true","Name":"acqa-test-s3bucket1","Owner":"ACQA"},"tags_all":{"ACQAResource":"true","Name":"acqa-test-s3bucket1","Owner":"ACQA"},"website":[]},"after_unknown":{"acceleration_status":true,"arn":true,"bucket_domain_name":true,"bucket_regional_domain_name":true,"cors_rule":[],"grant":[{"permissions":[false,false]},{"permissions":[false]}],"hosted_zone_id":true,"id":true,"lifecycle_rule":[],"logging":[],"object_lock_configuration":[],"region":true,"replication_configuration":[],"request_payer":true,"server_side_encryption_configuration":[],"tags":{},"tags_all":{},"versioning":true,"website":[],"website_domain":true,"website_endpoint":true}}},{"address":"aws_security_group.acqa-test-securitygroup1","mode":"managed","type":"aws_security_group","name":"acqa-test-securitygroup1","provider_name":"registry.terraform.io/hashicorp/aws","change":{"actions":["create"],"before":null,"after":{"description":"This security group is for API test automation","egress":[{"cidr_blocks":["0.0.0.0/24"],"description":"","from_port":0,"ipv6_cidr_blocks":[],"prefix_list_ids":[],"protocol":"-1","security_groups":[],"self":false,"to_port":0}],"ingress":[{"cidr_blocks":["0.0.0.0/24"],"description":"","from_port":22,"ipv6_cidr_blocks":[],"prefix_list_ids":[],"protocol":"tcp","security_groups":[],"self":false,"to_port":22},{"cidr_blocks":["0.0.0.0/24"],"description":"","from_port":3306,"ipv6_cidr_blocks":[],"prefix_list_ids":[],"protocol":"tcp","security_groups":[],"self":false,"to_port":3306},{"cidr_blocks":["0.0.0.0/24"],"description":"","from_port":3333,"ipv6_cidr_blocks":[],"prefix_list_ids":[],"protocol":"tcp","security_groups":[],"self":false,"to_port":3333},{"cidr_blocks":["0.0.0.0/24"],"description":"","from_port":80,"ipv6_cidr_blocks":[],"prefix_list_ids":[],"protocol":"tcp","security_groups":[],"self":false,"to_port":80},{"cidr_blocks":["0.0.0.0/24"],"description":"","from_port":9020,"ipv6_cidr_blocks":[],"prefix_list_ids":[],"protocol":"tcp","security_groups":[],"self":false,"to_port":9020}],"name":"acqa-test-securitygroup1","revoke_rules_on_delete":false,"tags":{"ACQAResource":"true","Name":"acqa-test-securitygroup1","Owner":"ACQA"},"tags_all":{"ACQAResource":"true","Name":"acqa-test-securitygroup1","Owner":"ACQA"},"timeouts":null},"after_unknown":{"arn":true,"egress":[{"cidr_blocks":[false],"ipv6_cidr_blocks":[],"prefix_list_ids":[],"security_groups":[]}],"id":true,"ingress":[{"cidr_blocks":[false],"ipv6_cidr_blocks":[],"prefix_list_ids":[],"security_groups":[]},{"cidr_blocks":[false],"ipv6_cidr_blocks":[],"prefix_list_ids":[],"security_groups":[]},{"cidr_blocks":[false],"ipv6_cidr_blocks":[],"prefix_list_ids":[],"security_groups":[]},{"cidr_blocks":[false],"ipv6_cidr_blocks":[],"prefix_list_ids":[],"security_groups":[]},{"cidr_blocks":[false],"ipv6_cidr_blocks":[],"prefix_list_ids":[],"security_groups":[]}],"name_prefix":true,"owner_id":true,"tags":{},"tags_all":{},"vpc_id":true}}},{"address":"aws_subnet.acqa-test-albsubnet1","mode":"managed","type":"aws_subnet","name":"acqa-test-albsubnet1","provider_name":"registry.terraform.io/hashicorp/aws","change":{"actions":["create"],"before":null,"after":{"assign_ipv6_address_on_creation":false,"cidr_block":"10.0.44.0/24","customer_owned_ipv4_pool":null,"ipv6_cidr_block":null,"map_customer_owned_ip_on_launch":null,"map_public_ip_on_launch":true,"outpost_arn":null,"tags":{"ACQAResource":"true","Name":"acqa-test-albsubnet1","Owner":"ACQA"},"tags_all":{"ACQAResource":"true","Name":"acqa-test-albsubnet1","Owner":"ACQA"},"timeouts":null},"after_unknown":{"arn":true,"availability_zone":true,"availability_zone_id":true,"id":true,"ipv6_cidr_block_association_id":true,"owner_id":true,"tags":{},"tags_all":{},"vpc_id":true}}},{"address":"aws_subnet.acqa-test-albsubnet2","mode":"managed","type":"aws_subnet","name":"acqa-test-albsubnet2","provider_name":"registry.terraform.io/hashicorp/aws","change":{"actions":["create"],"before":null,"after":{"assign_ipv6_address_on_creation":false,"availability_zone":"ca-central-1d","cidr_block":"10.0.38.0/24","customer_owned_ipv4_pool":null,"ipv6_cidr_block":null,"map_customer_owned_ip_on_launch":null,"map_public_ip_on_launch":true,"outpost_arn":null,"tags":{"ACQAResource":"true","Name":"acqa-test-albsubnet2","Owner":"ACQA"},"tags_all":{"ACQAResource":"true","Name":"acqa-test-albsubnet2","Owner":"ACQA"},"timeouts":null},"after_unknown":{"arn":true,"availability_zone_id":true,"id":true,"ipv6_cidr_block_association_id":true,"owner_id":true,"tags":{},"tags_all":{},"vpc_id":true}}},{"address":"aws_subnet.acqa-test-subnet1","mode":"managed","type":"aws_subnet","name":"acqa-test-subnet1","provider_name":"registry.terraform.io/hashicorp/aws","change":{"actions":["create"],"before":null,"after":{"assign_ipv6_address_on_creation":false,"cidr_block":"10.0.0.0/24","customer_owned_ipv4_pool":null,"ipv6_cidr_block":null,"map_customer_owned_ip_on_launch":null,"map_public_ip_on_launch":true,"outpost_arn":null,"tags":{"ACQAResource":"true","Name":"acqa-test-subnet1","Owner":"ACQA"},"tags_all":{"ACQAResource":"true","Name":"acqa-test-subnet1","Owner":"ACQA"},"timeouts":null},"after_unknown":{"arn":true,"availability_zone":true,"availability_zone_id":true,"id":true,"ipv6_cidr_block_association_id":true,"owner_id":true,"tags":{},"tags_all":{},"vpc_id":true}}},{"address":"aws_vpc.acqa-test-vpc1","mode":"managed","type":"aws_vpc","name":"acqa-test-vpc1","provider_name":"registry.terraform.io/hashicorp/aws","change":{"actions":["create"],"before":null,"after":{"assign_generated_ipv6_cidr_block":null,"cidr_block":"10.0.0.0/16","enable_dns_support":true,"instance_tenancy":"default","ipv4_ipam_pool_id":null,"ipv4_netmask_length":null,"ipv6_ipam_pool_id":null,"ipv6_netmask_length":null,"tags":{"ACQAResource":"true","Name":"acqa-test-vpc1","Owner":"ACQA"},"tags_all":{"ACQAResource":"true","Name":"acqa-test-vpc1","Owner":"ACQA"}},"after_unknown":{"arn":true,"default_network_acl_id":true,"default_route_table_id":true,"default_security_group_id":true,"dhcp_options_id":true,"enable_classiclink":true,"enable_classiclink_dns_support":true,"enable_dns_hostnames":true,"id":true,"ipv6_association_id":true,"ipv6_cidr_block":true,"main_route_table_id":true,"owner_id":true,"tags":{},"tags_all":{}}}},{"address":"module.acqa-test-cbmodule1.aws_codebuild_project.cb_project","module_address":"module.acqa-test-cbmodule1","mode":"managed","type":"aws_codebuild_project","name":"cb_project","provider_name":"registry.terraform.io/hashicorp/aws","change":{"actions":["create"],"before":null,"after":{"artifacts":[{"artifact_identifier":null,"encryption_disabled":false,"location":"acqa-test-s3bucket1","name":null,"namespace_type":null,"override_artifact_name":false,"packaging":"ZIP","path":"/","type":"S3"}],"badge_enabled":false,"build_batch_config":[],"build_timeout":60,"cache":[{"location":"acqa-test-s3bucket1","modes":[],"type":"S3"}],"concurrent_build_limit":null,"description":"Codebuild for deploying acqa-test-module1 app with variables","environment":[{"certificate":null,"compute_type":"BUILD_GENERAL1_SMALL","environment_variable":[{"name":"REGISTRY_URL","type":"PLAINTEXT","value":"012345678910.dkr.ecr.ca-central-1.amazonaws.com/acqa-test-cbmodule1-ecr"},{"name":"AWS_CANADA","type":"PLAINTEXT","value":"ca-central-1"}],"image":"aws/codebuild/standard:2.0","image_pull_credentials_type":"CODEBUILD","privileged_mode":true,"registry_credential":[],"type":"LINUX_CONTAINER"}],"file_system_locations":[],"logs_config":[{"cloudwatch_logs":[{}],"s3_logs":[{}]}],"name":"acqa-test-cbmodule1","queued_timeout":480,"secondary_artifacts":[],"secondary_sources":[],"source":[{"auth":[],"build_status_config":[],"buildspec":null,"git_clone_depth":1,"git_submodules_config":[],"insecure_ssl":false,"location":"https://github.com/lgallard/codebuild-example.git","report_build_status":false,"type":"GITHUB"}],"source_version":"master","tags":{"ACQAResource":"true","Name":"acqa-test-module1","Owner":"ACQA"},"tags_all":{"ACQAResource":"true","Name":"acqa-test-module1","Owner":"ACQA"},"vpc_config":[]},"after_unknown":{"arn":true,"artifacts":[{}],"badge_url":true,"build_batch_config":[],"cache":[{"modes":[]}],"encryption_key":true,"environment":[{"environment_variable":[{},{}],"registry_credential":[]}],"file_system_locations":[],"id":true,"logs_config":[{"cloudwatch_logs":[{"group_name":true,"status":true,"stream_name":true}],"s3_logs":[{"encryption_disabled":true,"location":true,"status":true}]}],"secondary_artifacts":[],"secondary_sources":[],"service_role":true,"source":[{"auth":[],"build_status_config":[],"git_submodules_config":[]}],"tags":{},"tags_all":{},"vpc_config":[]}}},{"address":"module.acqa-test-cbmodule1.aws_iam_role.service_role","module_address":"module.acqa-test-cbmodule1","mode":"managed","type":"aws_iam_role","name":"service_role","provider_name":"registry.terraform.io/hashicorp/aws","change":{"actions":["create"],"before":null,"after":{"assume_role_policy":"{\n  \"Version\": \"2012-10-17\",\n  \"Statement\": [\n    {\n      \"Sid\": \"\",\n      \"Effect\": \"Allow\",\n      \"Action\": \"sts:AssumeRole\",\n      \"Principal\": {\n        \"Service\": \"codebuild.amazonaws.com\"\n      }\n    }\n  ]\n}","description":null,"force_detach_policies":false,"max_session_duration":3600,"name":"acqa-test-cbmodule1-service-role","path":"/","permissions_boundary":null,"tags":null},"after_unknown":{"arn":true,"create_date":true,"id":true,"inline_policy":true,"managed_policy_arns":true,"name_prefix":true,"tags_all":true,"unique_id":true}}},{"address":"module.acqa-test-cbmodule1.aws_iam_role_policy.codebuild_role_extra_policies","module_address":"module.acqa-test-cbmodule1","mode":"managed","type":"aws_iam_role_policy","name":"codebuild_role_extra_policies","provider_name":"registry.terraform.io/hashicorp/aws","change":{"actions":["create"],"before":null,"after":{"name_prefix":null,"policy":"{\n  \"Version\": \"2012-10-17\",\n  \"Statement\": [\n    {\n      \"Sid\": \"\",\n      \"Effect\": \"Allow\",\n      \"Action\": [\n        \"logs:PutLogEvents\",\n        \"logs:CreateLogStream\",\n        \"logs:CreateLogGroup\"\n      ],\n      \"Resource\": [\n        \"arn:aws:logs:ca-central-1:641885301384:log-group:/aws/codebuild/acqa-test-cbmodule1:*\",\n        \"arn:aws:logs:ca-central-1:641885301384:log-group:/aws/codebuild/acqa-test-cbmodule1\"\n      ]\n    },\n    {\n      \"Sid\": \"\",\n      \"Effect\": \"Allow\",\n      \"Action\": [\n        \"s3:PutObject\",\n        \"s3:GetObjectVersion\",\n        \"s3:GetObject\"\n      ],\n      \"Resource\": \"arn:aws:s3:::codepipeline-ca-central-1-*\"\n    },\n    {\n      \"Sid\": \"\",\n      \"Effect\": \"Allow\",\n      \"Action\": [\n        \"ec2:Describe*\",\n        \"ec2:DeleteNetworkInterface\",\n        \"ec2:CreateNetworkInterface\"\n      ],\n      \"Resource\": \"*\"\n    },\n    {\n      \"Sid\": \"\",\n      \"Effect\": \"Allow\",\n      \"Action\": \"ec2:CreateNetworkInterfacePermission\",\n      \"Resource\": \"*\"\n    }\n  ]\n}","role":"acqa-test-cbmodule1-service-role"},"after_unknown":{"id":true,"name":true}}},{"address":"module.acqa-test-cbmodule1.data.aws_iam_policy_document.codebuild_assume_role_policy","module_address":"module.acqa-test-cbmodule1","mode":"data","type":"aws_iam_policy_document","name":"codebuild_assume_role_policy","provider_name":"registry.terraform.io/hashicorp/aws","change":{"actions":["no-op"],"before":{"id":"442947395","json":"{\n  \"Version\": \"2012-10-17\",\n  \"Statement\": [\n    {\n      \"Sid\": \"\",\n      \"Effect\": \"Allow\",\n      \"Action\": \"sts:AssumeRole\",\n      \"Principal\": {\n        \"Service\": \"codebuild.amazonaws.com\"\n      }\n    }\n  ]\n}","override_json":null,"override_policy_documents":null,"policy_id":null,"source_json":null,"source_policy_documents":null,"statement":[{"actions":["sts:AssumeRole"],"condition":[],"effect":"Allow","not_actions":[],"not_principals":[],"not_resources":[],"principals":[{"identifiers":["codebuild.amazonaws.com"],"type":"Service"}],"resources":[],"sid":""}],"version":"2012-10-17"},"after":{"id":"442947395","json":"{\n  \"Version\": \"2012-10-17\",\n  \"Statement\": [\n    {\n      \"Sid\": \"\",\n      \"Effect\": \"Allow\",\n      \"Action\": \"sts:AssumeRole\",\n      \"Principal\": {\n        \"Service\": \"codebuild.amazonaws.com\"\n      }\n    }\n  ]\n}","override_json":null,"override_policy_documents":null,"policy_id":null,"source_json":null,"source_policy_documents":null,"statement":[{"actions":["sts:AssumeRole"],"condition":[],"effect":"Allow","not_actions":[],"not_principals":[],"not_resources":[],"principals":[{"identifiers":["codebuild.amazonaws.com"],"type":"Service"}],"resources":[],"sid":""}],"version":"2012-10-17"},"after_unknown":{}}},{"address":"module.acqa-test-cbmodule1.data.aws_iam_policy_document.codebuild_role_extra_policies","module_address":"module.acqa-test-cbmodule1","mode":"data","type":"aws_iam_policy_document","name":"codebuild_role_extra_policies","provider_name":"registry.terraform.io/hashicorp/aws","change":{"actions":["no-op"],"before":{"id":"441489903","json":"{\n  \"Version\": \"2012-10-17\",\n  \"Statement\": [\n    {\n      \"Sid\": \"\",\n      \"Effect\": \"Allow\",\n      \"Action\": [\n        \"logs:PutLogEvents\",\n        \"logs:CreateLogStream\",\n        \"logs:CreateLogGroup\"\n      ],\n      \"Resource\": [\n        \"arn:aws:logs:ca-central-1:641885301384:log-group:/aws/codebuild/acqa-test-cbmodule1:*\",\n        \"arn:aws:logs:ca-central-1:641885301384:log-group:/aws/codebuild/acqa-test-cbmodule1\"\n      ]\n    },\n    {\n      \"Sid\": \"\",\n      \"Effect\": \"Allow\",\n      \"Action\": [\n        \"s3:PutObject\",\n        \"s3:GetObjectVersion\",\n        \"s3:GetObject\"\n      ],\n      \"Resource\": \"arn:aws:s3:::codepipeline-ca-central-1-*\"\n    },\n    {\n      \"Sid\": \"\",\n      \"Effect\": \"Allow\",\n      \"Action\": [\n        \"ec2:Describe*\",\n        \"ec2:DeleteNetworkInterface\",\n        \"ec2:CreateNetworkInterface\"\n      ],\n      \"Resource\": \"*\"\n    },\n    {\n      \"Sid\": \"\",\n      \"Effect\": \"Allow\",\n      \"Action\": \"ec2:CreateNetworkInterfacePermission\",\n      \"Resource\": \"*\"\n    }\n  ]\n}","override_json":null,"override_policy_documents":null,"policy_id":null,"source_json":null,"source_policy_documents":null,"statement":[{"actions":["logs:CreateLogGroup","logs:CreateLogStream","logs:PutLogEvents"],"condition":[],"effect":"Allow","not_actions":[],"not_principals":[],"not_resources":[],"principals":[],"resources":["arn:aws:logs:ca-central-1:641885301384:log-group:/aws/codebuild/acqa-test-cbmodule1","arn:aws:logs:ca-central-1:641885301384:log-group:/aws/codebuild/acqa-test-cbmodule1:*"],"sid":""},{"actions":["s3:GetObject","s3:GetObjectVersion","s3:PutObject"],"condition":[],"effect":"Allow","not_actions":[],"not_principals":[],"not_resources":[],"principals":[],"resources":["arn:aws:s3:::codepipeline-ca-central-1-*"],"sid":""},{"actions":["ec2:CreateNetworkInterface","ec2:DeleteNetworkInterface","ec2:Describe*"],"condition":[],"effect":"Allow","not_actions":[],"not_principals":[],"not_resources":[],"principals":[],"resources":["*"],"sid":""},{"actions":["ec2:CreateNetworkInterfacePermission"],"condition":[],"effect":"Allow","not_actions":[],"not_principals":[],"not_resources":[],"principals":[],"resources":["*"],"sid":""}],"version":"2012-10-17"},"after":{"id":"441489903","json":"{\n  \"Version\": \"2012-10-17\",\n  \"Statement\": [\n    {\n      \"Sid\": \"\",\n      \"Effect\": \"Allow\",\n      \"Action\": [\n        \"logs:PutLogEvents\",\n        \"logs:CreateLogStream\",\n        \"logs:CreateLogGroup\"\n      ],\n      \"Resource\": [\n        \"arn:aws:logs:ca-central-1:641885301384:log-group:/aws/codebuild/acqa-test-cbmodule1:*\",\n        \"arn:aws:logs:ca-central-1:641885301384:log-group:/aws/codebuild/acqa-test-cbmodule1\"\n      ]\n    },\n    {\n      \"Sid\": \"\",\n      \"Effect\": \"Allow\",\n      \"Action\": [\n        \"s3:PutObject\",\n        \"s3:GetObjectVersion\",\n        \"s3:GetObject\"\n      ],\n      \"Resource\": \"arn:aws:s3:::codepipeline-ca-central-1-*\"\n    },\n    {\n      \"Sid\": \"\",\n      \"Effect\": \"Allow\",\n      \"Action\": [\n        \"ec2:Describe*\",\n        \"ec2:DeleteNetworkInterface\",\n        \"ec2:CreateNetworkInterface\"\n      ],\n      \"Resource\": \"*\"\n    },\n    {\n      \"Sid\": \"\",\n      \"Effect\": \"Allow\",\n      \"Action\": \"ec2:CreateNetworkInterfacePermission\",\n      \"Resource\": \"*\"\n    }\n  ]\n}","override_json":null,"override_policy_documents":null,"policy_id":null,"source_json":null,"source_policy_documents":null,"statement":[{"actions":["logs:CreateLogGroup","logs:CreateLogStream","logs:PutLogEvents"],"condition":[],"effect":"Allow","not_actions":[],"not_principals":[],"not_resources":[],"principals":[],"resources":["arn:aws:logs:ca-central-1:641885301384:log-group:/aws/codebuild/acqa-test-cbmodule1","arn:aws:logs:ca-central-1:641885301384:log-group:/aws/codebuild/acqa-test-cbmodule1:*"],"sid":""},{"actions":["s3:GetObject","s3:GetObjectVersion","s3:PutObject"],"condition":[],"effect":"Allow","not_actions":[],"not_principals":[],"not_resources":[],"principals":[],"resources":["arn:aws:s3:::codepipeline-ca-central-1-*"],"sid":""},{"actions":["ec2:CreateNetworkInterface","ec2:DeleteNetworkInterface","ec2:Describe*"],"condition":[],"effect":"Allow","not_actions":[],"not_principals":[],"not_resources":[],"principals":[],"resources":["*"],"sid":""},{"actions":["ec2:CreateNetworkInterfacePermission"],"condition":[],"effect":"Allow","not_actions":[],"not_principals":[],"not_resources":[],"principals":[],"resources":["*"],"sid":""}],"version":"2012-10-17"},"after_unknown":{}}}],"prior_state":{"format_version":"0.1","terraform_version":"0.13.6","values":{"root_module":{"resources":[{"address":"data.aws_ami.acqa-test-instance1-ami","mode":"data","type":"aws_ami","name":"acqa-test-instance1-ami","provider_name":"registry.terraform.io/hashicorp/aws","schema_version":0,"values":{"architecture":"x86_64","arn":"arn:aws:ec2:ca-central-1::image/ami-0aee2d0182c9054ac","block_device_mappings":[{"device_name":"/dev/sda1","ebs":{"delete_on_termination":"true","encrypted":"false","iops":"0","snapshot_id":"snap-0d89f18a63f6dc9e7","throughput":"0","volume_size":"8","volume_type":"gp2"},"no_device":"","virtual_name":""},{"device_name":"/dev/sdb","ebs":{},"no_device":"","virtual_name":"ephemeral0"},{"device_name":"/dev/sdc","ebs":{},"no_device":"","virtual_name":"ephemeral1"}],"creation_date":"2021-11-30T00:33:24.000Z","description":"Canonical, Ubuntu, 20.04 LTS, amd64 focal image build on 2021-11-29","ena_support":true,"executable_users":null,"filter":[{"name":"name","values":["ubuntu/images/hvm-ssd/ubuntu-focal-20.04-amd64-server-*"]},{"name":"virtualization-type","values":["hvm"]}],"hypervisor":"xen","id":"ami-0aee2d0182c9054ac","image_id":"ami-0aee2d0182c9054ac","image_location":"099720109477/ubuntu/images/hvm-ssd/ubuntu-focal-20.04-amd64-server-20211129","image_owner_alias":null,"image_type":"machine","kernel_id":null,"most_recent":true,"name":"ubuntu/images/hvm-ssd/ubuntu-focal-20.04-amd64-server-20211129","name_regex":null,"owner_id":"099720109477","owners":["099720109477"],"platform":null,"platform_details":"Linux/UNIX","product_codes":[],"public":true,"ramdisk_id":null,"root_device_name":"/dev/sda1","root_device_type":"ebs","root_snapshot_id":"snap-0d89f18a63f6dc9e7","sriov_net_support":"simple","state":"available","state_reason":{"code":"UNSET","message":"UNSET"},"tags":{},"usage_operation":"RunInstances","virtualization_type":"hvm"}},{"address":"data.aws_canonical_user_id.current_user","mode":"data","type":"aws_canonical_user_id","name":"current_user","provider_name":"registry.terraform.io/hashicorp/aws","schema_version":0,"values":{"display_name":"","id":"c95c4facea6981c89948fa05426ece3b7f3d6bf2e02aaeebca36acb3fda02870"}}],"child_modules":[{"resources":[{"address":"module.acqa-test-cbmodule1.data.aws_caller_identity.current","mode":"data","type":"aws_caller_identity","name":"current","provider_name":"registry.terraform.io/hashicorp/aws","schema_version":0,"values":{"account_id":"641885301384","arn":"arn:aws:iam::641885301384:user/readOnlyUser1","id":"641885301384","user_id":"AIDAZK42YNKEOXWH4MM6Q"}},{"address":"module.acqa-test-cbmodule1.data.aws_iam_policy_document.codebuild_assume_role_policy","mode":"data","type":"aws_iam_policy_document","name":"codebuild_assume_role_policy","provider_name":"registry.terraform.io/hashicorp/aws","schema_version":0,"values":{"id":"442947395","json":"{\n  \"Version\": \"2012-10-17\",\n  \"Statement\": [\n    {\n      \"Sid\": \"\",\n      \"Effect\": \"Allow\",\n      \"Action\": \"sts:AssumeRole\",\n      \"Principal\": {\n        \"Service\": \"codebuild.amazonaws.com\"\n      }\n    }\n  ]\n}","override_json":null,"override_policy_documents":null,"policy_id":null,"source_json":null,"source_policy_documents":null,"statement":[{"actions":["sts:AssumeRole"],"condition":[],"effect":"Allow","not_actions":[],"not_principals":[],"not_resources":[],"principals":[{"identifiers":["codebuild.amazonaws.com"],"type":"Service"}],"resources":[],"sid":""}],"version":"2012-10-17"}},{"address":"module.acqa-test-cbmodule1.data.aws_iam_policy_document.codebuild_role_extra_policies","mode":"data","type":"aws_iam_policy_document","name":"codebuild_role_extra_policies","provider_name":"registry.terraform.io/hashicorp/aws","schema_version":0,"values":{"id":"441489903","json":"{\n  \"Version\": \"2012-10-17\",\n  \"Statement\": [\n    {\n      \"Sid\": \"\",\n      \"Effect\": \"Allow\",\n      \"Action\": [\n        \"logs:PutLogEvents\",\n        \"logs:CreateLogStream\",\n        \"logs:CreateLogGroup\"\n      ],\n      \"Resource\": [\n        \"arn:aws:logs:ca-central-1:641885301384:log-group:/aws/codebuild/acqa-test-cbmodule1:*\",\n        \"arn:aws:logs:ca-central-1:641885301384:log-group:/aws/codebuild/acqa-test-cbmodule1\"\n      ]\n    },\n    {\n      \"Sid\": \"\",\n      \"Effect\": \"Allow\",\n      \"Action\": [\n        \"s3:PutObject\",\n        \"s3:GetObjectVersion\",\n        \"s3:GetObject\"\n      ],\n      \"Resource\": \"arn:aws:s3:::codepipeline-ca-central-1-*\"\n    },\n    {\n      \"Sid\": \"\",\n      \"Effect\": \"Allow\",\n      \"Action\": [\n        \"ec2:Describe*\",\n        \"ec2:DeleteNetworkInterface\",\n        \"ec2:CreateNetworkInterface\"\n      ],\n      \"Resource\": \"*\"\n    },\n    {\n      \"Sid\": \"\",\n      \"Effect\": \"Allow\",\n      \"Action\": \"ec2:CreateNetworkInterfacePermission\",\n      \"Resource\": \"*\"\n    }\n  ]\n}","override_json":null,"override_policy_documents":null,"policy_id":null,"source_json":null,"source_policy_documents":null,"statement":[{"actions":["logs:CreateLogGroup","logs:CreateLogStream","logs:PutLogEvents"],"condition":[],"effect":"Allow","not_actions":[],"not_principals":[],"not_resources":[],"principals":[],"resources":["arn:aws:logs:ca-central-1:641885301384:log-group:/aws/codebuild/acqa-test-cbmodule1","arn:aws:logs:ca-central-1:641885301384:log-group:/aws/codebuild/acqa-test-cbmodule1:*"],"sid":""},{"actions":["s3:GetObject","s3:GetObjectVersion","s3:PutObject"],"condition":[],"effect":"Allow","not_actions":[],"not_principals":[],"not_resources":[],"principals":[],"resources":["arn:aws:s3:::codepipeline-ca-central-1-*"],"sid":""},{"actions":["ec2:CreateNetworkInterface","ec2:DeleteNetworkInterface","ec2:Describe*"],"condition":[],"effect":"Allow","not_actions":[],"not_principals":[],"not_resources":[],"principals":[],"resources":["*"],"sid":""},{"actions":["ec2:CreateNetworkInterfacePermission"],"condition":[],"effect":"Allow","not_actions":[],"not_principals":[],"not_resources":[],"principals":[],"resources":["*"],"sid":""}],"version":"2012-10-17"}},{"address":"module.acqa-test-cbmodule1.data.aws_region.current","mode":"data","type":"aws_region","name":"current","provider_name":"registry.terraform.io/hashicorp/aws","schema_version":0,"values":{"description":"Canada (Central)","endpoint":"ec2.ca-central-1.amazonaws.com","id":"ca-central-1","name":"ca-central-1"}}],"address":"module.acqa-test-cbmodule1"}]}}},"configuration":{"provider_config":{"aws":{"name":"aws","expressions":{"region":{"constant_value":"ca-central-1"}}}},"root_module":{"resources":[{"address":"aws_accessanalyzer_analyzer.acqa-test-iamaccessanalyzer1","mode":"managed","type":"aws_accessanalyzer_analyzer","name":"acqa-test-iamaccessanalyzer1","provider_config_key":"aws","expressions":{"analyzer_name":{"constant_value":"acqa-test-iamaccessanalyzer1"},"tags":{"references":["var.acqaPrefix"]},"type":{"constant_value":"ACCOUNT"}},"schema_version":0},{"address":"aws_autoscaling_group.acqa-test-asg1","mode":"managed","type":"aws_autoscaling_group","name":"acqa-test-asg1","provider_config_key":"aws","expressions":{"desired_capacity":{"constant_value":1},"force_delete":{"constant_value":true},"health_check_grace_period":{"constant_value":300},"health_check_type":{"constant_value":"EC2"},"initial_lifecycle_hook":[{"default_result":{"constant_value":"CONTINUE"},"heartbeat_timeout":{"constant_value":2000},"lifecycle_transition":{"constant_value":"autoscaling:EC2_INSTANCE_LAUNCHING"},"name":{"constant_value":"aqa-test-asg1-lifecyclehook1"},"notification_metadata":{"constant_value":"{\n  \"foo\": \"bar\"\n}\n"}}],"launch_configuration":{"references":["aws_launch_configuration.acqa-test-launchconfig1"]},"max_size":{"constant_value":1},"min_size":{"constant_value":1},"name":{"constant_value":"acqa-test-asg1"},"placement_group":{"references":["aws_placement_group.acqa-test-placementgroup1"]},"tag":[{"key":{"constant_value":"Name"},"propagate_at_launch":{"constant_value":false},"value":{"references":["var.acqaPrefix"]}},{"key":{"constant_value":"ACQAResource"},"propagate_at_launch":{"constant_value":false},"value":{"constant_value":"true"}}],"timeouts":{"delete":{"constant_value":"15m"}},"vpc_zone_identifier":{"references":["aws_subnet.acqa-test-albsubnet1","aws_subnet.acqa-test-albsubnet2"]},"wait_for_capacity_timeout":{"constant_value":"0"}},"schema_version":0},{"address":"aws_cloudfront_distribution.acqa-test-cloudfront1","mode":"managed","type":"aws_cloudfront_distribution","name":"acqa-test-cloudfront1","provider_config_key":"aws","expressions":{"comment":{"constant_value":"acqa-test-cloudfront1"},"default_cache_behavior":[{"allowed_methods":{"constant_value":["DELETE","GET","HEAD","OPTIONS","PATCH","POST","PUT"]},"cached_methods":{"constant_value":["GET","HEAD"]},"default_ttl":{"constant_value":3600},"forwarded_values":[{"cookies":[{"forward":{"constant_value":"none"}}],"query_string":{"constant_value":false}}],"max_ttl":{"constant_value":86400},"min_ttl":{"constant_value":0},"target_origin_id":{"references":["aws_cloudfront_origin_access_identity.acqa-test-oai1"]},"viewer_protocol_policy":{"constant_value":"allow-all"}}],"default_root_object":{"constant_value":"index.html"},"enabled":{"constant_value":false},"is_ipv6_enabled":{"constant_value":false},"ordered_cache_behavior":[{"allowed_methods":{"constant_value":["GET","HEAD","OPTIONS"]},"cached_methods":{"constant_value":["GET","HEAD","OPTIONS"]},"compress":{"constant_value":false},"default_ttl":{"constant_value":86400},"forwarded_values":[{"cookies":[{"forward":{"constant_value":"none"}}],"headers":{"constant_value":["Origin"]},"query_string":{"constant_value":false}}],"max_ttl":{"constant_value":31536000},"min_ttl":{"constant_value":0},"path_pattern":{"constant_value":"/content/immutable/*"},"target_origin_id":{"references":["aws_cloudfront_origin_access_identity.acqa-test-oai1"]},"viewer_protocol_policy":{"constant_value":"redirect-to-https"}},{"allowed_methods":{"constant_value":["GET","HEAD","OPTIONS"]},"cached_methods":{"constant_value":["GET","HEAD"]},"compress":{"constant_value":true},"default_ttl":{"constant_value":3600},"forwarded_values":[{"cookies":[{"forward":{"constant_value":"none"}}],"query_string":{"constant_value":false}}],"max_ttl":{"constant_value":86400},"min_ttl":{"constant_value":0},"path_pattern":{"constant_value":"/content/*"},"target_origin_id":{"references":["aws_cloudfront_origin_access_identity.acqa-test-oai1"]},"viewer_protocol_policy":{"constant_value":"redirect-to-https"}}],"origin":[{"domain_name":{"references":["aws_s3_bucket.acqa-test-s3bucket1"]},"origin_id":{"references":["aws_cloudfront_origin_access_identity.acqa-test-oai1"]},"s3_origin_config":[{"origin_access_identity":{"references":["aws_cloudfront_origin_access_identity.acqa-test-oai1"]}}]}],"price_class":{"constant_value":"PriceClass_200"},"restrictions":[{"geo_restriction":[{"locations":{"constant_value":["US","CA","GB","DE"]},"restriction_type":{"constant_value":"whitelist"}}]}],"tags":{"references":["var.acqaPrefix"]},"viewer_certificate":[{"acm_certificate_arn":{"constant_value":"arn:aws:acm:us-east-1:641885301384:certificate/b5b12158-c4cd-4662-bc04-ecfe18a1bdc3"},"cloudfront_default_certificate":{"constant_value":false},"ssl_support_method":{"constant_value":"sni-only"}}]},"schema_version":1},{"address":"aws_cloudfront_origin_access_identity.acqa-test-oai1","mode":"managed","type":"aws_cloudfront_origin_access_identity","name":"acqa-test-oai1","provider_config_key":"aws","expressions":{"comment":{"constant_value":"acqa-test-oai1"}},"schema_version":0},{"address":"aws_cloudwatch_log_group.acqa-test-cwlg1","mode":"managed","type":"aws_cloudwatch_log_group","name":"acqa-test-cwlg1","provider_config_key":"aws","expressions":{"name":{"constant_value":"acqa-test-cwlg1"},"tags":{"references":["var.acqaPrefix"]}},"schema_version":0},{"address":"aws_cloudwatch_log_group.acqa-test-cwlg2","mode":"managed","type":"aws_cloudwatch_log_group","name":"acqa-test-cwlg2","provider_config_key":"aws","expressions":{"name":{"constant_value":"acqa-test-cwlg2"},"tags":{"references":["var.acqaPrefix"]}},"schema_version":0},{"address":"aws_cloudwatch_log_stream.acqa-test-cwstream1","mode":"managed","type":"aws_cloudwatch_log_stream","name":"acqa-test-cwstream1","provider_config_key":"aws","expressions":{"log_group_name":{"references":["aws_cloudwatch_log_group.acqa-test-cwlg1"]},"name":{"constant_value":"acqa-test-cwstream1"}},"schema_version":0},{"address":"aws_codecommit_repository.acqa-test-ccrepo1","mode":"managed","type":"aws_codecommit_repository","name":"acqa-test-ccrepo1","provider_config_key":"aws","expressions":{"description":{"constant_value":"acqa-test-ccrepo1"},"repository_name":{"constant_value":"acqa-test-ccrepo1"},"tags":{"references":["var.acqaPrefix"]}},"schema_version":0},{"address":"aws_dynamodb_table.acqa-test-dynamodbtable1","mode":"managed","type":"aws_dynamodb_table","name":"acqa-test-dynamodbtable1","provider_config_key":"aws","expressions":{"attribute":[{"name":{"constant_value":"TestTableHashKey"},"type":{"constant_value":"S"}}],"billing_mode":{"constant_value":"PAY_PER_REQUEST"},"hash_key":{"constant_value":"TestTableHashKey"},"name":{"constant_value":"acqa-test-dynamodbtable1"},"server_side_encryption":[{"enabled":{"constant_value":false}}],"stream_enabled":{"constant_value":true},"stream_view_type":{"constant_value":"NEW_AND_OLD_IMAGES"},"tags":{"references":["var.acqaPrefix"]}},"schema_version":1},{"address":"aws_ebs_volume.acqa-test-ebsvolume1","mode":"managed","type":"aws_ebs_volume","name":"acqa-test-ebsvolume1","provider_config_key":"aws","expressions":{"availability_zone":{"constant_value":"ca-central-1a"},"encrypted":{"constant_value":false},"size":{"constant_value":25},"tags":{"references":["var.acqaPrefix"]}},"schema_version":0},{"address":"aws_ecr_repository.acqa-test-ecr1","mode":"managed","type":"aws_ecr_repository","name":"acqa-test-ecr1","provider_config_key":"aws","expressions":{"image_scanning_configuration":[{"scan_on_push":{"constant_value":false}}],"image_tag_mutability":{"constant_value":"IMMUTABLE"},"name":{"constant_value":"acqa-test-ecr1"},"tags":{"references":["var.acqaPrefix"]}},"schema_version":0},{"address":"aws_ecs_cluster.acqa-test-ecs1","mode":"managed","type":"aws_ecs_cluster","name":"acqa-test-ecs1","provider_config_key":"aws","expressions":{"name":{"constant_value":"acqa-test-ecs1"},"tags":{"references":["var.acqaPrefix"]}},"schema_version":0},{"address":"aws_eip.acqa-test-eip1","mode":"managed","type":"aws_eip","name":"acqa-test-eip1","provider_config_key":"aws","expressions":{"associate_with_private_ip":{"constant_value":"10.0.0.50"},"network_interface":{"references":["aws_network_interface.acqa-test-networkinterface1"]},"tags":{"references":["var.acqaPrefix"]},"vpc":{"constant_value":true}},"schema_version":0},{"address":"aws_eks_cluster.acqa-test-eksclstr1","mode":"managed","type":"aws_eks_cluster","name":"acqa-test-eksclstr1","provider_config_key":"aws","expressions":{"name":{"constant_value":"acqa-test-eksclstr1"},"role_arn":{"constant_value":"arn:aws:iam::641885301384:role/AccuricsEKSMgmtRole"},"tags":{"constant_value":{"ACQAResource":"true","Name":"acqa-test-eksclstr1"}},"version":{"constant_value":"1.17"},"vpc_config":[{"endpoint_private_access":{"constant_value":"true"},"endpoint_public_access":{"constant_value":"false"},"security_group_ids":{"references":["aws_security_group.acqa-test-securitygroup1"]},"subnet_ids":{"references":["aws_subnet.acqa-test-subnet1","aws_subnet.acqa-test-albsubnet2"]}}]},"schema_version":0},{"address":"aws_elastic_beanstalk_application.acqa-test-elasticbeanstalkapp1","mode":"managed","type":"aws_elastic_beanstalk_application","name":"acqa-test-elasticbeanstalkapp1","provider_config_key":"aws","expressions":{"appversion_lifecycle":[{"delete_source_from_s3":{"constant_value":true},"max_count":{"constant_value":128},"service_role":{"references":["aws_iam_role.acqa-test-iamrole1"]}}],"description":{"constant_value":"acqa-test-elasticbeanstalkapp1"},"name":{"constant_value":"acqa-test-elasticbeanstalkapp1"},"tags":{"constant_value":{"ACQAResource":"true","Owner":"ACQA"}}},"schema_version":0},{"address":"aws_elasticache_cluster.acqa-test-elasticcachecluster1","mode":"managed","type":"aws_elasticache_cluster","name":"acqa-test-elasticcachecluster1","provider_config_key":"aws","expressions":{"cluster_id":{"constant_value":"acqa-test-elasticcachecluster1"},"engine":{"constant_value":"memcached"},"node_type":{"constant_value":"cache.m4.large"},"num_cache_nodes":{"constant_value":1},"parameter_group_name":{"constant_value":"default.memcached1.5"},"port":{"constant_value":11211},"tags":{"references":["var.acqaPrefix"]}},"schema_version":0},{"address":"aws_flow_log.acqa-test-vpc1-flowlog1","mode":"managed","type":"aws_flow_log","name":"acqa-test-vpc1-flowlog1","provider_config_key":"aws","expressions":{"iam_role_arn":{"references":["aws_iam_role.acqa-test-flowlog-role1"]},"log_destination":{"references":["aws_cloudwatch_log_group.acqa-test-cwlg2"]},"tags":{"references":["var.acqaPrefix"]},"traffic_type":{"constant_value":"ALL"},"vpc_id":{"references":["aws_vpc.acqa-test-vpc1"]}},"schema_version":0},{"address":"aws_iam_role.acqa-test-flowlog-role1","mode":"managed","type":"aws_iam_role","name":"acqa-test-flowlog-role1","provider_config_key":"aws","expressions":{"assume_role_policy":{"constant_value":"{\n  \"Version\": \"2012-10-17\",\n  \"Statement\": [\n    {\n      \"Sid\": \"\",\n      \"Effect\": \"Allow\",\n      \"Principal\": {\n        \"Service\": \"vpc-flow-logs.amazonaws.com\"\n      },\n      \"Action\": \"sts:AssumeRole\"\n    }\n  ]\n}\n"},"name":{"constant_value":"acqa-test-flowlog-role1"},"tags":{"references":["var.acqaPrefix"]}},"schema_version":0},{"address":"aws_iam_role.acqa-test-iamrole1","mode":"managed","type":"aws_iam_role","name":"acqa-test-iamrole1","provider_config_key":"aws","expressions":{"assume_role_policy":{"constant_value":"{\n  \"Version\": \"2012-10-17\",\n  \"Statement\": [\n    {\n      \"Action\": \"sts:AssumeRole\",\n      \"Principal\": {\n        \"Service\": \"lambda.amazonaws.com\"\n      },\n      \"Effect\": \"Allow\",\n      \"Sid\": \"\"\n    }\n  ]\n}\n"},"name":{"constant_value":"acqa-test-iamrole1"},"tags":{"references":["var.acqaPrefix"]}},"schema_version":0},{"address":"aws_iam_role_policy.acqa-test-flowlog-rolepolicy1","mode":"managed","type":"aws_iam_role_policy","name":"acqa-test-flowlog-rolepolicy1","provider_config_key":"aws","expressions":{"name":{"constant_value":"acqa-test-flowlog-rolepolicy1"},"policy":{"constant_value":"{\n    \"Statement\": [\n        {\n            \"Action\": [\n                \"logs:CreateLogGroup\",\n                \"logs:CreateLogStream\",\n                \"logs:DescribeLogGroups\",\n                \"logs:DescribeLogStreams\",\n                \"logs:PutLogEvents\"\n            ],\n            \"Effect\": \"Allow\",\n            \"Resource\": \"*\"\n        }\n    ]\n}\n"},"role":{"references":["aws_iam_role.acqa-test-flowlog-role1"]}},"schema_version":0},{"address":"aws_instance.acqa-test-instance1","mode":"managed","type":"aws_instance","name":"acqa-test-instance1","provider_config_key":"aws","expressions":{"ami":{"references":["data.aws_ami.acqa-test-instance1-ami"]},"instance_type":{"constant_value":"t2.micro"},"network_interface":[{"device_index":{"constant_value":0},"network_interface_id":{"references":["aws_network_interface.acqa-test-networkinterface1"]}}],"tags":{"references":["var.acqaPrefix"]}},"schema_version":1},{"address":"aws_internet_gateway.acqa-test-gateway1","mode":"managed","type":"aws_internet_gateway","name":"acqa-test-gateway1","provider_config_key":"aws","expressions":{"tags":{"references":["var.acqaPrefix"]},"vpc_id":{"references":["aws_vpc.acqa-test-vpc1"]}},"schema_version":0},{"address":"aws_kinesis_firehose_delivery_stream.acqa-test-kinesisfirehoseds1","mode":"managed","type":"aws_kinesis_firehose_delivery_stream","name":"acqa-test-kinesisfirehoseds1","provider_config_key":"aws","expressions":{"arn":{"constant_value":"arn:aws:firehose:ca-central-1:641885301384:deliverystream/acqa-test-kinesisfirehoseds1"},"destination":{"constant_value":"extended_s3"},"destination_id":{"constant_value":"destinationId-000000000001"},"extended_s3_configuration":[{"bucket_arn":{"constant_value":"arn:aws:s3:::acqa-test-s3bucket1"},"buffer_interval":{"constant_value":"900"},"buffer_size":{"constant_value":"5"},"cloudwatch_logging_options":[{"enabled":{"constant_value":"true"},"log_group_name":{"constant_value":"/aws/kinesisfirehose/acqa-test-kinesisfirehoseds1"},"log_stream_name":{"constant_value":"S3Delivery"}}],"compression_format":{"constant_value":"UNCOMPRESSED"},"processing_configuration":[{"enabled":{"constant_value":"false"}}],"role_arn":{"constant_value":"arn:aws:iam::641885301384:role/service-role/KinesisFirehoseServiceRole-acqa-test--ca-central-1-1603971996403"},"s3_backup_mode":{"constant_value":"Disabled"}}],"name":{"constant_value":"acqa-test-kinesisfirehoseds1"},"server_side_encryption":[{"enabled":{"constant_value":"false"}}],"tags":{"references":["var.acqaPrefix"]}},"schema_version":1},{"address":"aws_kinesis_stream.acqa-test-kinessisds1","mode":"managed","type":"aws_kinesis_stream","name":"acqa-test-kinessisds1","provider_config_key":"aws","expressions":{"arn":{"constant_value":"arn:aws:kinesis:ca-central-1:641885301384:stream/acqa-test-kinessisds1"},"encryption_type":{"constant_value":"NONE"},"name":{"constant_value":"acqa-test-kinessisds1"},"retention_period":{"constant_value":"24"},"shard_count":{"constant_value":"1"}},"schema_version":1},{"address":"aws_kms_key.acqa-test-kmskey1","mode":"managed","type":"aws_kms_key","name":"acqa-test-kmskey1","provider_config_key":"aws","expressions":{"deletion_window_in_days":{"constant_value":30},"description":{"constant_value":"acqa-test-kmskey1"},"tags":{"references":["var.acqaPrefix"]}},"schema_version":0},{"address":"aws_lambda_function.acqa-test-lambda1","mode":"managed","type":"aws_lambda_function","name":"acqa-test-lambda1","provider_config_key":"aws","expressions":{"environment":[{"variables":{"constant_value":{"foo":"bar"}}}],"filename":{"constant_value":"acqa-test-lambda1.zip"},"function_name":{"constant_value":"acqa-test-lambda1"},"handler":{"constant_value":"exports.test"},"role":{"references":["aws_iam_role.acqa-test-iamrole1"]},"runtime":{"constant_value":"nodejs12.x"},"source_code_hash":{},"tags":{"references":["var.acqaPrefix"]}},"schema_version":0},{"address":"aws_launch_configuration.acqa-test-launchconfig1","mode":"managed","type":"aws_launch_configuration","name":"acqa-test-launchconfig1","provider_config_key":"aws","expressions":{"image_id":{"constant_value":"ami-0ad340a3355388c70"},"instance_type":{"constant_value":"t2.micro"},"name":{"constant_value":"acqa-test-launchconfig1"}},"schema_version":0},{"address":"aws_lb.acqa-test-alb1","mode":"managed","type":"aws_lb","name":"acqa-test-alb1","provider_config_key":"aws","expressions":{"enable_deletion_protection":{"constant_value":false},"internal":{"constant_value":false},"load_balancer_type":{"constant_value":"application"},"name":{"constant_value":"acqa-test-alb1"},"security_groups":{"references":["aws_security_group.acqa-test-securitygroup1"]},"subnets":{"references":["aws_subnet.acqa-test-albsubnet1","aws_subnet.acqa-test-albsubnet2"]},"tags":{"references":["var.acqaPrefix"]}},"schema_version":0},{"address":"aws_network_acl.acqa-test-nacl1","mode":"managed","type":"aws_network_acl","name":"acqa-test-nacl1","provider_config_key":"aws","expressions":{"tags":{"references":["var.acqaPrefix"]},"vpc_id":{"references":["aws_vpc.acqa-test-vpc1"]}},"schema_version":0},{"address":"aws_network_interface.acqa-test-networkinterface1","mode":"managed","type":"aws_network_interface","name":"acqa-test-networkinterface1","provider_config_key":"aws","expressions":{"private_ips":{"constant_value":["10.0.0.50"]},"security_groups":{"references":["aws_security_group.acqa-test-securitygroup1"]},"subnet_id":{"references":["aws_subnet.acqa-test-subnet1"]},"tags":{"references":["var.acqaPrefix"]}},"schema_version":0},{"address":"aws_placement_group.acqa-test-placementgroup1","mode":"managed","type":"aws_placement_group","name":"acqa-test-placementgroup1","provider_config_key":"aws","expressions":{"name":{"constant_value":"acqa-test-placementgroup1"},"strategy":{"constant_value":"partition"},"tags":{"references":["var.acqaPrefix"]}},"schema_version":0},{"address":"aws_route_table.acqa-test-routetable1","mode":"managed","type":"aws_route_table","name":"acqa-test-routetable1","provider_config_key":"aws","expressions":{"tags":{"references":["var.acqaPrefix"]},"vpc_id":{"references":["aws_vpc.acqa-test-vpc1"]}},"schema_version":0},{"address":"aws_s3_bucket.acqa-test-s3bucket1","mode":"managed","type":"aws_s3_bucket","name":"acqa-test-s3bucket1","provider_config_key":"aws","expressions":{"bucket":{"constant_value":"acqa-test-s3bucket1"},"grant":[{"id":{"references":["data.aws_canonical_user_id.current_user"]},"permissions":{"constant_value":["FULL_CONTROL"]},"type":{"constant_value":"CanonicalUser"}},{"permissions":{"constant_value":["READ","WRITE"]},"type":{"constant_value":"Group"},"uri":{"constant_value":"http://acs.amazonaws.com/groups/s3/LogDelivery"}}],"tags":{"references":["var.acqaPrefix"]}},"schema_version":0},{"address":"aws_security_group.acqa-test-securitygroup1","mode":"managed","type":"aws_security_group","name":"acqa-test-securitygroup1","provider_config_key":"aws","expressions":{"description":{"constant_value":"This security group is for API test automation"},"name":{"constant_value":"acqa-test-securitygroup1"},"tags":{"references":["var.acqaPrefix"]},"vpc_id":{"references":["aws_vpc.acqa-test-vpc1"]}},"schema_version":1},{"address":"aws_subnet.acqa-test-albsubnet1","mode":"managed","type":"aws_subnet","name":"acqa-test-albsubnet1","provider_config_key":"aws","expressions":{"cidr_block":{"constant_value":"10.0.44.0/24"},"map_public_ip_on_launch":{"constant_value":true},"tags":{"references":["var.acqaPrefix"]},"vpc_id":{"references":["aws_vpc.acqa-test-vpc1"]}},"schema_version":1},{"address":"aws_subnet.acqa-test-albsubnet2","mode":"managed","type":"aws_subnet","name":"acqa-test-albsubnet2","provider_config_key":"aws","expressions":{"availability_zone":{"constant_value":"ca-central-1d"},"cidr_block":{"constant_value":"10.0.38.0/24"},"map_public_ip_on_launch":{"constant_value":true},"tags":{"references":["var.acqaPrefix"]},"vpc_id":{"references":["aws_vpc.acqa-test-vpc1"]}},"schema_version":1},{"address":"aws_subnet.acqa-test-subnet1","mode":"managed","type":"aws_subnet","name":"acqa-test-subnet1","provider_config_key":"aws","expressions":{"cidr_block":{"constant_value":"10.0.0.0/24"},"map_public_ip_on_launch":{"constant_value":true},"tags":{"references":["var.acqaPrefix"]},"vpc_id":{"references":["aws_vpc.acqa-test-vpc1"]}},"schema_version":1},{"address":"aws_vpc.acqa-test-vpc1","mode":"managed","type":"aws_vpc","name":"acqa-test-vpc1","provider_config_key":"aws","expressions":{"cidr_block":{"constant_value":"10.0.0.0/16"},"tags":{"references":["var.acqaPrefix"]}},"schema_version":1},{"address":"data.aws_ami.acqa-test-instance1-ami","mode":"data","type":"aws_ami","name":"acqa-test-instance1-ami","provider_config_key":"aws","expressions":{"filter":[{"name":{"constant_value":"name"},"values":{"constant_value":["ubuntu/images/hvm-ssd/ubuntu-focal-20.04-amd64-server-*"]}},{"name":{"constant_value":"virtualization-type"},"values":{"constant_value":["hvm"]}}],"most_recent":{"constant_value":true},"owners":{"constant_value":["099720109477"]}},"schema_version":0},{"address":"data.aws_canonical_user_id.current_user","mode":"data","type":"aws_canonical_user_id","name":"current_user","provider_config_key":"aws","schema_version":0}],"module_calls":{"acqa-test-cbmodule1":{"source":"git::https://github.com/lgallard/terraform-aws-codebuild.git?ref=0.3.0","expressions":{"artifacts_location":{"references":["aws_s3_bucket.acqa-test-s3bucket1"]},"artifacts_packaging":{"constant_value":"ZIP"},"artifacts_path":{"constant_value":"/"},"artifacts_type":{"constant_value":"S3"},"cache_location":{"references":["aws_s3_bucket.acqa-test-s3bucket1"]},"cache_type":{"constant_value":"S3"},"codebuild_source_git_clone_depth":{"constant_value":1},"codebuild_source_git_submodules_config_fetch_submodules":{"constant_value":true},"codebuild_source_location":{"constant_value":"https://github.com/lgallard/codebuild-example.git"},"codebuild_source_type":{"constant_value":"GITHUB"},"codebuild_source_version":{"constant_value":"master"},"description":{"constant_value":"Codebuild for deploying acqa-test-module1 app with variables"},"environment_compute_type":{"constant_value":"BUILD_GENERAL1_SMALL"},"environment_image":{"constant_value":"aws/codebuild/standard:2.0"},"environment_privileged_mode":{"constant_value":true},"environment_type":{"constant_value":"LINUX_CONTAINER"},"environment_variables":{"constant_value":[{"name":"REGISTRY_URL","value":"012345678910.dkr.ecr.ca-central-1.amazonaws.com/acqa-test-cbmodule1-ecr"},{"name":"AWS_CANADA","value":"ca-central-1"}]},"name":{"constant_value":"acqa-test-cbmodule1"},"s3_logs_location":{"references":["aws_s3_bucket.acqa-test-s3bucket1"]},"s3_logs_status":{"constant_value":"ENABLED"},"tags":{"references":["var.acqaPrefix"]}},"module":{"outputs":{"arn":{"expression":{"references":["aws_codebuild_project.cb_project"]},"description":"The ARN of the CodeBuild project"},"id":{"expression":{"references":["aws_codebuild_project.cb_project"]},"description":" The name (if imported via name) or ARN (if created via Terraform or imported via ARN) of the CodeBuild project."},"name":{"expression":{"references":["aws_codebuild_project.cb_project"]},"description":"The name of the CodeBuild project"},"service_role_arn":{"expression":{"references":["aws_iam_role.service_role"]},"description":"Amazon Resource Name (ARN) of the Service Role for CodeBuild."},"service_role_id":{"expression":{"references":["aws_iam_role.service_role"]},"description":"ID of the Service Role created for CodeBuild."},"service_role_name":{"expression":{"references":["aws_iam_role.service_role"]},"description":"Name of the Service Role created for CodeBuild."}},"resources":[{"address":"aws_codebuild_project.cb_project","mode":"managed","type":"aws_codebuild_project","name":"cb_project","provider_config_key":"acqa-test-cbmodule1:aws","expressions":{"badge_enabled":{"references":["var.badge_enabled"]},"build_timeout":{"references":["var.build_timeout"]},"description":{"references":["var.description"]},"encryption_key":{"references":["var.encryption_key"]},"name":{"references":["var.name"]},"queued_timeout":{"references":["var.queued_timeout"]},"service_role":{"references":["aws_iam_role.service_role"]},"source_version":{"references":["var.codebuild_source_version"]},"tags":{"references":["var.tags"]}},"schema_version":0},{"address":"aws_iam_role.service_role","mode":"managed","type":"aws_iam_role","name":"service_role","provider_config_key":"acqa-test-cbmodule1:aws","expressions":{"assume_role_policy":{"references":["data.aws_iam_policy_document.codebuild_assume_role_policy"]},"name":{"references":["var.name"]}},"schema_version":0},{"address":"aws_iam_role_policy.codebuild_role_extra_policies","mode":"managed","type":"aws_iam_role_policy","name":"codebuild_role_extra_policies","provider_config_key":"acqa-test-cbmodule1:aws","expressions":{"policy":{"references":["data.aws_iam_policy_document.codebuild_role_extra_policies"]},"role":{"references":["aws_iam_role.service_role"]}},"schema_version":0},{"address":"data.aws_caller_identity.current","mode":"data","type":"aws_caller_identity","name":"current","provider_config_key":"acqa-test-cbmodule1:aws","schema_version":0},{"address":"data.aws_iam_policy_document.codebuild_assume_role_policy","mode":"data","type":"aws_iam_policy_document","name":"codebuild_assume_role_policy","provider_config_key":"acqa-test-cbmodule1:aws","expressions":{"statement":[{"actions":{"constant_value":["sts:AssumeRole"]},"effect":{"constant_value":"Allow"},"principals":[{"identifiers":{"constant_value":["codebuild.amazonaws.com"]},"type":{"constant_value":"Service"}}]}]},"schema_version":0},{"address":"data.aws_iam_policy_document.codebuild_role_extra_policies","mode":"data","type":"aws_iam_policy_document","name":"codebuild_role_extra_policies","provider_config_key":"acqa-test-cbmodule1:aws","expressions":{"statement":[{"actions":{"constant_value":["logs:CreateLogGroup","logs:CreateLogStream","logs:PutLogEvents"]},"effect":{"constant_value":"Allow"},"resources":{"references":["data.aws_region.current","data.aws_caller_identity.current","var.name","data.aws_region.current","data.aws_caller_identity.current","var.name"]}},{"actions":{"constant_value":["s3:GetObject","s3:GetObjectVersion","s3:PutObject"]},"effect":{"constant_value":"Allow"},"resources":{"references":["data.aws_region.current"]}},{"actions":{"constant_value":["ec2:CreateNetworkInterface","ec2:DeleteNetworkInterface","ec2:Describe*"]},"effect":{"constant_value":"Allow"},"resources":{"constant_value":["*"]}},{"actions":{"constant_value":["ec2:CreateNetworkInterfacePermission"]},"effect":{"constant_value":"Allow"},"resources":{"constant_value":["*"]}}]},"schema_version":0},{"address":"data.aws_region.current","mode":"data","type":"aws_region","name":"current","provider_config_key":"acqa-test-cbmodule1:aws","schema_version":0}],"variables":{"artifacts":{"default":{},"description":"Information about the project's build output artifacts."},"artifacts_artifact_identifier":{"default":null,"description":"The artifact identifier. Must be the same specified inside AWS CodeBuild buildspec."},"artifacts_encryption_disabled":{"default":false,"description":"If set to true, output artifacts will not be encrypted. If `type` is set to `NO_ARTIFACTS` then this value will be ignored."},"artifacts_location":{"default":null,"description":"Information about the build output artifact location. If `type` is set to `CODEPIPELINE` or `NO_ARTIFACTS` then this value will be ignored. If `type` is set to `S3`, this is the name of the output bucket."},"artifacts_name":{"default":null,"description":"The name of the project. If `type` is set to `S3`, this is the name of the output artifact object."},"artifacts_namespace_type":{"default":null,"description":"The namespace to use in storing build artifacts. If `type` is set to `S3`, then valid values for this parameter are: `BUILD_ID` or `NONE`."},"artifacts_override_artifact_name":{"default":false,"description":"If set to true, a name specified in the build spec file overrides the artifact name."},"artifacts_packaging":{"default":null,"description":"The type of build output artifact to create. If `type` is set to `S3`, valid values for this parameter are: `NONE` or `ZIP`"},"artifacts_path":{"default":"","description":"If `type` is set to `S3`, this is the path to the output artifact"},"artifacts_type":{"default":"CODEPIPELINE","description":"The build output artifact's type. Valid values for this parameter are: `CODEPIPELINE`, `NO_ARTIFACTS` or `S3`."},"badge_enabled":{"default":false,"description":"Generates a publicly-accessible URL for the projects build badge. Available as badge_url attribute when enabled."},"build_timeout":{"default":60,"description":"How long in minutes, from 5 to 480 (8 hours), for AWS CodeBuild to wait until timing out any related build that does not get marked as completed.The default is 60 minutes."},"cache":{"default":{},"description":"Information about the cache storage for the project."},"cache_location":{"default":null,"description":"The location where the AWS CodeBuild project stores cached resources. For type S3 the value must be a valid S3 bucket name/prefix. (Required when cache `type` is `S3`)"},"cache_modes":{"default":[],"description":"Specifies settings that AWS CodeBuild uses to store and reuse build dependencies. Valid values: `LOCAL_SOURCE_CACHE`, `LOCAL_DOCKER_LAYER_CACHE`, and `LOCAL_CUSTOM_CACHE`. (Required when cache type is `LOCAL`)"},"cache_type":{"default":"NO_CACHE","description":"The type of storage that will be used for the AWS CodeBuild project cache. Valid values: `NO_CACHE`, `LOCAL`, and `S3`."},"cloudwatch_logs":{"default":{},"description":"Configuration for the builds to store log data to CloudWatch."},"cloudwatch_logs_group_name":{"default":null,"description":"The group name of the logs in CloudWatch Logs."},"cloudwatch_logs_status":{"default":"ENABLED","description":"Current status of logs in CloudWatch Logs for a build project. Valid values: `ENABLED`, `DISABLED."},"cloudwatch_logs_stream_name":{"default":null,"description":"The stream name of the logs in CloudWatch Logs."},"codebuild_source":{"default":{},"description":"Information about the project's input source code."},"codebuild_source_auth":{"default":{},"description":"Information about the authorization settings for AWS CodeBuild to access the source code to be built."},"codebuild_source_auth_resource":{"default":null,"description":"The resource value that applies to the specified authorization type."},"codebuild_source_auth_type":{"default":"OAUTH","description":"The authorization type to use. The only valid value is OAUTH"},"codebuild_source_buildspec":{"default":null,"description":"The build spec declaration to use for this build project's related builds. This must be set when type is iNO_SOURCE`"},"codebuild_source_git_clone_depth":{"default":0,"description":"Information about the Git submodules configuration for an AWS CodeBuild build project. Git submodules config blocks are documented below. This option is only valid when the type is `CODECOMMIT`."},"codebuild_source_git_submodules_config":{"default":{},"description":"Information about the Git submodules configuration for an AWS CodeBuild build project. Git submodules config blocks are documented below. This option is only valid when the type is `CODECOMMIT`."},"codebuild_source_git_submodules_config_fetch_submodules":{"default":true,"description":"If set to true, fetches Git submodules for the AWS CodeBuild build project."},"codebuild_source_insecure_ssl":{"default":false,"description":"Ignore SSL warnings when connecting to source control."},"codebuild_source_location":{"default":null,"description":"The location of the source code from git or s3."},"codebuild_source_report_build_status":{"default":false,"description":"Set to true to report the status of a build's start and finish to your source provider. This option is only valid when the type is `BITBUCKET` or `GITHUB`."},"codebuild_source_type":{"default":"CODEPIPELINE","description":"The type of repository that contains the source code to be built. Valid values for this parameter are: `CODECOMMIT`, `CODEPIPELINE`, `GITHUB`, `GITHUB_ENTERPRISE`, `BITBUCKET`, `S3` or `NO_SOURCE`."},"codebuild_source_version":{"default":null,"description":"A version of the build input to be built for this project. If not specified, the latest version is used."},"description":{"default":null,"description":"A short description of the project."},"encryption_key":{"default":null,"description":"The AWS Key Management Service (AWS KMS) customer master key (CMK) to be used for encrypting the build project's build output artifacts."},"environment":{"default":{},"description":"Information about the project's build environment."},"environment_certificate":{"default":null,"description":"The ARN of the S3 bucket, path prefix and object key that contains the PEM-encoded certificate."},"environment_compute_type":{"default":"BUILD_GENERAL1_MEDIUM","description":"Information about the compute resources the build project will use. Available values for this parameter are: `BUILD_GENERAL1_SMALL`, `BUILD_GENERAL1_MEDIUM`, `BUILD_GENERAL1_LARGE` or `BUILD_GENERAL1_2XLARGE`. `BUILD_GENERAL1_SMALL` is only valid if type is set to `LINUX_CONTAINER`. When type is set to `LINUX_GPU_CONTAINER`, compute_type need to be `BUILD_GENERAL1_LARGE`."},"environment_image":{"default":"aws/codebuild/standard:2.0","description":"The Docker image to use for this build project. Valid values include Docker images provided by CodeBuild (e.g `aws/codebuild/standard:2.0`), Docker Hub images (e.g. `hashicorp/terraform:latest`), and full Docker repository URIs such as those for ECR (e.g. `137112412989.dkr.ecr.us-west-2.amazonaws.com/amazonlinux:latest`)"},"environment_image_pull_credentials_type":{"default":"CODEBUILD","description":"The type of credentials AWS CodeBuild uses to pull images in your build. Available values for this parameter are `CODEBUID` or `SERVICE_ROLE`. When you use a cross-account or private registry image, you must use SERVICE_ROLE credentials. When you use an AWS CodeBuild curated image, you must use CODEBUILD credentials."},"environment_privileged_mode":{"default":false,"description":"If set to true, enables running the Docker daemon inside a Docker container."},"environment_registry_credential":{"default":{},"description":"Information about credentials for access to a private Docker registry. Registry Credential config blocks are documented below."},"environment_type":{"default":"LINUX_CONTAINER","description":"The type of build environment to use for related builds. Available values are: `LINUX_CONTAINER`, `LINUX_GPU_CONTAINER`, `WINDOWS_CONTAINER` or `ARM_CONTAINER`."},"environment_variables":{"default":[],"description":"A list of sets of environment variables to make available to builds for this build project."},"name":{"description":"The projects name."},"queued_timeout":{"default":480,"description":"How long in minutes, from 5 to 480 (8 hours), a build is allowed to be queued before it times out.The default is 8 hours."},"s3_logs":{"default":{},"description":"Configuration for the builds to store log data to S3."},"s3_logs_encryption_disabled":{"default":"true","description":"Set to true if you do not want S3 logs encrypted."},"s3_logs_location":{"default":null,"description":"The name of the S3 bucket and the path prefix for S3 logs. Must be set if status is ENABLED, otherwise it must be empty."},"s3_logs_status":{"default":"DISABLED","description":"Current status of logs in S3 for a build project. Valid values: `ENABLED`, `DISABLED."},"tags":{"default":{},"description":"A mapping of tags to assign to the resource."},"vpc_config":{"default":{},"description":"Configuration for the builds to run inside a VPC."},"vpc_config_security_group_ids":{"default":[],"description":"The security group IDs to assign to running builds."},"vpc_config_subnets":{"default":[],"description":"The subnet IDs within which to run builds."},"vpc_config_vpc_id":{"default":null,"description":"The ID of the VPC within which to run builds."}}}}},"variables":{"acqaPrefix":{"default":"acqa-test"}}}}}
